// !$*UTF8*$!
{
	archiveVersion = 1;
	classes = {
	};
	objectVersion = 46;
	objects = {

/* Begin PBXAggregateTarget section */
		AB970B409C3B6EA7B47A489B /* All */ = {
			isa = PBXAggregateTarget;
			buildConfigurationList = 22AE6E9C84110D5E7EA57D2F /* Build configuration list for PBXAggregateTarget "All" */;
			buildPhases = (
			);
			dependencies = (
				6B92F6A9EBFA06DC69798A0D /* PBXTargetDependency */,
				44452968092646EC5C065FF6 /* PBXTargetDependency */,
			);
			name = All;
			productName = All;
		};
/* End PBXAggregateTarget section */

/* Begin PBXBuildFile section */
		038031B6958A6B654F80C437 /* GBViewGen.mm in Sources */ = {isa = PBXBuildFile; fileRef = 72121C2EBF2F093DA3CFF8E8 /* GBViewGen.mm */; };
		07EC1239360F9959396B61C9 /* ui_value_checker_imp.cpp in Sources */ = {isa = PBXBuildFile; fileRef = 59A006BC4C1F75635638FE9C /* ui_value_checker_imp.cpp */; };
		0A6A729AF3AB5FEF6AD0D9C2 /* video_info_imp.cpp in Sources */ = {isa = PBXBuildFile; fileRef = B7CD7C5D7EC257F2E11D78E4 /* video_info_imp.cpp */; };
		0E0065A5618C81F878481869 /* GBViewFactoryGen+Private.mm in Sources */ = {isa = PBXBuildFile; fileRef = C3A0538BD3A137245B24AA20 /* GBViewFactoryGen+Private.mm */; };
		0FEB51451224939F20B6A4E9 /* jsoncpp.cpp in Sources */ = {isa = PBXBuildFile; fileRef = 08D7679ACAFBF06FBD3818C5 /* jsoncpp.cpp */; };
		12A1C0B482471B520B5F67A8 /* video_encoder_imp_ffh264.cpp in Sources */ = {isa = PBXBuildFile; fileRef = ED6AEABDF46F2E3B7405CAD9 /* video_encoder_imp_ffh264.cpp */; };
		1E942FE3BE3D4E29DD037A3E /* GBUiManagerGen+Private.mm in Sources */ = {isa = PBXBuildFile; fileRef = 8130C1AE76C010DFB20AC9C1 /* GBUiManagerGen+Private.mm */; };
		220E1FEAE613107F66016FBD /* GBConfigGen+Private.mm in Sources */ = {isa = PBXBuildFile; fileRef = 38C3778CAA3AD2B952662C90 /* GBConfigGen+Private.mm */; };
		23F5DA886F2BC41B354A8BD5 /* GBTimerGen+Private.mm in Sources */ = {isa = PBXBuildFile; fileRef = ACB4F1DA8BB83FB969E39E3D /* GBTimerGen+Private.mm */; };
		24C05948B47017328E698CBC /* GBLanguageStoreGen+Private.mm in Sources */ = {isa = PBXBuildFile; fileRef = 485861FA85132CF0F338FC5B /* GBLanguageStoreGen+Private.mm */; };
		2BE6DC28425CE73C405401D3 /* GBViewFrame+Private.mm in Sources */ = {isa = PBXBuildFile; fileRef = 9156F47FE7752FF613E222EE /* GBViewFrame+Private.mm */; };
		2C43FC4F185979511D9FAEB2 /* log.cpp in Sources */ = {isa = PBXBuildFile; fileRef = 97B1DA4BF83B7B0A66E64798 /* log.cpp */; };
		315398DF687171495A9A8186 /* task_manager_imp.cpp in Sources */ = {isa = PBXBuildFile; fileRef = 3AC6D79994D8A27526816356 /* task_manager_imp.cpp */; };
		31C3C79F8D1792661F52C095 /* GBBreakpadGen+Private.mm in Sources */ = {isa = PBXBuildFile; fileRef = B447E38C07913FC79A360653 /* GBBreakpadGen+Private.mm */; };
		34FBF569F6E1EC21D95EE7B1 /* objc_utility.m in Sources */ = {isa = PBXBuildFile; fileRef = C95D4AAA5FEF4F352759C63A /* objc_utility.m */; };
		3A4FC023E4C33082DF1A1B22 /* GBInstanceGetterGen+Private.mm in Sources */ = {isa = PBXBuildFile; fileRef = A959ED8DA9EE959321891219 /* GBInstanceGetterGen+Private.mm */; };
		442161401C29CCB5F9025D8B /* instance_getter_imp.cpp in Sources */ = {isa = PBXBuildFile; fileRef = BEA325DAF1DA50E87E5A1BD9 /* instance_getter_imp.cpp */; };
		473E4AF3B9E0D712BA4E03C7 /* timerImp.cpp in Sources */ = {isa = PBXBuildFile; fileRef = FEF153C651B20FD97E229321 /* timerImp.cpp */; };
		507453D3B2443E90B97EEA48 /* GBUiConfGen+Private.mm in Sources */ = {isa = PBXBuildFile; fileRef = DB1715847C12EB1AD175E845 /* GBUiConfGen+Private.mm */; };
		54CF51A84B1B233CA4D7BE41 /* async_loop_imp.cpp in Sources */ = {isa = PBXBuildFile; fileRef = 6BCDFD62591538EE5BA21545 /* async_loop_imp.cpp */; };
		55793B930D23B407C2E67624 /* httprequest.cpp in Sources */ = {isa = PBXBuildFile; fileRef = 888A0B5394C4BF2413F3CD92 /* httprequest.cpp */; };
		56EE914D5C13F3D349C23ED6 /* GBCallbackHttpGen+Private.mm in Sources */ = {isa = PBXBuildFile; fileRef = CDD3237C016B1A44598F0571 /* GBCallbackHttpGen+Private.mm */; };
		5AEF1C82D4154D64A647BBC2 /* GBFileInfoGen+Private.mm in Sources */ = {isa = PBXBuildFile; fileRef = 7EEE8041CB99B25CE816BBD3 /* GBFileInfoGen+Private.mm */; };
		5B61A7AEA9D07C9F675EC57A /* GBTaskExcuserGen+Private.mm in Sources */ = {isa = PBXBuildFile; fileRef = 94C90F0623F866795293346F /* GBTaskExcuserGen+Private.mm */; };
		5DE3D97795526D8741A012B8 /* task_info_imp.cpp in Sources */ = {isa = PBXBuildFile; fileRef = E212A65120E1CB214FAFF591 /* task_info_imp.cpp */; };
		61B952A30825671039A18C62 /* GBCrashHandlerGen+Private.mm in Sources */ = {isa = PBXBuildFile; fileRef = CC131CCE2902F50D5C6F3CD1 /* GBCrashHandlerGen+Private.mm */; };
		6797CBFE87A8C701A2CD0A5A /* video_encoder_imp_ffmp4.cpp in Sources */ = {isa = PBXBuildFile; fileRef = C770C25921676750187ADA9F /* video_encoder_imp_ffmp4.cpp */; };
		6912942BF16BE64DCEF0F651 /* argb_color.cpp in Sources */ = {isa = PBXBuildFile; fileRef = B70A2DA034DAA2A4BEBDCFCF /* argb_color.cpp */; };
		6C06F5DD18136602692E2D1C /* GBAsyncLoopGen+Private.mm in Sources */ = {isa = PBXBuildFile; fileRef = C18B1ED30D25BCD311D69599 /* GBAsyncLoopGen+Private.mm */; };
		71AC1658DBB54BF36F11BD09 /* httprequestImp.cpp in Sources */ = {isa = PBXBuildFile; fileRef = 9D416EBE16171E08513F7B69 /* httprequestImp.cpp */; };
		8B1EDCAAB88B64166D12481C /* GBViewFrame.mm in Sources */ = {isa = PBXBuildFile; fileRef = 4D479B1116BFDD6928D1714D /* GBViewFrame.mm */; };
		8D6AB12B1EECF10173A71B4A /* GBTaskManagerGen+Private.mm in Sources */ = {isa = PBXBuildFile; fileRef = 073150D0D4AE13F5B1A654EA /* GBTaskManagerGen+Private.mm */; };
		8D8D35ED62571F2A068AF18D /* ui_conf_imp.cpp in Sources */ = {isa = PBXBuildFile; fileRef = 6D26FF739A0C8A814736C6F9 /* ui_conf_imp.cpp */; };
		9702095E31C02AC770ADDDF1 /* video_frame_imp.m in Sources */ = {isa = PBXBuildFile; fileRef = 2FBB6079E2515963454F12A7 /* video_frame_imp.m */; };
		9A5B64458CCF59BB961E3D2B /* view_gen.cpp in Sources */ = {isa = PBXBuildFile; fileRef = 3EB40B1D75BD34C1F97D6542 /* view_gen.cpp */; };
		9C5EE4AE0376B45F9E4234EB /* GBCameraControllerGen+Private.mm in Sources */ = {isa = PBXBuildFile; fileRef = 0BFBD7F5B8AAF759D678D6F6 /* GBCameraControllerGen+Private.mm */; };
		9D3910AD66568785E4449EC6 /* GBLogGen+Private.mm in Sources */ = {isa = PBXBuildFile; fileRef = 03CAD4F9B30791B8C17AE977 /* GBLogGen+Private.mm */; };
		9F13D1178644AA2D8D33C634 /* GBVideoEncoderGen+Private.mm in Sources */ = {isa = PBXBuildFile; fileRef = 8B0EC94AE44056FE9A7745F7 /* GBVideoEncoderGen+Private.mm */; };
		A0B8B2B00AAF13CF387F536F /* config_imp.cpp in Sources */ = {isa = PBXBuildFile; fileRef = EC98E9F5A1F23243C7004B9A /* config_imp.cpp */; };
		B3E04AFC878C925D8EC51552 /* language_store_imp.cpp in Sources */ = {isa = PBXBuildFile; fileRef = A6087A7F4D1FED0BFB42BA41 /* language_store_imp.cpp */; };
		BFF36252A02EE959B0FDFBF9 /* view_conf_base.cpp in Sources */ = {isa = PBXBuildFile; fileRef = 50919747B735CE9E68D70ECC /* view_conf_base.cpp */; };
		C0D6DB46CEF62A062618D8FC /* GBPlatformUtilityGen+Private.mm in Sources */ = {isa = PBXBuildFile; fileRef = 95747FC98A22EBEB372BB355 /* GBPlatformUtilityGen+Private.mm */; };
		C22B06D69674E5E9F66C0175 /* log_imp.cpp in Sources */ = {isa = PBXBuildFile; fileRef = 1C649FFDE61C36A54749977E /* log_imp.cpp */; };
		C4DEB03BFFFC873FF151067C /* view_constraint_base.cpp in Sources */ = {isa = PBXBuildFile; fileRef = 43457051484C93CAC890B876 /* view_constraint_base.cpp */; };
		C4F89B6CD304BE085FA96506 /* GBViewConf.mm in Sources */ = {isa = PBXBuildFile; fileRef = 2C0E7EFC8CEEF89721FABE9D /* GBViewConf.mm */; };
		CBE90E61C64CCA6B40CF52B0 /* GBVideoWriterGen+Private.mm in Sources */ = {isa = PBXBuildFile; fileRef = B65DD3A1D88122E3D2876380 /* GBVideoWriterGen+Private.mm */; };
		CC8B59C810B99173244B037D /* log_gen.cpp in Sources */ = {isa = PBXBuildFile; fileRef = 8358D2D8C6DFD50714CC8945 /* log_gen.cpp */; };
		CDCC35B4A130935C7DCBB415 /* GBLogGen.mm in Sources */ = {isa = PBXBuildFile; fileRef = FAD88EFF5A985DD702320798 /* GBLogGen.mm */; };
		CE74BFF6027E38E252C9624A /* GBViewConf+Private.mm in Sources */ = {isa = PBXBuildFile; fileRef = 773B5AECF29FD477F0929E3C /* GBViewConf+Private.mm */; };
		CF25CFC0FB5AB84DFA2031F5 /* GBViewGen+Private.mm in Sources */ = {isa = PBXBuildFile; fileRef = 4115D4E136687D12F2D8CBB1 /* GBViewGen+Private.mm */; };
		D2C683696D7588BD3AE86759 /* video_writer_imp.cpp in Sources */ = {isa = PBXBuildFile; fileRef = 12CEC580F518126277DBEEEA /* video_writer_imp.cpp */; };
		D94AE9D99DB3675C691F99E9 /* GBViewEventHandler+Private.mm in Sources */ = {isa = PBXBuildFile; fileRef = 597F7735E2663310D775A5A9 /* GBViewEventHandler+Private.mm */; };
		D94D88412DDEEA7FA94AA525 /* GBVideoInfoGen+Private.mm in Sources */ = {isa = PBXBuildFile; fileRef = C42411D93A24F7EB94AA9C0F /* GBVideoInfoGen+Private.mm */; };
		DAA999B3719BF54988AC7EAB /* GBArgbColor.mm in Sources */ = {isa = PBXBuildFile; fileRef = B9D0FA675898DDFEA97AE1A5 /* GBArgbColor.mm */; };
		DC0725BE1548BD85CF4BA6DD /* GBViewEventParam+Private.mm in Sources */ = {isa = PBXBuildFile; fileRef = B48A7D6F0A06186054DA04A3 /* GBViewEventParam+Private.mm */; };
		DFDFEC7A7DA076B2E5D24957 /* GBViewConstraint+Private.mm in Sources */ = {isa = PBXBuildFile; fileRef = 7DE9F4FC3CF254F9CE963E96 /* GBViewConstraint+Private.mm */; };
		E64194A8990C611D9CC4DD31 /* GBTaskInfoGen+Private.mm in Sources */ = {isa = PBXBuildFile; fileRef = 31263D69BD764BA8B16A0599 /* GBTaskInfoGen+Private.mm */; };
		E9D71C836E30FD5502AC8465 /* GBViewConstraint.mm in Sources */ = {isa = PBXBuildFile; fileRef = 1A4B0C409D6E7F87FF8E7C2C /* GBViewConstraint.mm */; };
		EA250AA6C092FB411C2618F6 /* GBHttpRequestGen+Private.mm in Sources */ = {isa = PBXBuildFile; fileRef = D02A5B31DAD5BB9A9EA09894 /* GBHttpRequestGen+Private.mm */; };
		EAB4FCE853A5B47BB88CABC5 /* ui_manager_imp.cpp in Sources */ = {isa = PBXBuildFile; fileRef = 402C89B5021F0978D5F29361 /* ui_manager_imp.cpp */; };
		ED67ED78D6667AB0116FD14D /* GBTyperConvertorDummy+Private.mm in Sources */ = {isa = PBXBuildFile; fileRef = CA0215C7F50B097F081FAA34 /* GBTyperConvertorDummy+Private.mm */; };
		EE116E3B1D705BD0F85201A9 /* GBVideoFrameGen+Private.mm in Sources */ = {isa = PBXBuildFile; fileRef = B41E51D20A3702751EAAFD72 /* GBVideoFrameGen+Private.mm */; };
		EFBA3A329F085AEE9B589EC0 /* utils.cpp in Sources */ = {isa = PBXBuildFile; fileRef = 4B5E5B883CC5FDF85C37AB1B /* utils.cpp */; };
		F01C380C7ED9F72F702BB0EC /* zf_log.c in Sources */ = {isa = PBXBuildFile; fileRef = 2B41FBDF86E96AACAD53066A /* zf_log.c */; };
		F3852217E40C793625C5DC21 /* GBUiValueCheckerGen+Private.mm in Sources */ = {isa = PBXBuildFile; fileRef = D1428548D4326A359EC5CED6 /* GBUiValueCheckerGen+Private.mm */; };
		F3D3CB2C908145346B98FFD8 /* GBArgbColor+Private.mm in Sources */ = {isa = PBXBuildFile; fileRef = 42233730DD366CC4A6FDEC81 /* GBArgbColor+Private.mm */; };
		F9E8395C7D2A65A6473F12D5 /* GBViewEventParam.mm in Sources */ = {isa = PBXBuildFile; fileRef = 7A8C14785970BF91C5916B41 /* GBViewEventParam.mm */; };
/* End PBXBuildFile section */

/* Begin PBXContainerItemProxy section */
		2E81902EC664174BE0B4F385 /* PBXContainerItemProxy */ = {
			isa = PBXContainerItemProxy;
			containerPortal = 7F0E3F1C2EA1EF2DE33482E1 /* Project object */;
			proxyType = 1;
			remoteGlobalIDString = 03D9CB78F2638B3F0B13B8BC;
			remoteInfo = gearsbox;
		};
		D6D00A0AB7555FA6F75B7020 /* PBXContainerItemProxy */ = {
			isa = PBXContainerItemProxy;
			containerPortal = 7F0E3F1C2EA1EF2DE33482E1 /* Project object */;
			proxyType = 1;
			remoteGlobalIDString = 7CF4C970578FDE53A793F972;
			remoteInfo = gearsbox_objc;
		};
/* End PBXContainerItemProxy section */

/* Begin PBXFileReference section */
		00B7EAF9C2307BEC2B61776D /* GBViewEventParam.h */ = {isa = PBXFileReference; lastKnownFileType = sourcecode.c.h; path = GBViewEventParam.h; sourceTree = "<group>"; };
		02C35308CB8A7BAF1649C82F /* macro.h */ = {isa = PBXFileReference; lastKnownFileType = sourcecode.c.h; path = macro.h; sourceTree = "<group>"; };
		02D826A22F155333B01425BA /* GBTaskExcuserGen.h */ = {isa = PBXFileReference; lastKnownFileType = sourcecode.c.h; path = GBTaskExcuserGen.h; sourceTree = "<group>"; };
		0307CBE37DEAE42551ACB145 /* GBCameraControllerGen+Private.h */ = {isa = PBXFileReference; lastKnownFileType = sourcecode.c.h; path = "GBCameraControllerGen+Private.h"; sourceTree = "<group>"; };
		03CAD4F9B30791B8C17AE977 /* GBLogGen+Private.mm */ = {isa = PBXFileReference; lastKnownFileType = sourcecode.cpp.objcpp; path = "GBLogGen+Private.mm"; sourceTree = "<group>"; };
		042005233C75261808C8BDC4 /* GBLogGen+Private.h */ = {isa = PBXFileReference; lastKnownFileType = sourcecode.c.h; path = "GBLogGen+Private.h"; sourceTree = "<group>"; };
		04D112F0B0FAC46421478847 /* language_store_gen.hpp */ = {isa = PBXFileReference; lastKnownFileType = text; path = language_store_gen.hpp; sourceTree = "<group>"; };
		0625196A910AE0416988B490 /* GBViewConf+Private.h */ = {isa = PBXFileReference; lastKnownFileType = sourcecode.c.h; path = "GBViewConf+Private.h"; sourceTree = "<group>"; };
		073150D0D4AE13F5B1A654EA /* GBTaskManagerGen+Private.mm */ = {isa = PBXFileReference; lastKnownFileType = sourcecode.cpp.objcpp; path = "GBTaskManagerGen+Private.mm"; sourceTree = "<group>"; };
		0743A7BFEB3081E4CA677543 /* GBVideoEncoderGen+Private.h */ = {isa = PBXFileReference; lastKnownFileType = sourcecode.c.h; path = "GBVideoEncoderGen+Private.h"; sourceTree = "<group>"; };
		08709325ADD046FB444B31A1 /* video_encoder_gen.hpp */ = {isa = PBXFileReference; lastKnownFileType = text; path = video_encoder_gen.hpp; sourceTree = "<group>"; };
		088842141A1DAD73F5009812 /* GBBreakpadGen+Private.h */ = {isa = PBXFileReference; lastKnownFileType = sourcecode.c.h; path = "GBBreakpadGen+Private.h"; sourceTree = "<group>"; };
		08D7679ACAFBF06FBD3818C5 /* jsoncpp.cpp */ = {isa = PBXFileReference; lastKnownFileType = sourcecode.cpp.cpp; path = jsoncpp.cpp; sourceTree = "<group>"; };
		092998B91B6B1929F7406DF2 /* video_frame_imp.h */ = {isa = PBXFileReference; lastKnownFileType = sourcecode.c.h; path = video_frame_imp.h; sourceTree = "<group>"; };
		0AAF88A86FE9B5F6B5970F42 /* view_frame.hpp */ = {isa = PBXFileReference; lastKnownFileType = text; path = view_frame.hpp; sourceTree = "<group>"; };
		0BD7B96DD5F63C6EBE961432 /* GBCallbackHttpGen+Private.h */ = {isa = PBXFileReference; lastKnownFileType = sourcecode.c.h; path = "GBCallbackHttpGen+Private.h"; sourceTree = "<group>"; };
		0BFBD7F5B8AAF759D678D6F6 /* GBCameraControllerGen+Private.mm */ = {isa = PBXFileReference; lastKnownFileType = sourcecode.cpp.objcpp; path = "GBCameraControllerGen+Private.mm"; sourceTree = "<group>"; };
		0D7A1055BE53C77480908FC5 /* view_constraint.hpp */ = {isa = PBXFileReference; lastKnownFileType = text; path = view_constraint.hpp; sourceTree = "<group>"; };
		1045E3B2A1344AD982BC13D1 /* GBTyperConvertorDummy.h */ = {isa = PBXFileReference; lastKnownFileType = sourcecode.c.h; path = GBTyperConvertorDummy.h; sourceTree = "<group>"; };
		12CEC580F518126277DBEEEA /* video_writer_imp.cpp */ = {isa = PBXFileReference; lastKnownFileType = sourcecode.cpp.cpp; path = video_writer_imp.cpp; sourceTree = "<group>"; };
		134A721B7E989B5F590C56DA /* GBCallbackHttpGen.h */ = {isa = PBXFileReference; lastKnownFileType = sourcecode.c.h; path = GBCallbackHttpGen.h; sourceTree = "<group>"; };
		149FF32ADE0B23FD0BF94DCD /* GBVideoInfoGen.h */ = {isa = PBXFileReference; lastKnownFileType = sourcecode.c.h; path = GBVideoInfoGen.h; sourceTree = "<group>"; };
		1914ECB2A36B15CDF2D34837 /* GBVideoFrameGen.h */ = {isa = PBXFileReference; lastKnownFileType = sourcecode.c.h; path = GBVideoFrameGen.h; sourceTree = "<group>"; };
		19B370ED43C38131B635AD67 /* libgearsbox.a */ = {isa = PBXFileReference; explicitFileType = archive.ar; includeInIndex = 0; path = libgearsbox.a; sourceTree = BUILT_PRODUCTS_DIR; };
		1A0FE0BF5DE356177ACDD5E3 /* zf_log.h */ = {isa = PBXFileReference; lastKnownFileType = sourcecode.c.h; path = zf_log.h; sourceTree = "<group>"; };
		1A4B0C409D6E7F87FF8E7C2C /* GBViewConstraint.mm */ = {isa = PBXFileReference; lastKnownFileType = sourcecode.cpp.objcpp; path = GBViewConstraint.mm; sourceTree = "<group>"; };
		1C649FFDE61C36A54749977E /* log_imp.cpp */ = {isa = PBXFileReference; lastKnownFileType = sourcecode.cpp.cpp; path = log_imp.cpp; sourceTree = "<group>"; };
		22A4A411177D5C8E09368FEF /* text_keyboard.hpp */ = {isa = PBXFileReference; lastKnownFileType = text; path = text_keyboard.hpp; sourceTree = "<group>"; };
		23153213A6950669F81CC8CC /* GBVideoFrameGen+Private.h */ = {isa = PBXFileReference; lastKnownFileType = sourcecode.c.h; path = "GBVideoFrameGen+Private.h"; sourceTree = "<group>"; };
		279F83B83877559208F83E47 /* objc_utility.h */ = {isa = PBXFileReference; lastKnownFileType = sourcecode.c.h; path = objc_utility.h; sourceTree = "<group>"; };
		291811FA5EAA7BC62E17D64F /* timerImp.hpp */ = {isa = PBXFileReference; lastKnownFileType = text; path = timerImp.hpp; sourceTree = "<group>"; };
		2B41FBDF86E96AACAD53066A /* zf_log.c */ = {isa = PBXFileReference; lastKnownFileType = sourcecode.c.c; path = zf_log.c; sourceTree = "<group>"; };
		2C0E7EFC8CEEF89721FABE9D /* GBViewConf.mm */ = {isa = PBXFileReference; lastKnownFileType = sourcecode.cpp.objcpp; path = GBViewConf.mm; sourceTree = "<group>"; };
		2D8FFAFC177341A6B12DC8BC /* GBUiManagerGen.h */ = {isa = PBXFileReference; lastKnownFileType = sourcecode.c.h; path = GBUiManagerGen.h; sourceTree = "<group>"; };
		2EB5CB272966F9D5CD2A28FA /* log_gen.hpp */ = {isa = PBXFileReference; lastKnownFileType = text; path = log_gen.hpp; sourceTree = "<group>"; };
		2FBB6079E2515963454F12A7 /* video_frame_imp.m */ = {isa = PBXFileReference; lastKnownFileType = sourcecode.c.objc; path = video_frame_imp.m; sourceTree = "<group>"; };
		3054411EAA397C561D659C55 /* argb_color.hpp */ = {isa = PBXFileReference; lastKnownFileType = text; path = argb_color.hpp; sourceTree = "<group>"; };
		31263D69BD764BA8B16A0599 /* GBTaskInfoGen+Private.mm */ = {isa = PBXFileReference; lastKnownFileType = sourcecode.cpp.objcpp; path = "GBTaskInfoGen+Private.mm"; sourceTree = "<group>"; };
		31DB65B21EFB740AA1EE80D2 /* GBTextBoarder.h */ = {isa = PBXFileReference; lastKnownFileType = sourcecode.c.h; path = GBTextBoarder.h; sourceTree = "<group>"; };
		355EEED862602394BEA3599E /* GBViewConstraint.h */ = {isa = PBXFileReference; lastKnownFileType = sourcecode.c.h; path = GBViewConstraint.h; sourceTree = "<group>"; };
		365A9BD73947E27E83FE3DB1 /* GBTimerGen+Private.h */ = {isa = PBXFileReference; lastKnownFileType = sourcecode.c.h; path = "GBTimerGen+Private.h"; sourceTree = "<group>"; };
		37CC2A72FABA4BE08E2122BD /* GBCrashHandlerGen.h */ = {isa = PBXFileReference; lastKnownFileType = sourcecode.c.h; path = GBCrashHandlerGen.h; sourceTree = "<group>"; };
		38C3778CAA3AD2B952662C90 /* GBConfigGen+Private.mm */ = {isa = PBXFileReference; lastKnownFileType = sourcecode.cpp.objcpp; path = "GBConfigGen+Private.mm"; sourceTree = "<group>"; };
		3AC6B2991D0A2415566128DF /* GBAsyncLoopGen+Private.h */ = {isa = PBXFileReference; lastKnownFileType = sourcecode.c.h; path = "GBAsyncLoopGen+Private.h"; sourceTree = "<group>"; };
		3AC6D79994D8A27526816356 /* task_manager_imp.cpp */ = {isa = PBXFileReference; lastKnownFileType = sourcecode.cpp.cpp; path = task_manager_imp.cpp; sourceTree = "<group>"; };
		3DF6A1F061358C9EA0779BE0 /* GBUiValueCheckerGen+Private.h */ = {isa = PBXFileReference; lastKnownFileType = sourcecode.c.h; path = "GBUiValueCheckerGen+Private.h"; sourceTree = "<group>"; };
		3E34DC68E19302780C7DD1CE /* video_encoder_imp_ffh264.hpp */ = {isa = PBXFileReference; lastKnownFileType = text; path = video_encoder_imp_ffh264.hpp; sourceTree = "<group>"; };
		3E8168BA05490FD66576FED7 /* GBLanguageStoreGen.h */ = {isa = PBXFileReference; lastKnownFileType = sourcecode.c.h; path = GBLanguageStoreGen.h; sourceTree = "<group>"; };
		3EB40B1D75BD34C1F97D6542 /* view_gen.cpp */ = {isa = PBXFileReference; lastKnownFileType = sourcecode.cpp.cpp; path = view_gen.cpp; sourceTree = "<group>"; };
		3ED23FE675D9FB4B564A9A33 /* GBVideoInfoGen+Private.h */ = {isa = PBXFileReference; lastKnownFileType = sourcecode.c.h; path = "GBVideoInfoGen+Private.h"; sourceTree = "<group>"; };
		3F0E5155F8657F811A8C66FA /* ui_value_checker_imp.hpp */ = {isa = PBXFileReference; lastKnownFileType = text; path = ui_value_checker_imp.hpp; sourceTree = "<group>"; };
		402C89B5021F0978D5F29361 /* ui_manager_imp.cpp */ = {isa = PBXFileReference; lastKnownFileType = sourcecode.cpp.cpp; path = ui_manager_imp.cpp; sourceTree = "<group>"; };
		4115D4E136687D12F2D8CBB1 /* GBViewGen+Private.mm */ = {isa = PBXFileReference; lastKnownFileType = sourcecode.cpp.objcpp; path = "GBViewGen+Private.mm"; sourceTree = "<group>"; };
		4164321CBAAF74E71E646D94 /* GBTimerGen.h */ = {isa = PBXFileReference; lastKnownFileType = sourcecode.c.h; path = GBTimerGen.h; sourceTree = "<group>"; };
		41EF9C987AD7DC3993B4CD58 /* GBUiConfGen.h */ = {isa = PBXFileReference; lastKnownFileType = sourcecode.c.h; path = GBUiConfGen.h; sourceTree = "<group>"; };
		42233730DD366CC4A6FDEC81 /* GBArgbColor+Private.mm */ = {isa = PBXFileReference; lastKnownFileType = sourcecode.cpp.objcpp; path = "GBArgbColor+Private.mm"; sourceTree = "<group>"; };
		429DF720C1AA24ECBFE5EED0 /* GBTaskInfoGen.h */ = {isa = PBXFileReference; lastKnownFileType = sourcecode.c.h; path = GBTaskInfoGen.h; sourceTree = "<group>"; };
		43457051484C93CAC890B876 /* view_constraint_base.cpp */ = {isa = PBXFileReference; lastKnownFileType = sourcecode.cpp.cpp; path = view_constraint_base.cpp; sourceTree = "<group>"; };
		44F11E585EC978365F4437F4 /* video_writer_gen.hpp */ = {isa = PBXFileReference; lastKnownFileType = text; path = video_writer_gen.hpp; sourceTree = "<group>"; };
		45C670697C1A8E9AABE20A4B /* GBViewFrame.h */ = {isa = PBXFileReference; lastKnownFileType = sourcecode.c.h; path = GBViewFrame.h; sourceTree = "<group>"; };
		45DD4DE04106DB9D6B96E9D6 /* libgearsbox_objc.a */ = {isa = PBXFileReference; explicitFileType = archive.ar; includeInIndex = 0; path = libgearsbox_objc.a; sourceTree = BUILT_PRODUCTS_DIR; };
		462EB1FF19F7B39BD4300FF2 /* GBViewEventHandler+Private.h */ = {isa = PBXFileReference; lastKnownFileType = sourcecode.c.h; path = "GBViewEventHandler+Private.h"; sourceTree = "<group>"; };
		46472257DCF6EE4B1DC8D30A /* GBBreakpadGen.h */ = {isa = PBXFileReference; lastKnownFileType = sourcecode.c.h; path = GBBreakpadGen.h; sourceTree = "<group>"; };
		485861FA85132CF0F338FC5B /* GBLanguageStoreGen+Private.mm */ = {isa = PBXFileReference; lastKnownFileType = sourcecode.cpp.objcpp; path = "GBLanguageStoreGen+Private.mm"; sourceTree = "<group>"; };
		4AB0C2927979DDECB4CA6B48 /* video_frame_gen.hpp */ = {isa = PBXFileReference; lastKnownFileType = text; path = video_frame_gen.hpp; sourceTree = "<group>"; };
		4B5E5B883CC5FDF85C37AB1B /* utils.cpp */ = {isa = PBXFileReference; lastKnownFileType = sourcecode.cpp.cpp; path = utils.cpp; sourceTree = "<group>"; };
		4C40E2DC55B86FB82EDFF873 /* GBViewEvent.h */ = {isa = PBXFileReference; lastKnownFileType = sourcecode.c.h; path = GBViewEvent.h; sourceTree = "<group>"; };
		4CBCD10B6758CFE943079F32 /* GBPlatformUtilityGen+Private.h */ = {isa = PBXFileReference; lastKnownFileType = sourcecode.c.h; path = "GBPlatformUtilityGen+Private.h"; sourceTree = "<group>"; };
		4D479B1116BFDD6928D1714D /* GBViewFrame.mm */ = {isa = PBXFileReference; lastKnownFileType = sourcecode.cpp.objcpp; path = GBViewFrame.mm; sourceTree = "<group>"; };
		4D7FE6C68D25AC277FD7E61F /* GBViewType.h */ = {isa = PBXFileReference; lastKnownFileType = sourcecode.c.h; path = GBViewType.h; sourceTree = "<group>"; };
		4F2ABF1EFC75522455BADF6F /* GBCameraFlash.h */ = {isa = PBXFileReference; lastKnownFileType = sourcecode.c.h; path = GBCameraFlash.h; sourceTree = "<group>"; };
		50919747B735CE9E68D70ECC /* view_conf_base.cpp */ = {isa = PBXFileReference; lastKnownFileType = sourcecode.cpp.cpp; path = view_conf_base.cpp; sourceTree = "<group>"; };
		5098DF9CF83D94877ED21458 /* GBLanguageStoreGen+Private.h */ = {isa = PBXFileReference; lastKnownFileType = sourcecode.c.h; path = "GBLanguageStoreGen+Private.h"; sourceTree = "<group>"; };
		5195580072506F480F53FDC2 /* GBUiValueCheckerGen.h */ = {isa = PBXFileReference; lastKnownFileType = sourcecode.c.h; path = GBUiValueCheckerGen.h; sourceTree = "<group>"; };
		5270A617C1E64C83C1920060 /* GBFileInfoGen+Private.h */ = {isa = PBXFileReference; lastKnownFileType = sourcecode.c.h; path = "GBFileInfoGen+Private.h"; sourceTree = "<group>"; };
		547745FBECBE492CCEB0A5FA /* instance_getter_gen.hpp */ = {isa = PBXFileReference; lastKnownFileType = text; path = instance_getter_gen.hpp; sourceTree = "<group>"; };
		5639DE57F8BB0EBAE79C0CCE /* config_imp.hpp */ = {isa = PBXFileReference; lastKnownFileType = text; path = config_imp.hpp; sourceTree = "<group>"; };
		5755C14DCAE9EA48EF1DD60F /* httprequestImp.hpp */ = {isa = PBXFileReference; lastKnownFileType = text; path = httprequestImp.hpp; sourceTree = "<group>"; };
		5869945EF93BA5E0ECB8F776 /* GBTaskInfoGen+Private.h */ = {isa = PBXFileReference; lastKnownFileType = sourcecode.c.h; path = "GBTaskInfoGen+Private.h"; sourceTree = "<group>"; };
		5884C9477844692E1B9AA306 /* GBArgbColor+Private.h */ = {isa = PBXFileReference; lastKnownFileType = sourcecode.c.h; path = "GBArgbColor+Private.h"; sourceTree = "<group>"; };
		597F7735E2663310D775A5A9 /* GBViewEventHandler+Private.mm */ = {isa = PBXFileReference; lastKnownFileType = sourcecode.cpp.objcpp; path = "GBViewEventHandler+Private.mm"; sourceTree = "<group>"; };
		59A006BC4C1F75635638FE9C /* ui_value_checker_imp.cpp */ = {isa = PBXFileReference; lastKnownFileType = sourcecode.cpp.cpp; path = ui_value_checker_imp.cpp; sourceTree = "<group>"; };
		5C45E40F8D08B382228A8B7E /* utils.hpp */ = {isa = PBXFileReference; lastKnownFileType = text; path = utils.hpp; sourceTree = "<group>"; };
		5D9ED18F374D99CB84A49B2A /* GBHttpRequestGen.h */ = {isa = PBXFileReference; lastKnownFileType = sourcecode.c.h; path = GBHttpRequestGen.h; sourceTree = "<group>"; };
		5E162E049834F9B2EC1D32C4 /* view_conf.hpp */ = {isa = PBXFileReference; lastKnownFileType = text; path = view_conf.hpp; sourceTree = "<group>"; };
		5FEE493FA948A2AD84FEAAC1 /* ilog.h */ = {isa = PBXFileReference; lastKnownFileType = sourcecode.c.h; path = ilog.h; sourceTree = "<group>"; };
		60191BADD823D0946885E277 /* GBViewGen.h */ = {isa = PBXFileReference; lastKnownFileType = sourcecode.c.h; path = GBViewGen.h; sourceTree = "<group>"; };
		62F89CC18BC190F5454D6F8A /* GBAsyncLoopGen.h */ = {isa = PBXFileReference; lastKnownFileType = sourcecode.c.h; path = GBAsyncLoopGen.h; sourceTree = "<group>"; };
		65690E3B18F136C565C396B9 /* typer_convertor_dummy.hpp */ = {isa = PBXFileReference; lastKnownFileType = text; path = typer_convertor_dummy.hpp; sourceTree = "<group>"; };
		690AC3F37B3537D4B5748C9C /* ui_conf_imp.hpp */ = {isa = PBXFileReference; lastKnownFileType = text; path = ui_conf_imp.hpp; sourceTree = "<group>"; };
		6BCDFD62591538EE5BA21545 /* async_loop_imp.cpp */ = {isa = PBXFileReference; lastKnownFileType = sourcecode.cpp.cpp; path = async_loop_imp.cpp; sourceTree = "<group>"; };
		6CA6887B7AFFBCAC45DA4890 /* file_info_gen.hpp */ = {isa = PBXFileReference; lastKnownFileType = text; path = file_info_gen.hpp; sourceTree = "<group>"; };
		6D26FF739A0C8A814736C6F9 /* ui_conf_imp.cpp */ = {isa = PBXFileReference; lastKnownFileType = sourcecode.cpp.cpp; path = ui_conf_imp.cpp; sourceTree = "<group>"; };
		6F01EDE4F4D197230012D314 /* GBFileInfoGen.h */ = {isa = PBXFileReference; lastKnownFileType = sourcecode.c.h; path = GBFileInfoGen.h; sourceTree = "<group>"; };
		7058B3BB6D44623E338621F0 /* config_gen.hpp */ = {isa = PBXFileReference; lastKnownFileType = text; path = config_gen.hpp; sourceTree = "<group>"; };
		72121C2EBF2F093DA3CFF8E8 /* GBViewGen.mm */ = {isa = PBXFileReference; lastKnownFileType = sourcecode.cpp.objcpp; path = GBViewGen.mm; sourceTree = "<group>"; };
		773B5AECF29FD477F0929E3C /* GBViewConf+Private.mm */ = {isa = PBXFileReference; lastKnownFileType = sourcecode.cpp.objcpp; path = "GBViewConf+Private.mm"; sourceTree = "<group>"; };
		7854A952322E8330367F6442 /* breakpad_gen.hpp */ = {isa = PBXFileReference; lastKnownFileType = text; path = breakpad_gen.hpp; sourceTree = "<group>"; };
		7A8C14785970BF91C5916B41 /* GBViewEventParam.mm */ = {isa = PBXFileReference; lastKnownFileType = sourcecode.cpp.objcpp; path = GBViewEventParam.mm; sourceTree = "<group>"; };
		7B5A0FEDE691E299B65A0CFA /* gearsbox.gyp */ = {isa = PBXFileReference; explicitFileType = sourcecode; path = gearsbox.gyp; sourceTree = "<group>"; };
		7CF5DC1E15696D694676BE24 /* http_request_gen.hpp */ = {isa = PBXFileReference; lastKnownFileType = text; path = http_request_gen.hpp; sourceTree = "<group>"; };
		7DE9F4FC3CF254F9CE963E96 /* GBViewConstraint+Private.mm */ = {isa = PBXFileReference; lastKnownFileType = sourcecode.cpp.objcpp; path = "GBViewConstraint+Private.mm"; sourceTree = "<group>"; };
		7E031E6EE4C769DA5DA48A65 /* platform_utility_gen.hpp */ = {isa = PBXFileReference; lastKnownFileType = text; path = platform_utility_gen.hpp; sourceTree = "<group>"; };
		7EEE8041CB99B25CE816BBD3 /* GBFileInfoGen+Private.mm */ = {isa = PBXFileReference; lastKnownFileType = sourcecode.cpp.objcpp; path = "GBFileInfoGen+Private.mm"; sourceTree = "<group>"; };
		7F6C3E8B34656C529247DC62 /* GBTextKeyboard.h */ = {isa = PBXFileReference; lastKnownFileType = sourcecode.c.h; path = GBTextKeyboard.h; sourceTree = "<group>"; };
		7FA730413ECDA27C5CE20F9D /* text_boarder.hpp */ = {isa = PBXFileReference; lastKnownFileType = text; path = text_boarder.hpp; sourceTree = "<group>"; };
		800B5DA0D0349F705040AC12 /* GBVideoWriterGen.h */ = {isa = PBXFileReference; lastKnownFileType = sourcecode.c.h; path = GBVideoWriterGen.h; sourceTree = "<group>"; };
		80AF19192AEEC3DF638461C6 /* GBInstanceGetterGen+Private.h */ = {isa = PBXFileReference; lastKnownFileType = sourcecode.c.h; path = "GBInstanceGetterGen+Private.h"; sourceTree = "<group>"; };
		8130C1AE76C010DFB20AC9C1 /* GBUiManagerGen+Private.mm */ = {isa = PBXFileReference; lastKnownFileType = sourcecode.cpp.objcpp; path = "GBUiManagerGen+Private.mm"; sourceTree = "<group>"; };
		8179365809FCC1600F02AF3E /* async_loop_gen.hpp */ = {isa = PBXFileReference; lastKnownFileType = text; path = async_loop_gen.hpp; sourceTree = "<group>"; };
		8358D2D8C6DFD50714CC8945 /* log_gen.cpp */ = {isa = PBXFileReference; lastKnownFileType = sourcecode.cpp.cpp; path = log_gen.cpp; sourceTree = "<group>"; };
		8777057AEE9B74531F98BB0A /* GBViewGen+Private.h */ = {isa = PBXFileReference; lastKnownFileType = sourcecode.c.h; path = "GBViewGen+Private.h"; sourceTree = "<group>"; };
		888A0B5394C4BF2413F3CD92 /* httprequest.cpp */ = {isa = PBXFileReference; lastKnownFileType = sourcecode.cpp.cpp; path = httprequest.cpp; sourceTree = "<group>"; };
		8A11F3053487E58D799883E1 /* GBPlatformUtilityGen.h */ = {isa = PBXFileReference; lastKnownFileType = sourcecode.c.h; path = GBPlatformUtilityGen.h; sourceTree = "<group>"; };
		8AD5DC2CF3A5B48E5314943A /* GBConfigGen+Private.h */ = {isa = PBXFileReference; lastKnownFileType = sourcecode.c.h; path = "GBConfigGen+Private.h"; sourceTree = "<group>"; };
		8B0EC94AE44056FE9A7745F7 /* GBVideoEncoderGen+Private.mm */ = {isa = PBXFileReference; lastKnownFileType = sourcecode.cpp.objcpp; path = "GBVideoEncoderGen+Private.mm"; sourceTree = "<group>"; };
		8F9A7D45C58DB2295C1595BB /* httprequest.hpp */ = {isa = PBXFileReference; lastKnownFileType = text; path = httprequest.hpp; sourceTree = "<group>"; };
		9156F47FE7752FF613E222EE /* GBViewFrame+Private.mm */ = {isa = PBXFileReference; lastKnownFileType = sourcecode.cpp.objcpp; path = "GBViewFrame+Private.mm"; sourceTree = "<group>"; };
		925782FD1D65721BCA3DEE57 /* task_info_gen.hpp */ = {isa = PBXFileReference; lastKnownFileType = text; path = task_info_gen.hpp; sourceTree = "<group>"; };
		9372725DC2D054EB81AF80BB /* GBCameraControllerGen.h */ = {isa = PBXFileReference; lastKnownFileType = sourcecode.c.h; path = GBCameraControllerGen.h; sourceTree = "<group>"; };
		9379DE0A63E0580A3F19342A /* GBTaskManagerGen+Private.h */ = {isa = PBXFileReference; lastKnownFileType = sourcecode.c.h; path = "GBTaskManagerGen+Private.h"; sourceTree = "<group>"; };
		9390D27B37A0F536880FC25C /* view_conf_base.hpp */ = {isa = PBXFileReference; lastKnownFileType = text; path = view_conf_base.hpp; sourceTree = "<group>"; };
		94C90F0623F866795293346F /* GBTaskExcuserGen+Private.mm */ = {isa = PBXFileReference; lastKnownFileType = sourcecode.cpp.objcpp; path = "GBTaskExcuserGen+Private.mm"; sourceTree = "<group>"; };
		95747FC98A22EBEB372BB355 /* GBPlatformUtilityGen+Private.mm */ = {isa = PBXFileReference; lastKnownFileType = sourcecode.cpp.objcpp; path = "GBPlatformUtilityGen+Private.mm"; sourceTree = "<group>"; };
		972E7ED18167A4D50460456B /* async_loop_imp.hpp */ = {isa = PBXFileReference; lastKnownFileType = text; path = async_loop_imp.hpp; sourceTree = "<group>"; };
		973041F28815E461B704FE29 /* common.gypi */ = {isa = PBXFileReference; explicitFileType = sourcecode; name = common.gypi; path = deps/djinni/common.gypi; sourceTree = "<group>"; };
		97B1DA4BF83B7B0A66E64798 /* log.cpp */ = {isa = PBXFileReference; lastKnownFileType = sourcecode.cpp.cpp; path = log.cpp; sourceTree = "<group>"; };
		9B38FA36772D0F3DCF01DBC2 /* json.h */ = {isa = PBXFileReference; lastKnownFileType = sourcecode.c.h; path = json.h; sourceTree = "<group>"; };
		9D416EBE16171E08513F7B69 /* httprequestImp.cpp */ = {isa = PBXFileReference; lastKnownFileType = sourcecode.cpp.cpp; path = httprequestImp.cpp; sourceTree = "<group>"; };
		9F90917EEF774D1C56D31AD9 /* GBConstraintType.h */ = {isa = PBXFileReference; lastKnownFileType = sourcecode.c.h; path = GBConstraintType.h; sourceTree = "<group>"; };
		A33E1888CF7CC53CFC30AFDA /* GBHttpRequestGen+Private.h */ = {isa = PBXFileReference; lastKnownFileType = sourcecode.c.h; path = "GBHttpRequestGen+Private.h"; sourceTree = "<group>"; };
		A494A78643B996461D520D39 /* task_manager_gen.hpp */ = {isa = PBXFileReference; lastKnownFileType = text; path = task_manager_gen.hpp; sourceTree = "<group>"; };
		A59C05C39AD0706832A880F2 /* json-forwards.h */ = {isa = PBXFileReference; lastKnownFileType = sourcecode.c.h; path = "json-forwards.h"; sourceTree = "<group>"; };
		A5E9F48D03B87D7B49837D10 /* GBCrashHandlerGen+Private.h */ = {isa = PBXFileReference; lastKnownFileType = sourcecode.c.h; path = "GBCrashHandlerGen+Private.h"; sourceTree = "<group>"; };
		A6087A7F4D1FED0BFB42BA41 /* language_store_imp.cpp */ = {isa = PBXFileReference; lastKnownFileType = sourcecode.cpp.cpp; path = language_store_imp.cpp; sourceTree = "<group>"; };
		A67302B6AF7AA877418F65A5 /* GBVideoWriterGen+Private.h */ = {isa = PBXFileReference; lastKnownFileType = sourcecode.c.h; path = "GBVideoWriterGen+Private.h"; sourceTree = "<group>"; };
		A8E6C76E45C23A2CE43D2E85 /* ui_manager_gen.hpp */ = {isa = PBXFileReference; lastKnownFileType = text; path = ui_manager_gen.hpp; sourceTree = "<group>"; };
		A959ED8DA9EE959321891219 /* GBInstanceGetterGen+Private.mm */ = {isa = PBXFileReference; lastKnownFileType = sourcecode.cpp.objcpp; path = "GBInstanceGetterGen+Private.mm"; sourceTree = "<group>"; };
		A9BDEE139F9E6F6B0EB0C3AA /* view_constraint_base.hpp */ = {isa = PBXFileReference; lastKnownFileType = text; path = view_constraint_base.hpp; sourceTree = "<group>"; };
		AC836F978F57AF062E41868B /* task_info_imp.hpp */ = {isa = PBXFileReference; lastKnownFileType = text; path = task_info_imp.hpp; sourceTree = "<group>"; };
		ACB4F1DA8BB83FB969E39E3D /* GBTimerGen+Private.mm */ = {isa = PBXFileReference; lastKnownFileType = sourcecode.cpp.objcpp; path = "GBTimerGen+Private.mm"; sourceTree = "<group>"; };
		B02560BA6B66E96FAD4E4275 /* video_encoder_imp_ffmp4.hpp */ = {isa = PBXFileReference; lastKnownFileType = text; path = video_encoder_imp_ffmp4.hpp; sourceTree = "<group>"; };
		B0B0A5BD3593820B1BF63CE5 /* GBViewFrame+Private.h */ = {isa = PBXFileReference; lastKnownFileType = sourcecode.c.h; path = "GBViewFrame+Private.h"; sourceTree = "<group>"; };
		B30653FC70F8D941E22956C2 /* GBViewEventParam+Private.h */ = {isa = PBXFileReference; lastKnownFileType = sourcecode.c.h; path = "GBViewEventParam+Private.h"; sourceTree = "<group>"; };
		B30AE1E1A0B91DAA8E34805C /* constraint_type.hpp */ = {isa = PBXFileReference; lastKnownFileType = text; path = constraint_type.hpp; sourceTree = "<group>"; };
		B41E51D20A3702751EAAFD72 /* GBVideoFrameGen+Private.mm */ = {isa = PBXFileReference; lastKnownFileType = sourcecode.cpp.objcpp; path = "GBVideoFrameGen+Private.mm"; sourceTree = "<group>"; };
		B447E38C07913FC79A360653 /* GBBreakpadGen+Private.mm */ = {isa = PBXFileReference; lastKnownFileType = sourcecode.cpp.objcpp; path = "GBBreakpadGen+Private.mm"; sourceTree = "<group>"; };
		B48A7D6F0A06186054DA04A3 /* GBViewEventParam+Private.mm */ = {isa = PBXFileReference; lastKnownFileType = sourcecode.cpp.objcpp; path = "GBViewEventParam+Private.mm"; sourceTree = "<group>"; };
		B65091B51EF8A30D62217E3C /* GBUiManagerGen+Private.h */ = {isa = PBXFileReference; lastKnownFileType = sourcecode.c.h; path = "GBUiManagerGen+Private.h"; sourceTree = "<group>"; };
		B65DD3A1D88122E3D2876380 /* GBVideoWriterGen+Private.mm */ = {isa = PBXFileReference; lastKnownFileType = sourcecode.cpp.objcpp; path = "GBVideoWriterGen+Private.mm"; sourceTree = "<group>"; };
		B6D1A2B54640D3FAE118769B /* GBCameraQuality.h */ = {isa = PBXFileReference; lastKnownFileType = sourcecode.c.h; path = GBCameraQuality.h; sourceTree = "<group>"; };
		B70A2DA034DAA2A4BEBDCFCF /* argb_color.cpp */ = {isa = PBXFileReference; lastKnownFileType = sourcecode.cpp.cpp; path = argb_color.cpp; sourceTree = "<group>"; };
		B7CD7C5D7EC257F2E11D78E4 /* video_info_imp.cpp */ = {isa = PBXFileReference; lastKnownFileType = sourcecode.cpp.cpp; path = video_info_imp.cpp; sourceTree = "<group>"; };
		B9D0FA675898DDFEA97AE1A5 /* GBArgbColor.mm */ = {isa = PBXFileReference; lastKnownFileType = sourcecode.cpp.objcpp; path = GBArgbColor.mm; sourceTree = "<group>"; };
		B9D8FF38079B71D0017935CE /* GBTyperConvertorDummy+Private.h */ = {isa = PBXFileReference; lastKnownFileType = sourcecode.c.h; path = "GBTyperConvertorDummy+Private.h"; sourceTree = "<group>"; };
		B9FE5F99B91ECD02B4839749 /* ui_value_checker_gen.hpp */ = {isa = PBXFileReference; lastKnownFileType = text; path = ui_value_checker_gen.hpp; sourceTree = "<group>"; };
		BC83D9C3CE13F70FFAE957BD /* crash_handler_gen.hpp */ = {isa = PBXFileReference; lastKnownFileType = text; path = crash_handler_gen.hpp; sourceTree = "<group>"; };
		BC949E187E23F3D5F1CAA6E7 /* camera_flash.hpp */ = {isa = PBXFileReference; lastKnownFileType = text; path = camera_flash.hpp; sourceTree = "<group>"; };
		BE2AD0FB52A8158FD05DEF27 /* timer_gen.hpp */ = {isa = PBXFileReference; lastKnownFileType = text; path = timer_gen.hpp; sourceTree = "<group>"; };
		BEA325DAF1DA50E87E5A1BD9 /* instance_getter_imp.cpp */ = {isa = PBXFileReference; lastKnownFileType = sourcecode.cpp.cpp; path = instance_getter_imp.cpp; sourceTree = "<group>"; };
		C0A796EF7D7E5D0C685B5711 /* GBArgbColor.h */ = {isa = PBXFileReference; lastKnownFileType = sourcecode.c.h; path = GBArgbColor.h; sourceTree = "<group>"; };
		C15003A285F8BAFD0E80727C /* view_gen.hpp */ = {isa = PBXFileReference; lastKnownFileType = text; path = view_gen.hpp; sourceTree = "<group>"; };
		C18B1ED30D25BCD311D69599 /* GBAsyncLoopGen+Private.mm */ = {isa = PBXFileReference; lastKnownFileType = sourcecode.cpp.objcpp; path = "GBAsyncLoopGen+Private.mm"; sourceTree = "<group>"; };
		C34913275DC247D7E8CE0E83 /* task_excuser_gen.hpp */ = {isa = PBXFileReference; lastKnownFileType = text; path = task_excuser_gen.hpp; sourceTree = "<group>"; };
		C3A0538BD3A137245B24AA20 /* GBViewFactoryGen+Private.mm */ = {isa = PBXFileReference; lastKnownFileType = sourcecode.cpp.objcpp; path = "GBViewFactoryGen+Private.mm"; sourceTree = "<group>"; };
		C42411D93A24F7EB94AA9C0F /* GBVideoInfoGen+Private.mm */ = {isa = PBXFileReference; lastKnownFileType = sourcecode.cpp.objcpp; path = "GBVideoInfoGen+Private.mm"; sourceTree = "<group>"; };
		C770C25921676750187ADA9F /* video_encoder_imp_ffmp4.cpp */ = {isa = PBXFileReference; lastKnownFileType = sourcecode.cpp.cpp; path = video_encoder_imp_ffmp4.cpp; sourceTree = "<group>"; };
		C8ECE029C1247F44DD494939 /* video_writer_imp.hpp */ = {isa = PBXFileReference; lastKnownFileType = text; path = video_writer_imp.hpp; sourceTree = "<group>"; };
		C95D4AAA5FEF4F352759C63A /* objc_utility.m */ = {isa = PBXFileReference; lastKnownFileType = sourcecode.c.objc; path = objc_utility.m; sourceTree = "<group>"; };
		CA0215C7F50B097F081FAA34 /* GBTyperConvertorDummy+Private.mm */ = {isa = PBXFileReference; lastKnownFileType = sourcecode.cpp.objcpp; path = "GBTyperConvertorDummy+Private.mm"; sourceTree = "<group>"; };
		CA10F8D2BCD020364EB5E244 /* text_align.hpp */ = {isa = PBXFileReference; lastKnownFileType = text; path = text_align.hpp; sourceTree = "<group>"; };
		CC131CCE2902F50D5C6F3CD1 /* GBCrashHandlerGen+Private.mm */ = {isa = PBXFileReference; lastKnownFileType = sourcecode.cpp.objcpp; path = "GBCrashHandlerGen+Private.mm"; sourceTree = "<group>"; };
		CDD3237C016B1A44598F0571 /* GBCallbackHttpGen+Private.mm */ = {isa = PBXFileReference; lastKnownFileType = sourcecode.cpp.objcpp; path = "GBCallbackHttpGen+Private.mm"; sourceTree = "<group>"; };
		CE414F06D96E741327453CD3 /* language_store_imp.hpp */ = {isa = PBXFileReference; lastKnownFileType = text; path = language_store_imp.hpp; sourceTree = "<group>"; };
		CE819A19E725A4161DA649D3 /* GBViewEventHandler.h */ = {isa = PBXFileReference; lastKnownFileType = sourcecode.c.h; path = GBViewEventHandler.h; sourceTree = "<group>"; };
		CF22D2B85B00443D46700A48 /* lang_type.hpp */ = {isa = PBXFileReference; lastKnownFileType = text; path = lang_type.hpp; sourceTree = "<group>"; };
		D02A5B31DAD5BB9A9EA09894 /* GBHttpRequestGen+Private.mm */ = {isa = PBXFileReference; lastKnownFileType = sourcecode.cpp.objcpp; path = "GBHttpRequestGen+Private.mm"; sourceTree = "<group>"; };
		D098509FE6675299F4B79ABB /* view_event_param.hpp */ = {isa = PBXFileReference; lastKnownFileType = text; path = view_event_param.hpp; sourceTree = "<group>"; };
		D1428548D4326A359EC5CED6 /* GBUiValueCheckerGen+Private.mm */ = {isa = PBXFileReference; lastKnownFileType = sourcecode.cpp.objcpp; path = "GBUiValueCheckerGen+Private.mm"; sourceTree = "<group>"; };
		D8184AE778CFFB2E176C579A /* callback_http_gen.hpp */ = {isa = PBXFileReference; lastKnownFileType = text; path = callback_http_gen.hpp; sourceTree = "<group>"; };
		DA00E85A8DADB1882F77375C /* video_info_gen.hpp */ = {isa = PBXFileReference; lastKnownFileType = text; path = video_info_gen.hpp; sourceTree = "<group>"; };
		DA4594FE783C388276B36FD7 /* video_info_imp.hpp */ = {isa = PBXFileReference; lastKnownFileType = text; path = video_info_imp.hpp; sourceTree = "<group>"; };
		DB1715847C12EB1AD175E845 /* GBUiConfGen+Private.mm */ = {isa = PBXFileReference; lastKnownFileType = sourcecode.cpp.objcpp; path = "GBUiConfGen+Private.mm"; sourceTree = "<group>"; };
		DB68162A1E1BAACBDEA7086F /* GBInstanceGetterGen.h */ = {isa = PBXFileReference; lastKnownFileType = sourcecode.c.h; path = GBInstanceGetterGen.h; sourceTree = "<group>"; };
		DB89834259B7CAD5342260E6 /* GBConfigGen.h */ = {isa = PBXFileReference; lastKnownFileType = sourcecode.c.h; path = GBConfigGen.h; sourceTree = "<group>"; };
		DBD4F377135B0D206F3B20C6 /* camera_quality.hpp */ = {isa = PBXFileReference; lastKnownFileType = text; path = camera_quality.hpp; sourceTree = "<group>"; };
		DBFC33AE0E126981FCAEA339 /* log_imp.hpp */ = {isa = PBXFileReference; lastKnownFileType = text; path = log_imp.hpp; sourceTree = "<group>"; };
		DF3B8161EC092CF62C9D9016 /* camera_controller_gen.hpp */ = {isa = PBXFileReference; lastKnownFileType = text; path = camera_controller_gen.hpp; sourceTree = "<group>"; };
		E085BC700B5B87C897D5E9E0 /* GBVideoEncoderGen.h */ = {isa = PBXFileReference; lastKnownFileType = sourcecode.c.h; path = GBVideoEncoderGen.h; sourceTree = "<group>"; };
		E1758CED93091AAA11C799DC /* view_factory_gen.hpp */ = {isa = PBXFileReference; lastKnownFileType = text; path = view_factory_gen.hpp; sourceTree = "<group>"; };
		E212A65120E1CB214FAFF591 /* task_info_imp.cpp */ = {isa = PBXFileReference; lastKnownFileType = sourcecode.cpp.cpp; path = task_info_imp.cpp; sourceTree = "<group>"; };
		E3596CCF72C65F7AA5709F9B /* GBLogGen.h */ = {isa = PBXFileReference; lastKnownFileType = sourcecode.c.h; path = GBLogGen.h; sourceTree = "<group>"; };
		E473A64693F21A20B2A18150 /* GBTaskExcuserGen+Private.h */ = {isa = PBXFileReference; lastKnownFileType = sourcecode.c.h; path = "GBTaskExcuserGen+Private.h"; sourceTree = "<group>"; };
		E5200AF2266B95D5A6FDFB7C /* view_event_handler.hpp */ = {isa = PBXFileReference; lastKnownFileType = text; path = view_event_handler.hpp; sourceTree = "<group>"; };
		E5D131F856107A52EE594455 /* GBViewFactoryGen.h */ = {isa = PBXFileReference; lastKnownFileType = sourcecode.c.h; path = GBViewFactoryGen.h; sourceTree = "<group>"; };
		E5DE9237B72040D1813948D8 /* task_manager_imp.hpp */ = {isa = PBXFileReference; lastKnownFileType = text; path = task_manager_imp.hpp; sourceTree = "<group>"; };
		E6D65D895678C30040EF4C4B /* GBTaskManagerGen.h */ = {isa = PBXFileReference; lastKnownFileType = sourcecode.c.h; path = GBTaskManagerGen.h; sourceTree = "<group>"; };
		E8FB3543268D0CFF133C2F0D /* view_type.hpp */ = {isa = PBXFileReference; lastKnownFileType = text; path = view_type.hpp; sourceTree = "<group>"; };
		EAC23AE6D3061F5ED25F9784 /* GBViewConstraint+Private.h */ = {isa = PBXFileReference; lastKnownFileType = sourcecode.c.h; path = "GBViewConstraint+Private.h"; sourceTree = "<group>"; };
		EC98E9F5A1F23243C7004B9A /* config_imp.cpp */ = {isa = PBXFileReference; lastKnownFileType = sourcecode.cpp.cpp; path = config_imp.cpp; sourceTree = "<group>"; };
		ED25ABB704EA2FBEACFC6317 /* GBLangType.h */ = {isa = PBXFileReference; lastKnownFileType = sourcecode.c.h; path = GBLangType.h; sourceTree = "<group>"; };
		ED6AEABDF46F2E3B7405CAD9 /* video_encoder_imp_ffh264.cpp */ = {isa = PBXFileReference; lastKnownFileType = sourcecode.cpp.cpp; path = video_encoder_imp_ffh264.cpp; sourceTree = "<group>"; };
		F0D0B91ACD4CE9421F00172D /* GBUiConfGen+Private.h */ = {isa = PBXFileReference; lastKnownFileType = sourcecode.c.h; path = "GBUiConfGen+Private.h"; sourceTree = "<group>"; };
		F0FC54784861EB6E44EABE01 /* ui_conf_gen.hpp */ = {isa = PBXFileReference; lastKnownFileType = text; path = ui_conf_gen.hpp; sourceTree = "<group>"; };
		F1175DF612C33DCBACBB2643 /* GBTextAlign.h */ = {isa = PBXFileReference; lastKnownFileType = sourcecode.c.h; path = GBTextAlign.h; sourceTree = "<group>"; };
		F2F76D40C6C4D4A09E550D78 /* GBViewConf.h */ = {isa = PBXFileReference; lastKnownFileType = sourcecode.c.h; path = GBViewConf.h; sourceTree = "<group>"; };
		F3E1FA0846A1E6902E9FCF4B /* view_event.hpp */ = {isa = PBXFileReference; lastKnownFileType = text; path = view_event.hpp; sourceTree = "<group>"; };
		F620EFE2BAEEAB4690898376 /* GBViewFactoryGen+Private.h */ = {isa = PBXFileReference; lastKnownFileType = sourcecode.c.h; path = "GBViewFactoryGen+Private.h"; sourceTree = "<group>"; };
		F8128497A4DEF2DF670426D8 /* ui_manager_imp.hpp */ = {isa = PBXFileReference; lastKnownFileType = text; path = ui_manager_imp.hpp; sourceTree = "<group>"; };
		F935C5DDBEF8EA85B687AFD0 /* Ihttprequest.h */ = {isa = PBXFileReference; lastKnownFileType = sourcecode.c.h; path = Ihttprequest.h; sourceTree = "<group>"; };
		FAD88EFF5A985DD702320798 /* GBLogGen.mm */ = {isa = PBXFileReference; lastKnownFileType = sourcecode.cpp.objcpp; path = GBLogGen.mm; sourceTree = "<group>"; };
		FEF153C651B20FD97E229321 /* timerImp.cpp */ = {isa = PBXFileReference; lastKnownFileType = sourcecode.cpp.cpp; path = timerImp.cpp; sourceTree = "<group>"; };
/* End PBXFileReference section */

/* Begin PBXFrameworksBuildPhase section */
		36184E6D59A55944237004D3 /* Frameworks */ = {
			isa = PBXFrameworksBuildPhase;
			buildActionMask = 2147483647;
			files = (
			);
			runOnlyForDeploymentPostprocessing = 0;
		};
		501CCB890F691C518EA482AB /* Frameworks */ = {
			isa = PBXFrameworksBuildPhase;
			buildActionMask = 2147483647;
			files = (
			);
			runOnlyForDeploymentPostprocessing = 0;
		};
/* End PBXFrameworksBuildPhase section */

/* Begin PBXGroup section */
		3EF17830CE3E0BA072A4B083 /* zf_log */ = {
			isa = PBXGroup;
			children = (
				2B41FBDF86E96AACAD53066A /* zf_log.c */,
				1A0FE0BF5DE356177ACDD5E3 /* zf_log.h */,
			);
			path = zf_log;
			sourceTree = "<group>";
		};
		8EBB9404CA552483936E77BE /* json */ = {
			isa = PBXGroup;
			children = (
				08D7679ACAFBF06FBD3818C5 /* jsoncpp.cpp */,
			);
			path = json;
			sourceTree = "<group>";
		};
		9F9564293998A6A1D200BC1B /* interface */ = {
			isa = PBXGroup;
			children = (
				D783157B726105D7A2559B95 /* json */,
				F935C5DDBEF8EA85B687AFD0 /* Ihttprequest.h */,
				5FEE493FA948A2AD84FEAAC1 /* ilog.h */,
				02C35308CB8A7BAF1649C82F /* macro.h */,
				5C45E40F8D08B382228A8B7E /* utils.hpp */,
			);
			path = interface;
			sourceTree = "<group>";
		};
		A7544BD4062D89935C66780C /* objc */ = {
			isa = PBXGroup;
			children = (
				279F83B83877559208F83E47 /* objc_utility.h */,
				C95D4AAA5FEF4F352759C63A /* objc_utility.m */,
				092998B91B6B1929F7406DF2 /* video_frame_imp.h */,
				2FBB6079E2515963454F12A7 /* video_frame_imp.m */,
			);
			path = objc;
			sourceTree = "<group>";
		};
		A85D04AFEE06F7D5D5985827 /* Build */ = {
			isa = PBXGroup;
			children = (
				973041F28815E461B704FE29 /* common.gypi */,
				7B5A0FEDE691E299B65A0CFA /* gearsbox.gyp */,
			);
			name = Build;
			sourceTree = "<group>";
		};
		AA239AC26635CD7EB20B0AAA /* cpp */ = {
			isa = PBXGroup;
			children = (
				8EBB9404CA552483936E77BE /* json */,
				F0D109436D3BE92B012C2B05 /* ui */,
				3EF17830CE3E0BA072A4B083 /* zf_log */,
				6BCDFD62591538EE5BA21545 /* async_loop_imp.cpp */,
				972E7ED18167A4D50460456B /* async_loop_imp.hpp */,
				EC98E9F5A1F23243C7004B9A /* config_imp.cpp */,
				5639DE57F8BB0EBAE79C0CCE /* config_imp.hpp */,
				888A0B5394C4BF2413F3CD92 /* httprequest.cpp */,
				8F9A7D45C58DB2295C1595BB /* httprequest.hpp */,
				9D416EBE16171E08513F7B69 /* httprequestImp.cpp */,
				5755C14DCAE9EA48EF1DD60F /* httprequestImp.hpp */,
				BEA325DAF1DA50E87E5A1BD9 /* instance_getter_imp.cpp */,
				A6087A7F4D1FED0BFB42BA41 /* language_store_imp.cpp */,
				CE414F06D96E741327453CD3 /* language_store_imp.hpp */,
				97B1DA4BF83B7B0A66E64798 /* log.cpp */,
				1C649FFDE61C36A54749977E /* log_imp.cpp */,
				DBFC33AE0E126981FCAEA339 /* log_imp.hpp */,
				E212A65120E1CB214FAFF591 /* task_info_imp.cpp */,
				AC836F978F57AF062E41868B /* task_info_imp.hpp */,
				3AC6D79994D8A27526816356 /* task_manager_imp.cpp */,
				E5DE9237B72040D1813948D8 /* task_manager_imp.hpp */,
				FEF153C651B20FD97E229321 /* timerImp.cpp */,
				291811FA5EAA7BC62E17D64F /* timerImp.hpp */,
				4B5E5B883CC5FDF85C37AB1B /* utils.cpp */,
				ED6AEABDF46F2E3B7405CAD9 /* video_encoder_imp_ffh264.cpp */,
				3E34DC68E19302780C7DD1CE /* video_encoder_imp_ffh264.hpp */,
				C770C25921676750187ADA9F /* video_encoder_imp_ffmp4.cpp */,
				B02560BA6B66E96FAD4E4275 /* video_encoder_imp_ffmp4.hpp */,
				B7CD7C5D7EC257F2E11D78E4 /* video_info_imp.cpp */,
				DA4594FE783C388276B36FD7 /* video_info_imp.hpp */,
				12CEC580F518126277DBEEEA /* video_writer_imp.cpp */,
				C8ECE029C1247F44DD494939 /* video_writer_imp.hpp */,
			);
			path = cpp;
			sourceTree = "<group>";
		};
		B68D9671DD5CF9AD27DB693F /* cpp */ = {
			isa = PBXGroup;
			children = (
				B70A2DA034DAA2A4BEBDCFCF /* argb_color.cpp */,
				3054411EAA397C561D659C55 /* argb_color.hpp */,
				8179365809FCC1600F02AF3E /* async_loop_gen.hpp */,
				7854A952322E8330367F6442 /* breakpad_gen.hpp */,
				D8184AE778CFFB2E176C579A /* callback_http_gen.hpp */,
				DF3B8161EC092CF62C9D9016 /* camera_controller_gen.hpp */,
				BC949E187E23F3D5F1CAA6E7 /* camera_flash.hpp */,
				DBD4F377135B0D206F3B20C6 /* camera_quality.hpp */,
				7058B3BB6D44623E338621F0 /* config_gen.hpp */,
				B30AE1E1A0B91DAA8E34805C /* constraint_type.hpp */,
				BC83D9C3CE13F70FFAE957BD /* crash_handler_gen.hpp */,
				6CA6887B7AFFBCAC45DA4890 /* file_info_gen.hpp */,
				7CF5DC1E15696D694676BE24 /* http_request_gen.hpp */,
				547745FBECBE492CCEB0A5FA /* instance_getter_gen.hpp */,
				CF22D2B85B00443D46700A48 /* lang_type.hpp */,
				04D112F0B0FAC46421478847 /* language_store_gen.hpp */,
				8358D2D8C6DFD50714CC8945 /* log_gen.cpp */,
				2EB5CB272966F9D5CD2A28FA /* log_gen.hpp */,
				7E031E6EE4C769DA5DA48A65 /* platform_utility_gen.hpp */,
				C34913275DC247D7E8CE0E83 /* task_excuser_gen.hpp */,
				925782FD1D65721BCA3DEE57 /* task_info_gen.hpp */,
				A494A78643B996461D520D39 /* task_manager_gen.hpp */,
				CA10F8D2BCD020364EB5E244 /* text_align.hpp */,
				7FA730413ECDA27C5CE20F9D /* text_boarder.hpp */,
				22A4A411177D5C8E09368FEF /* text_keyboard.hpp */,
				BE2AD0FB52A8158FD05DEF27 /* timer_gen.hpp */,
				65690E3B18F136C565C396B9 /* typer_convertor_dummy.hpp */,
				F0FC54784861EB6E44EABE01 /* ui_conf_gen.hpp */,
				A8E6C76E45C23A2CE43D2E85 /* ui_manager_gen.hpp */,
				B9FE5F99B91ECD02B4839749 /* ui_value_checker_gen.hpp */,
				08709325ADD046FB444B31A1 /* video_encoder_gen.hpp */,
				4AB0C2927979DDECB4CA6B48 /* video_frame_gen.hpp */,
				DA00E85A8DADB1882F77375C /* video_info_gen.hpp */,
				44F11E585EC978365F4437F4 /* video_writer_gen.hpp */,
				50919747B735CE9E68D70ECC /* view_conf_base.cpp */,
				9390D27B37A0F536880FC25C /* view_conf_base.hpp */,
				43457051484C93CAC890B876 /* view_constraint_base.cpp */,
				A9BDEE139F9E6F6B0EB0C3AA /* view_constraint_base.hpp */,
				F3E1FA0846A1E6902E9FCF4B /* view_event.hpp */,
				E5200AF2266B95D5A6FDFB7C /* view_event_handler.hpp */,
				D098509FE6675299F4B79ABB /* view_event_param.hpp */,
				E1758CED93091AAA11C799DC /* view_factory_gen.hpp */,
				0AAF88A86FE9B5F6B5970F42 /* view_frame.hpp */,
				3EB40B1D75BD34C1F97D6542 /* view_gen.cpp */,
				C15003A285F8BAFD0E80727C /* view_gen.hpp */,
				E8FB3543268D0CFF133C2F0D /* view_type.hpp */,
			);
			path = cpp;
			sourceTree = "<group>";
		};
		BC46C298B7E229F72B9CDD7A /* generated-src */ = {
			isa = PBXGroup;
			children = (
				B68D9671DD5CF9AD27DB693F /* cpp */,
				C62DC1A5433E32F8943CA245 /* objc */,
			);
			path = "generated-src";
			sourceTree = "<group>";
		};
		C62DC1A5433E32F8943CA245 /* objc */ = {
			isa = PBXGroup;
			children = (
				5884C9477844692E1B9AA306 /* GBArgbColor+Private.h */,
				42233730DD366CC4A6FDEC81 /* GBArgbColor+Private.mm */,
				C0A796EF7D7E5D0C685B5711 /* GBArgbColor.h */,
				B9D0FA675898DDFEA97AE1A5 /* GBArgbColor.mm */,
				3AC6B2991D0A2415566128DF /* GBAsyncLoopGen+Private.h */,
				C18B1ED30D25BCD311D69599 /* GBAsyncLoopGen+Private.mm */,
				62F89CC18BC190F5454D6F8A /* GBAsyncLoopGen.h */,
				088842141A1DAD73F5009812 /* GBBreakpadGen+Private.h */,
				B447E38C07913FC79A360653 /* GBBreakpadGen+Private.mm */,
				46472257DCF6EE4B1DC8D30A /* GBBreakpadGen.h */,
				0BD7B96DD5F63C6EBE961432 /* GBCallbackHttpGen+Private.h */,
				CDD3237C016B1A44598F0571 /* GBCallbackHttpGen+Private.mm */,
				134A721B7E989B5F590C56DA /* GBCallbackHttpGen.h */,
				0307CBE37DEAE42551ACB145 /* GBCameraControllerGen+Private.h */,
				0BFBD7F5B8AAF759D678D6F6 /* GBCameraControllerGen+Private.mm */,
				9372725DC2D054EB81AF80BB /* GBCameraControllerGen.h */,
				4F2ABF1EFC75522455BADF6F /* GBCameraFlash.h */,
				B6D1A2B54640D3FAE118769B /* GBCameraQuality.h */,
				8AD5DC2CF3A5B48E5314943A /* GBConfigGen+Private.h */,
				38C3778CAA3AD2B952662C90 /* GBConfigGen+Private.mm */,
				DB89834259B7CAD5342260E6 /* GBConfigGen.h */,
				9F90917EEF774D1C56D31AD9 /* GBConstraintType.h */,
				A5E9F48D03B87D7B49837D10 /* GBCrashHandlerGen+Private.h */,
				CC131CCE2902F50D5C6F3CD1 /* GBCrashHandlerGen+Private.mm */,
				37CC2A72FABA4BE08E2122BD /* GBCrashHandlerGen.h */,
				5270A617C1E64C83C1920060 /* GBFileInfoGen+Private.h */,
				7EEE8041CB99B25CE816BBD3 /* GBFileInfoGen+Private.mm */,
				6F01EDE4F4D197230012D314 /* GBFileInfoGen.h */,
				A33E1888CF7CC53CFC30AFDA /* GBHttpRequestGen+Private.h */,
				D02A5B31DAD5BB9A9EA09894 /* GBHttpRequestGen+Private.mm */,
				5D9ED18F374D99CB84A49B2A /* GBHttpRequestGen.h */,
				80AF19192AEEC3DF638461C6 /* GBInstanceGetterGen+Private.h */,
				A959ED8DA9EE959321891219 /* GBInstanceGetterGen+Private.mm */,
				DB68162A1E1BAACBDEA7086F /* GBInstanceGetterGen.h */,
				ED25ABB704EA2FBEACFC6317 /* GBLangType.h */,
				5098DF9CF83D94877ED21458 /* GBLanguageStoreGen+Private.h */,
				485861FA85132CF0F338FC5B /* GBLanguageStoreGen+Private.mm */,
				3E8168BA05490FD66576FED7 /* GBLanguageStoreGen.h */,
				042005233C75261808C8BDC4 /* GBLogGen+Private.h */,
				03CAD4F9B30791B8C17AE977 /* GBLogGen+Private.mm */,
				E3596CCF72C65F7AA5709F9B /* GBLogGen.h */,
				FAD88EFF5A985DD702320798 /* GBLogGen.mm */,
				4CBCD10B6758CFE943079F32 /* GBPlatformUtilityGen+Private.h */,
				95747FC98A22EBEB372BB355 /* GBPlatformUtilityGen+Private.mm */,
				8A11F3053487E58D799883E1 /* GBPlatformUtilityGen.h */,
				E473A64693F21A20B2A18150 /* GBTaskExcuserGen+Private.h */,
				94C90F0623F866795293346F /* GBTaskExcuserGen+Private.mm */,
				02D826A22F155333B01425BA /* GBTaskExcuserGen.h */,
				5869945EF93BA5E0ECB8F776 /* GBTaskInfoGen+Private.h */,
				31263D69BD764BA8B16A0599 /* GBTaskInfoGen+Private.mm */,
				429DF720C1AA24ECBFE5EED0 /* GBTaskInfoGen.h */,
				9379DE0A63E0580A3F19342A /* GBTaskManagerGen+Private.h */,
				073150D0D4AE13F5B1A654EA /* GBTaskManagerGen+Private.mm */,
				E6D65D895678C30040EF4C4B /* GBTaskManagerGen.h */,
				F1175DF612C33DCBACBB2643 /* GBTextAlign.h */,
				31DB65B21EFB740AA1EE80D2 /* GBTextBoarder.h */,
				7F6C3E8B34656C529247DC62 /* GBTextKeyboard.h */,
				365A9BD73947E27E83FE3DB1 /* GBTimerGen+Private.h */,
				ACB4F1DA8BB83FB969E39E3D /* GBTimerGen+Private.mm */,
				4164321CBAAF74E71E646D94 /* GBTimerGen.h */,
				B9D8FF38079B71D0017935CE /* GBTyperConvertorDummy+Private.h */,
				CA0215C7F50B097F081FAA34 /* GBTyperConvertorDummy+Private.mm */,
				1045E3B2A1344AD982BC13D1 /* GBTyperConvertorDummy.h */,
				F0D0B91ACD4CE9421F00172D /* GBUiConfGen+Private.h */,
				DB1715847C12EB1AD175E845 /* GBUiConfGen+Private.mm */,
				41EF9C987AD7DC3993B4CD58 /* GBUiConfGen.h */,
				B65091B51EF8A30D62217E3C /* GBUiManagerGen+Private.h */,
				8130C1AE76C010DFB20AC9C1 /* GBUiManagerGen+Private.mm */,
				2D8FFAFC177341A6B12DC8BC /* GBUiManagerGen.h */,
				3DF6A1F061358C9EA0779BE0 /* GBUiValueCheckerGen+Private.h */,
				D1428548D4326A359EC5CED6 /* GBUiValueCheckerGen+Private.mm */,
				5195580072506F480F53FDC2 /* GBUiValueCheckerGen.h */,
				0743A7BFEB3081E4CA677543 /* GBVideoEncoderGen+Private.h */,
				8B0EC94AE44056FE9A7745F7 /* GBVideoEncoderGen+Private.mm */,
				E085BC700B5B87C897D5E9E0 /* GBVideoEncoderGen.h */,
				23153213A6950669F81CC8CC /* GBVideoFrameGen+Private.h */,
				B41E51D20A3702751EAAFD72 /* GBVideoFrameGen+Private.mm */,
				1914ECB2A36B15CDF2D34837 /* GBVideoFrameGen.h */,
				3ED23FE675D9FB4B564A9A33 /* GBVideoInfoGen+Private.h */,
				C42411D93A24F7EB94AA9C0F /* GBVideoInfoGen+Private.mm */,
				149FF32ADE0B23FD0BF94DCD /* GBVideoInfoGen.h */,
				A67302B6AF7AA877418F65A5 /* GBVideoWriterGen+Private.h */,
				B65DD3A1D88122E3D2876380 /* GBVideoWriterGen+Private.mm */,
				800B5DA0D0349F705040AC12 /* GBVideoWriterGen.h */,
				0625196A910AE0416988B490 /* GBViewConf+Private.h */,
				773B5AECF29FD477F0929E3C /* GBViewConf+Private.mm */,
				F2F76D40C6C4D4A09E550D78 /* GBViewConf.h */,
				2C0E7EFC8CEEF89721FABE9D /* GBViewConf.mm */,
				EAC23AE6D3061F5ED25F9784 /* GBViewConstraint+Private.h */,
				7DE9F4FC3CF254F9CE963E96 /* GBViewConstraint+Private.mm */,
				355EEED862602394BEA3599E /* GBViewConstraint.h */,
				1A4B0C409D6E7F87FF8E7C2C /* GBViewConstraint.mm */,
				4C40E2DC55B86FB82EDFF873 /* GBViewEvent.h */,
				462EB1FF19F7B39BD4300FF2 /* GBViewEventHandler+Private.h */,
				597F7735E2663310D775A5A9 /* GBViewEventHandler+Private.mm */,
				CE819A19E725A4161DA649D3 /* GBViewEventHandler.h */,
				B30653FC70F8D941E22956C2 /* GBViewEventParam+Private.h */,
				B48A7D6F0A06186054DA04A3 /* GBViewEventParam+Private.mm */,
				00B7EAF9C2307BEC2B61776D /* GBViewEventParam.h */,
				7A8C14785970BF91C5916B41 /* GBViewEventParam.mm */,
				F620EFE2BAEEAB4690898376 /* GBViewFactoryGen+Private.h */,
				C3A0538BD3A137245B24AA20 /* GBViewFactoryGen+Private.mm */,
				E5D131F856107A52EE594455 /* GBViewFactoryGen.h */,
				B0B0A5BD3593820B1BF63CE5 /* GBViewFrame+Private.h */,
				9156F47FE7752FF613E222EE /* GBViewFrame+Private.mm */,
				45C670697C1A8E9AABE20A4B /* GBViewFrame.h */,
				4D479B1116BFDD6928D1714D /* GBViewFrame.mm */,
				8777057AEE9B74531F98BB0A /* GBViewGen+Private.h */,
				4115D4E136687D12F2D8CBB1 /* GBViewGen+Private.mm */,
				60191BADD823D0946885E277 /* GBViewGen.h */,
				72121C2EBF2F093DA3CFF8E8 /* GBViewGen.mm */,
				4D7FE6C68D25AC277FD7E61F /* GBViewType.h */,
			);
			path = objc;
			sourceTree = "<group>";
		};
		D461C47E4D3A640A7FE90674 /* Source */ = {
			isa = PBXGroup;
			children = (
				BC46C298B7E229F72B9CDD7A /* generated-src */,
				9F9564293998A6A1D200BC1B /* interface */,
				D9E483240F86FE360FABCAC6 /* src */,
			);
			name = Source;
			sourceTree = "<group>";
		};
		D783157B726105D7A2559B95 /* json */ = {
			isa = PBXGroup;
			children = (
				A59C05C39AD0706832A880F2 /* json-forwards.h */,
				9B38FA36772D0F3DCF01DBC2 /* json.h */,
			);
			path = json;
			sourceTree = "<group>";
		};
		D9E483240F86FE360FABCAC6 /* src */ = {
			isa = PBXGroup;
			children = (
				AA239AC26635CD7EB20B0AAA /* cpp */,
				A7544BD4062D89935C66780C /* objc */,
			);
			path = src;
			sourceTree = "<group>";
		};
		E5556F5BF901223E91FB62E7 = {
			isa = PBXGroup;
			children = (
				D461C47E4D3A640A7FE90674 /* Source */,
				ECC7EA1D23078F54DEF3DCED /* Products */,
				A85D04AFEE06F7D5D5985827 /* Build */,
			);
			sourceTree = "<group>";
		};
		ECC7EA1D23078F54DEF3DCED /* Products */ = {
			isa = PBXGroup;
			children = (
				19B370ED43C38131B635AD67 /* libgearsbox.a */,
				45DD4DE04106DB9D6B96E9D6 /* libgearsbox_objc.a */,
			);
			name = Products;
			sourceTree = "<group>";
		};
		F0D109436D3BE92B012C2B05 /* ui */ = {
			isa = PBXGroup;
			children = (
				6D26FF739A0C8A814736C6F9 /* ui_conf_imp.cpp */,
				690AC3F37B3537D4B5748C9C /* ui_conf_imp.hpp */,
				402C89B5021F0978D5F29361 /* ui_manager_imp.cpp */,
				F8128497A4DEF2DF670426D8 /* ui_manager_imp.hpp */,
				59A006BC4C1F75635638FE9C /* ui_value_checker_imp.cpp */,
				3F0E5155F8657F811A8C66FA /* ui_value_checker_imp.hpp */,
				5E162E049834F9B2EC1D32C4 /* view_conf.hpp */,
				0D7A1055BE53C77480908FC5 /* view_constraint.hpp */,
			);
			path = ui;
			sourceTree = "<group>";
		};
/* End PBXGroup section */

/* Begin PBXNativeTarget section */
		03D9CB78F2638B3F0B13B8BC /* gearsbox */ = {
			isa = PBXNativeTarget;
			buildConfigurationList = 622FEF7A44247B0F456B02CA /* Build configuration list for PBXNativeTarget "gearsbox" */;
			buildPhases = (
				106CF3FC416D40B7A5CADD3A /* Sources */,
				501CCB890F691C518EA482AB /* Frameworks */,
			);
			buildRules = (
			);
			dependencies = (
			);
			name = gearsbox;
			productName = gearsbox;
			productReference = 19B370ED43C38131B635AD67 /* libgearsbox.a */;
			productType = "com.apple.product-type.library.static";
		};
		7CF4C970578FDE53A793F972 /* gearsbox_objc */ = {
			isa = PBXNativeTarget;
			buildConfigurationList = 7109A993B8005F98C62DD50E /* Build configuration list for PBXNativeTarget "gearsbox_objc" */;
			buildPhases = (
				BCECD0921F1272A8FC976B66 /* Sources */,
				36184E6D59A55944237004D3 /* Frameworks */,
			);
			buildRules = (
			);
			dependencies = (
			);
			name = gearsbox_objc;
			productName = gearsbox_objc;
			productReference = 45DD4DE04106DB9D6B96E9D6 /* libgearsbox_objc.a */;
			productType = "com.apple.product-type.library.static";
		};
/* End PBXNativeTarget section */

/* Begin PBXProject section */
		7F0E3F1C2EA1EF2DE33482E1 /* Project object */ = {
			isa = PBXProject;
			attributes = {
				BuildIndependentTargetsInParallel = YES;
			};
			buildConfigurationList = E9E9216BB526EDF7E0DEE3F0 /* Build configuration list for PBXProject "gearsbox" */;
			compatibilityVersion = "Xcode 3.2";
			developmentRegion = English;
			hasScannedForEncodings = 1;
			knownRegions = (
				en,
			);
			mainGroup = E5556F5BF901223E91FB62E7;
			projectDirPath = ../../../gearsbox;
			projectRoot = "";
			targets = (
				AB970B409C3B6EA7B47A489B /* All */,
				03D9CB78F2638B3F0B13B8BC /* gearsbox */,
				7CF4C970578FDE53A793F972 /* gearsbox_objc */,
			);
		};
/* End PBXProject section */

/* Begin PBXSourcesBuildPhase section */
		106CF3FC416D40B7A5CADD3A /* Sources */ = {
			isa = PBXSourcesBuildPhase;
			buildActionMask = 2147483647;
			files = (
				6912942BF16BE64DCEF0F651 /* argb_color.cpp in Sources */,
				CC8B59C810B99173244B037D /* log_gen.cpp in Sources */,
				BFF36252A02EE959B0FDFBF9 /* view_conf_base.cpp in Sources */,
				C4DEB03BFFFC873FF151067C /* view_constraint_base.cpp in Sources */,
				9A5B64458CCF59BB961E3D2B /* view_gen.cpp in Sources */,
				54CF51A84B1B233CA4D7BE41 /* async_loop_imp.cpp in Sources */,
				A0B8B2B00AAF13CF387F536F /* config_imp.cpp in Sources */,
				55793B930D23B407C2E67624 /* httprequest.cpp in Sources */,
				71AC1658DBB54BF36F11BD09 /* httprequestImp.cpp in Sources */,
				442161401C29CCB5F9025D8B /* instance_getter_imp.cpp in Sources */,
				B3E04AFC878C925D8EC51552 /* language_store_imp.cpp in Sources */,
				2C43FC4F185979511D9FAEB2 /* log.cpp in Sources */,
				C22B06D69674E5E9F66C0175 /* log_imp.cpp in Sources */,
				5DE3D97795526D8741A012B8 /* task_info_imp.cpp in Sources */,
				315398DF687171495A9A8186 /* task_manager_imp.cpp in Sources */,
				473E4AF3B9E0D712BA4E03C7 /* timerImp.cpp in Sources */,
				EFBA3A329F085AEE9B589EC0 /* utils.cpp in Sources */,
				12A1C0B482471B520B5F67A8 /* video_encoder_imp_ffh264.cpp in Sources */,
				6797CBFE87A8C701A2CD0A5A /* video_encoder_imp_ffmp4.cpp in Sources */,
				0A6A729AF3AB5FEF6AD0D9C2 /* video_info_imp.cpp in Sources */,
				D2C683696D7588BD3AE86759 /* video_writer_imp.cpp in Sources */,
				0FEB51451224939F20B6A4E9 /* jsoncpp.cpp in Sources */,
				8D8D35ED62571F2A068AF18D /* ui_conf_imp.cpp in Sources */,
				EAB4FCE853A5B47BB88CABC5 /* ui_manager_imp.cpp in Sources */,
				07EC1239360F9959396B61C9 /* ui_value_checker_imp.cpp in Sources */,
				F01C380C7ED9F72F702BB0EC /* zf_log.c in Sources */,
			);
			runOnlyForDeploymentPostprocessing = 0;
		};
		BCECD0921F1272A8FC976B66 /* Sources */ = {
			isa = PBXSourcesBuildPhase;
			buildActionMask = 2147483647;
			files = (
				F3D3CB2C908145346B98FFD8 /* GBArgbColor+Private.mm in Sources */,
				DAA999B3719BF54988AC7EAB /* GBArgbColor.mm in Sources */,
				6C06F5DD18136602692E2D1C /* GBAsyncLoopGen+Private.mm in Sources */,
				31C3C79F8D1792661F52C095 /* GBBreakpadGen+Private.mm in Sources */,
				56EE914D5C13F3D349C23ED6 /* GBCallbackHttpGen+Private.mm in Sources */,
				9C5EE4AE0376B45F9E4234EB /* GBCameraControllerGen+Private.mm in Sources */,
				220E1FEAE613107F66016FBD /* GBConfigGen+Private.mm in Sources */,
				61B952A30825671039A18C62 /* GBCrashHandlerGen+Private.mm in Sources */,
				5AEF1C82D4154D64A647BBC2 /* GBFileInfoGen+Private.mm in Sources */,
				EA250AA6C092FB411C2618F6 /* GBHttpRequestGen+Private.mm in Sources */,
				3A4FC023E4C33082DF1A1B22 /* GBInstanceGetterGen+Private.mm in Sources */,
				24C05948B47017328E698CBC /* GBLanguageStoreGen+Private.mm in Sources */,
				9D3910AD66568785E4449EC6 /* GBLogGen+Private.mm in Sources */,
				CDCC35B4A130935C7DCBB415 /* GBLogGen.mm in Sources */,
				C0D6DB46CEF62A062618D8FC /* GBPlatformUtilityGen+Private.mm in Sources */,
				5B61A7AEA9D07C9F675EC57A /* GBTaskExcuserGen+Private.mm in Sources */,
				E64194A8990C611D9CC4DD31 /* GBTaskInfoGen+Private.mm in Sources */,
				8D6AB12B1EECF10173A71B4A /* GBTaskManagerGen+Private.mm in Sources */,
				23F5DA886F2BC41B354A8BD5 /* GBTimerGen+Private.mm in Sources */,
				ED67ED78D6667AB0116FD14D /* GBTyperConvertorDummy+Private.mm in Sources */,
				507453D3B2443E90B97EEA48 /* GBUiConfGen+Private.mm in Sources */,
				1E942FE3BE3D4E29DD037A3E /* GBUiManagerGen+Private.mm in Sources */,
				F3852217E40C793625C5DC21 /* GBUiValueCheckerGen+Private.mm in Sources */,
				9F13D1178644AA2D8D33C634 /* GBVideoEncoderGen+Private.mm in Sources */,
				EE116E3B1D705BD0F85201A9 /* GBVideoFrameGen+Private.mm in Sources */,
				D94D88412DDEEA7FA94AA525 /* GBVideoInfoGen+Private.mm in Sources */,
				CBE90E61C64CCA6B40CF52B0 /* GBVideoWriterGen+Private.mm in Sources */,
				CE74BFF6027E38E252C9624A /* GBViewConf+Private.mm in Sources */,
				C4F89B6CD304BE085FA96506 /* GBViewConf.mm in Sources */,
				DFDFEC7A7DA076B2E5D24957 /* GBViewConstraint+Private.mm in Sources */,
				E9D71C836E30FD5502AC8465 /* GBViewConstraint.mm in Sources */,
				D94AE9D99DB3675C691F99E9 /* GBViewEventHandler+Private.mm in Sources */,
				DC0725BE1548BD85CF4BA6DD /* GBViewEventParam+Private.mm in Sources */,
				F9E8395C7D2A65A6473F12D5 /* GBViewEventParam.mm in Sources */,
				0E0065A5618C81F878481869 /* GBViewFactoryGen+Private.mm in Sources */,
				2BE6DC28425CE73C405401D3 /* GBViewFrame+Private.mm in Sources */,
				8B1EDCAAB88B64166D12481C /* GBViewFrame.mm in Sources */,
				CF25CFC0FB5AB84DFA2031F5 /* GBViewGen+Private.mm in Sources */,
				038031B6958A6B654F80C437 /* GBViewGen.mm in Sources */,
				34FBF569F6E1EC21D95EE7B1 /* objc_utility.m in Sources */,
				9702095E31C02AC770ADDDF1 /* video_frame_imp.m in Sources */,
			);
			runOnlyForDeploymentPostprocessing = 0;
		};
/* End PBXSourcesBuildPhase section */

/* Begin PBXTargetDependency section */
		44452968092646EC5C065FF6 /* PBXTargetDependency */ = {
			isa = PBXTargetDependency;
			target = 7CF4C970578FDE53A793F972 /* gearsbox_objc */;
			targetProxy = D6D00A0AB7555FA6F75B7020 /* PBXContainerItemProxy */;
		};
		6B92F6A9EBFA06DC69798A0D /* PBXTargetDependency */ = {
			isa = PBXTargetDependency;
			target = 03D9CB78F2638B3F0B13B8BC /* gearsbox */;
			targetProxy = 2E81902EC664174BE0B4F385 /* PBXContainerItemProxy */;
		};
/* End PBXTargetDependency section */

/* Begin XCBuildConfiguration section */
		231C4FEA4364538E15765D68 /* Release */ = {
			isa = XCBuildConfiguration;
			buildSettings = {
				CLANG_CXX_LANGUAGE_STANDARD = "c++11";
				CLANG_CXX_LIBRARY = "libc++";
				CLANG_ENABLE_OBJC_ARC = YES;
				DEAD_CODE_STRIPPING = YES;
				EXECUTABLE_PREFIX = lib;
				GCC_PREPROCESSOR_DEFINITIONS = (
					ZF_LOG_USE_NSLOG,
					"NDEBUG=1",
				);
				HEADER_SEARCH_PATHS = (
					"./generated-src/objc",
					"./generated-src/cpp",
					./interface,
					./src/cpp/ui,
					deps/sqlite3,
					deps/curl,
					deps/curl/curl,
					"deps/djinni/support-lib/objc",
				);
				OTHER_CFLAGS = "-Wall";
				OTHER_CPLUSPLUSFLAGS = "-Wall";
				PRODUCT_NAME = gearsbox_objc;
				SDKROOT = iphoneos;
				SKIP_INSTALL = YES;
				SUPPORTED_PLATFORMS = "iphonesimulator iphoneos";
			};
			name = Release;
		};
		3EE807915914A25FC71D8DAE /* Debug */ = {
			isa = XCBuildConfiguration;
			buildSettings = {
				INTERMEDIATE_DIR = "$(PROJECT_DERIVED_FILE_DIR)/$(CONFIGURATION)";
				SHARED_INTERMEDIATE_DIR = "$(SYMROOT)/DerivedSources/$(CONFIGURATION)";
			};
			name = Debug;
		};
		4B8D124BCC5799CB606627B5 /* Release */ = {
			isa = XCBuildConfiguration;
			buildSettings = {
				PRODUCT_NAME = All;
			};
			name = Release;
		};
		67B136C10606CE2D85878F59 /* Debug */ = {
			isa = XCBuildConfiguration;
			buildSettings = {
				PRODUCT_NAME = All;
			};
			name = Debug;
		};
		759351E1CD24C5B9C17FC5BA /* Release */ = {
			isa = XCBuildConfiguration;
			buildSettings = {
				CLANG_CXX_LANGUAGE_STANDARD = "c++11";
				CLANG_CXX_LIBRARY = "libc++";
				CLANG_ENABLE_OBJC_ARC = YES;
				DEAD_CODE_STRIPPING = YES;
				EXECUTABLE_PREFIX = lib;
				GCC_PREPROCESSOR_DEFINITIONS = (
					_LARGEFILE_SOURCE,
					"_FILE_OFFSET_BITS=64",
					"_DARWIN_USE_64_BIT_INODE=1",
					"NDEBUG=1",
				);
				HEADER_SEARCH_PATHS = (
					"./generated-src/cpp",
					./src/cpp,
					./interface,
					./src/ui,
					./deps/ffmpeg/include,
					deps/sqlite3,
					deps/curl,
					deps/curl/curl,
					deps/libuv/include,
				);
				OTHER_CFLAGS = "-Wall";
				OTHER_CPLUSPLUSFLAGS = "-Wall";
				PRODUCT_NAME = gearsbox;
				SDKROOT = iphoneos;
				SKIP_INSTALL = YES;
				SUPPORTED_PLATFORMS = "iphonesimulator iphoneos";
			};
			name = Release;
		};
		77AD4FC0DD897912A4C83DC4 /* Debug */ = {
			isa = XCBuildConfiguration;
			buildSettings = {
				CLANG_CXX_LANGUAGE_STANDARD = "c++11";
				CLANG_CXX_LIBRARY = "libc++";
				CLANG_ENABLE_OBJC_ARC = YES;
				DEAD_CODE_STRIPPING = YES;
				EXECUTABLE_PREFIX = lib;
				GCC_OPTIMIZATION_LEVEL = 0;
				GCC_PREPROCESSOR_DEFINITIONS = (
					_LARGEFILE_SOURCE,
					"_FILE_OFFSET_BITS=64",
					"_DARWIN_USE_64_BIT_INODE=1",
					"DEBUG=1",
				);
				HEADER_SEARCH_PATHS = (
					"./generated-src/cpp",
					./src/cpp,
					./interface,
					./src/ui,
					./deps/ffmpeg/include,
					deps/sqlite3,
					deps/curl,
					deps/curl/curl,
					deps/libuv/include,
				);
				ONLY_ACTIVE_ARCH = YES;
				OTHER_CFLAGS = "-Wall";
				OTHER_CPLUSPLUSFLAGS = "-Wall";
				PRODUCT_NAME = gearsbox;
				SDKROOT = iphoneos;
				SKIP_INSTALL = YES;
				SUPPORTED_PLATFORMS = "iphonesimulator iphoneos";
			};
			name = Debug;
		};
		D4A674EC40CC163A949B4320 /* Release */ = {
			isa = XCBuildConfiguration;
			buildSettings = {
				INTERMEDIATE_DIR = "$(PROJECT_DERIVED_FILE_DIR)/$(CONFIGURATION)";
				SHARED_INTERMEDIATE_DIR = "$(SYMROOT)/DerivedSources/$(CONFIGURATION)";
			};
			name = Release;
		};
		DA34E9B8EDAD9867A6F5CC19 /* Debug */ = {
			isa = XCBuildConfiguration;
			buildSettings = {
				CLANG_CXX_LANGUAGE_STANDARD = "c++11";
				CLANG_CXX_LIBRARY = "libc++";
				CLANG_ENABLE_OBJC_ARC = YES;
				DEAD_CODE_STRIPPING = YES;
				EXECUTABLE_PREFIX = lib;
				GCC_OPTIMIZATION_LEVEL = 0;
				GCC_PREPROCESSOR_DEFINITIONS = (
					ZF_LOG_USE_NSLOG,
					"DEBUG=1",
				);
				HEADER_SEARCH_PATHS = (
					"./generated-src/objc",
					"./generated-src/cpp",
					./interface,
					./src/cpp/ui,
					deps/sqlite3,
					deps/curl,
					deps/curl/curl,
					"deps/djinni/support-lib/objc",
				);
				ONLY_ACTIVE_ARCH = YES;
				OTHER_CFLAGS = "-Wall";
				OTHER_CPLUSPLUSFLAGS = "-Wall";
				PRODUCT_NAME = gearsbox_objc;
				SDKROOT = iphoneos;
				SKIP_INSTALL = YES;
				SUPPORTED_PLATFORMS = "iphonesimulator iphoneos";
			};
			name = Debug;
		};
/* End XCBuildConfiguration section */

/* Begin XCConfigurationList section */
		22AE6E9C84110D5E7EA57D2F /* Build configuration list for PBXAggregateTarget "All" */ = {
			isa = XCConfigurationList;
			buildConfigurations = (
				67B136C10606CE2D85878F59 /* Debug */,
				4B8D124BCC5799CB606627B5 /* Release */,
			);
			defaultConfigurationIsVisible = 1;
			defaultConfigurationName = Debug;
		};
		622FEF7A44247B0F456B02CA /* Build configuration list for PBXNativeTarget "gearsbox" */ = {
			isa = XCConfigurationList;
			buildConfigurations = (
				77AD4FC0DD897912A4C83DC4 /* Debug */,
				759351E1CD24C5B9C17FC5BA /* Release */,
			);
			defaultConfigurationIsVisible = 1;
			defaultConfigurationName = Debug;
		};
		7109A993B8005F98C62DD50E /* Build configuration list for PBXNativeTarget "gearsbox_objc" */ = {
			isa = XCConfigurationList;
			buildConfigurations = (
				DA34E9B8EDAD9867A6F5CC19 /* Debug */,
				231C4FEA4364538E15765D68 /* Release */,
			);
			defaultConfigurationIsVisible = 1;
			defaultConfigurationName = Debug;
		};
		E9E9216BB526EDF7E0DEE3F0 /* Build configuration list for PBXProject "gearsbox" */ = {
			isa = XCConfigurationList;
			buildConfigurations = (
				3EE807915914A25FC71D8DAE /* Debug */,
				D4A674EC40CC163A949B4320 /* Release */,
			);
			defaultConfigurationIsVisible = 1;
			defaultConfigurationName = Debug;
		};
/* End XCConfigurationList section */
	};
	rootObject = 7F0E3F1C2EA1EF2DE33482E1 /* Project object */;
}
