// !$*UTF8*$!
{
	archiveVersion = 1;
	classes = {
	};
	objectVersion = 46;
	objects = {

/* Begin PBXAggregateTarget section */
		85A8486B71C96F4906DFC937 /* All */ = {
			isa = PBXAggregateTarget;
			buildConfigurationList = 8138FABB7E9195C4AB9D1D99 /* Build configuration list for PBXAggregateTarget "All" */;
			buildPhases = (
			);
			dependencies = (
				F33F8737F9E7922FD3EF9EB5 /* PBXTargetDependency */,
				D5E900EFB21F81385FF53FF6 /* PBXTargetDependency */,
			);
			name = All;
			productName = All;
		};
/* End PBXAggregateTarget section */

/* Begin PBXBuildFile section */
		0CB4B0618D9F311E997CEB62 /* data_imp.cpp in Sources */ = {isa = PBXBuildFile; fileRef = 7118CD527091F1F73799565A /* data_imp.cpp */; };
		0EACE9AA7A8FC91F5A3D2949 /* LPACaptureQuickMode+Private.mm in Sources */ = {isa = PBXBuildFile; fileRef = 88255FFFFCF8DAE313F84F68 /* LPACaptureQuickMode+Private.mm */; };
		1B6F31F76D55DAB06492CA06 /* capture_quick_mode.cpp in Sources */ = {isa = PBXBuildFile; fileRef = CE100D5AAF99B6D446DC6F3D /* capture_quick_mode.cpp */; };
		29B615EDD1D4F97CB5795E4F /* LPAProjectListGen+Private.mm in Sources */ = {isa = PBXBuildFile; fileRef = C30E6C0C1794E2C8909CFB3D /* LPAProjectListGen+Private.mm */; };
		4B0B76066D60044F483803CF /* LPAVideoInfo.mm in Sources */ = {isa = PBXBuildFile; fileRef = 322144243D349DA9A6555529 /* LPAVideoInfo.mm */; };
		4EB6741B12AA0C9143F27F01 /* project_cell_imp.cpp in Sources */ = {isa = PBXBuildFile; fileRef = 1B54787FB9CCE6460275E165 /* project_cell_imp.cpp */; };
		5CB2111379D845FEFAB1D068 /* logic_imp.cpp in Sources */ = {isa = PBXBuildFile; fileRef = 6883277F1B404C6059893BC7 /* logic_imp.cpp */; };
		64FD204E5BBF578485EA30E2 /* LPACaptureQuickMode.mm in Sources */ = {isa = PBXBuildFile; fileRef = 931FDB8163EED8A734DF3E3C /* LPACaptureQuickMode.mm */; };
		868AEF259E397ABE5EA73449 /* LPALogicGen+Private.mm in Sources */ = {isa = PBXBuildFile; fileRef = 444CF5ECAA96AD36120D54DA /* LPALogicGen+Private.mm */; };
		926EEBE8F5CB1ED5AB6C6E8E /* LPAConfigKeyValue.mm in Sources */ = {isa = PBXBuildFile; fileRef = 71DD55D34BF4845C437FF59B /* LPAConfigKeyValue.mm */; };
		98E248112D9671C92E66638F /* LPAUilogicGen+Private.mm in Sources */ = {isa = PBXBuildFile; fileRef = 2077AB361E391F980F3843D5 /* LPAUilogicGen+Private.mm */; };
		9FCDC0C5A4528761C2C45FA5 /* project_list_imp.cpp in Sources */ = {isa = PBXBuildFile; fileRef = BFC0F8C80448BF63E800A973 /* project_list_imp.cpp */; };
		A3A33ED08D3DFA0F96B35C44 /* LPAProjectCellGen+Private.mm in Sources */ = {isa = PBXBuildFile; fileRef = C723530A7908C1EA50793AB6 /* LPAProjectCellGen+Private.mm */; };
		A6D86A3E416D2D4776FBE3EC /* config_key_value.cpp in Sources */ = {isa = PBXBuildFile; fileRef = CA26FB735DC609FEA4DD0448 /* config_key_value.cpp */; };
		A9A6020DD549FC7BF78D1921 /* LPAVideoInfo+Private.mm in Sources */ = {isa = PBXBuildFile; fileRef = 800331BBD97D74E93D111986 /* LPAVideoInfo+Private.mm */; };
		D1C8F74DAB18AB11AE00B93E /* ui_logic_imp.cpp in Sources */ = {isa = PBXBuildFile; fileRef = 817AA61D947CC7620C0F3083 /* ui_logic_imp.cpp */; };
		F1C576BF9C5FF249E093F52D /* LPAConfigKeyValue+Private.mm in Sources */ = {isa = PBXBuildFile; fileRef = 7F27F4A3540FD6F689D811D0 /* LPAConfigKeyValue+Private.mm */; };
		F3DE0595B53D9C2DD3FFAB5F /* LPADataGen+Private.mm in Sources */ = {isa = PBXBuildFile; fileRef = 450E60AA7F9E2315B98CB852 /* LPADataGen+Private.mm */; };
/* End PBXBuildFile section */

/* Begin PBXContainerItemProxy section */
		547CAE0C8B7D01D74E3AB337 /* PBXContainerItemProxy */ = {
			isa = PBXContainerItemProxy;
			containerPortal = D292D5DD9F327DC41BA52783 /* Project object */;
			proxyType = 1;
			remoteGlobalIDString = 4CF24CD9BA7BAB17722BB209;
			remoteInfo = lapse_objc;
		};
		A7020DCD628B734D6652849C /* PBXContainerItemProxy */ = {
			isa = PBXContainerItemProxy;
			containerPortal = D292D5DD9F327DC41BA52783 /* Project object */;
			proxyType = 1;
			remoteGlobalIDString = 542A4D2E29FF11826544DCBD;
			remoteInfo = lapse;
		};
/* End PBXContainerItemProxy section */

/* Begin PBXFileReference section */
		0A0B0A71308B807401508961 /* common.gypi */ = {isa = PBXFileReference; explicitFileType = sourcecode; name = common.gypi; path = gearsbox/deps/djinni/common.gypi; sourceTree = "<group>"; };
		134F3E75A5AB5D285207D8C8 /* logic_gen.hpp */ = {isa = PBXFileReference; lastKnownFileType = text; path = logic_gen.hpp; sourceTree = "<group>"; };
		1B54787FB9CCE6460275E165 /* project_cell_imp.cpp */ = {isa = PBXFileReference; lastKnownFileType = sourcecode.cpp.cpp; path = project_cell_imp.cpp; sourceTree = "<group>"; };
		1F4495C92721797F9E9508A9 /* uilogic_gen.hpp */ = {isa = PBXFileReference; lastKnownFileType = text; path = uilogic_gen.hpp; sourceTree = "<group>"; };
		2077AB361E391F980F3843D5 /* LPAUilogicGen+Private.mm */ = {isa = PBXFileReference; lastKnownFileType = sourcecode.cpp.objcpp; path = "LPAUilogicGen+Private.mm"; sourceTree = "<group>"; };
		234F442DF1D9D8B1638FEB36 /* LPALapseEvent.h */ = {isa = PBXFileReference; lastKnownFileType = sourcecode.c.h; path = LPALapseEvent.h; sourceTree = "<group>"; };
		2354C0B8EAC89A77F468DD7C /* project_list_gen.hpp */ = {isa = PBXFileReference; lastKnownFileType = text; path = project_list_gen.hpp; sourceTree = "<group>"; };
		2A42BB47201C0D61D9466F76 /* capture_quick_mode.hpp */ = {isa = PBXFileReference; lastKnownFileType = text; path = capture_quick_mode.hpp; sourceTree = "<group>"; };
		2A52082A07C9AD6EA1E79230 /* LPAConfigKeyValue+Private.h */ = {isa = PBXFileReference; lastKnownFileType = sourcecode.c.h; path = "LPAConfigKeyValue+Private.h"; sourceTree = "<group>"; };
		322144243D349DA9A6555529 /* LPAVideoInfo.mm */ = {isa = PBXFileReference; lastKnownFileType = sourcecode.cpp.objcpp; path = LPAVideoInfo.mm; sourceTree = "<group>"; };
		3A6AAD1FB71A21780E9CC763 /* LPAProjectListGen+Private.h */ = {isa = PBXFileReference; lastKnownFileType = sourcecode.c.h; path = "LPAProjectListGen+Private.h"; sourceTree = "<group>"; };
		444CF5ECAA96AD36120D54DA /* LPALogicGen+Private.mm */ = {isa = PBXFileReference; lastKnownFileType = sourcecode.cpp.objcpp; path = "LPALogicGen+Private.mm"; sourceTree = "<group>"; };
		450E60AA7F9E2315B98CB852 /* LPADataGen+Private.mm */ = {isa = PBXFileReference; lastKnownFileType = sourcecode.cpp.objcpp; path = "LPADataGen+Private.mm"; sourceTree = "<group>"; };
		45264195E3B541E83A7EA55C /* LPAUilogicGen+Private.h */ = {isa = PBXFileReference; lastKnownFileType = sourcecode.c.h; path = "LPAUilogicGen+Private.h"; sourceTree = "<group>"; };
		48AE5A124610AD33E19C30C5 /* LPAProjectListGen.h */ = {isa = PBXFileReference; lastKnownFileType = sourcecode.c.h; path = LPAProjectListGen.h; sourceTree = "<group>"; };
		4E092F34FCF35444631C0E9F /* LPADataGen+Private.h */ = {isa = PBXFileReference; lastKnownFileType = sourcecode.c.h; path = "LPADataGen+Private.h"; sourceTree = "<group>"; };
		4E161D9EAED604C3516A0C89 /* LPALogicGen+Private.h */ = {isa = PBXFileReference; lastKnownFileType = sourcecode.c.h; path = "LPALogicGen+Private.h"; sourceTree = "<group>"; };
		6193283060BA8A04821A92BE /* LPAConfigKeyValue.h */ = {isa = PBXFileReference; lastKnownFileType = sourcecode.c.h; path = LPAConfigKeyValue.h; sourceTree = "<group>"; };
		6883277F1B404C6059893BC7 /* logic_imp.cpp */ = {isa = PBXFileReference; lastKnownFileType = sourcecode.cpp.cpp; path = logic_imp.cpp; sourceTree = "<group>"; };
		694835128325C8BDB03E0E03 /* logic_imp.hpp */ = {isa = PBXFileReference; lastKnownFileType = text; path = logic_imp.hpp; sourceTree = "<group>"; };
		6A8CD9393CFF11236BAF2A2B /* LPAProjectCellGen.h */ = {isa = PBXFileReference; lastKnownFileType = sourcecode.c.h; path = LPAProjectCellGen.h; sourceTree = "<group>"; };
		6C0E16351D40E0ECA0775BD2 /* LPAUilogicGen.h */ = {isa = PBXFileReference; lastKnownFileType = sourcecode.c.h; path = LPAUilogicGen.h; sourceTree = "<group>"; };
		7118CD527091F1F73799565A /* data_imp.cpp */ = {isa = PBXFileReference; lastKnownFileType = sourcecode.cpp.cpp; path = data_imp.cpp; sourceTree = "<group>"; };
		71DD55D34BF4845C437FF59B /* LPAConfigKeyValue.mm */ = {isa = PBXFileReference; lastKnownFileType = sourcecode.cpp.objcpp; path = LPAConfigKeyValue.mm; sourceTree = "<group>"; };
		72BA4B5584055242BA2218C8 /* LPACaptureQuickMode.h */ = {isa = PBXFileReference; lastKnownFileType = sourcecode.c.h; path = LPACaptureQuickMode.h; sourceTree = "<group>"; };
		7458CAB3C5C3BB01C0A6DC9A /* video_info.hpp */ = {isa = PBXFileReference; lastKnownFileType = text; path = video_info.hpp; sourceTree = "<group>"; };
		7F27F4A3540FD6F689D811D0 /* LPAConfigKeyValue+Private.mm */ = {isa = PBXFileReference; lastKnownFileType = sourcecode.cpp.objcpp; path = "LPAConfigKeyValue+Private.mm"; sourceTree = "<group>"; };
		800331BBD97D74E93D111986 /* LPAVideoInfo+Private.mm */ = {isa = PBXFileReference; lastKnownFileType = sourcecode.cpp.objcpp; path = "LPAVideoInfo+Private.mm"; sourceTree = "<group>"; };
		817AA61D947CC7620C0F3083 /* ui_logic_imp.cpp */ = {isa = PBXFileReference; lastKnownFileType = sourcecode.cpp.cpp; path = ui_logic_imp.cpp; sourceTree = "<group>"; };
		83EB932F28F18BACDB15E923 /* project_cell_imp.hpp */ = {isa = PBXFileReference; lastKnownFileType = text; path = project_cell_imp.hpp; sourceTree = "<group>"; };
		88255FFFFCF8DAE313F84F68 /* LPACaptureQuickMode+Private.mm */ = {isa = PBXFileReference; lastKnownFileType = sourcecode.cpp.objcpp; path = "LPACaptureQuickMode+Private.mm"; sourceTree = "<group>"; };
		8876A56C0A763AFE88E97389 /* data_imp.hpp */ = {isa = PBXFileReference; lastKnownFileType = text; path = data_imp.hpp; sourceTree = "<group>"; };
		8D63DEB770FD191237E4726E /* liblapse_objc.a */ = {isa = PBXFileReference; explicitFileType = archive.ar; includeInIndex = 0; path = liblapse_objc.a; sourceTree = BUILT_PRODUCTS_DIR; };
		9199F28A7243C79A4D0FF78C /* ui_logic_imp.hpp */ = {isa = PBXFileReference; lastKnownFileType = text; path = ui_logic_imp.hpp; sourceTree = "<group>"; };
		931FDB8163EED8A734DF3E3C /* LPACaptureQuickMode.mm */ = {isa = PBXFileReference; lastKnownFileType = sourcecode.cpp.objcpp; path = LPACaptureQuickMode.mm; sourceTree = "<group>"; };
		9575E5F85CCEE790AABB01C1 /* publish_channel.hpp */ = {isa = PBXFileReference; lastKnownFileType = text; path = publish_channel.hpp; sourceTree = "<group>"; };
		960E324E55F003FB8FAD06BA /* LPAVideoInfo.h */ = {isa = PBXFileReference; lastKnownFileType = sourcecode.c.h; path = LPAVideoInfo.h; sourceTree = "<group>"; };
		9765C5451FBEC1F0CB1A8FB9 /* LPADataGen.h */ = {isa = PBXFileReference; lastKnownFileType = sourcecode.c.h; path = LPADataGen.h; sourceTree = "<group>"; };
		9FCFFA70C2EDAEF80DCC479C /* liblapse.a */ = {isa = PBXFileReference; explicitFileType = archive.ar; includeInIndex = 0; path = liblapse.a; sourceTree = BUILT_PRODUCTS_DIR; };
		A06EAAAAE740920349B1B51F /* LPACaptureQuickMode+Private.h */ = {isa = PBXFileReference; lastKnownFileType = sourcecode.c.h; path = "LPACaptureQuickMode+Private.h"; sourceTree = "<group>"; };
		AA4B8F5F7BB2D6C5964F800F /* LPAVideoInfo+Private.h */ = {isa = PBXFileReference; lastKnownFileType = sourcecode.c.h; path = "LPAVideoInfo+Private.h"; sourceTree = "<group>"; };
		AE199B5B95B058924EEFBCD3 /* LPALapseUiScene.h */ = {isa = PBXFileReference; lastKnownFileType = sourcecode.c.h; path = LPALapseUiScene.h; sourceTree = "<group>"; };
		BAEEAC12332FEE05BB286A5B /* lapse_ui_scene.hpp */ = {isa = PBXFileReference; lastKnownFileType = text; path = lapse_ui_scene.hpp; sourceTree = "<group>"; };
		BE6C5789D5F819351C584560 /* LPAPublishChannel.h */ = {isa = PBXFileReference; lastKnownFileType = sourcecode.c.h; path = LPAPublishChannel.h; sourceTree = "<group>"; };
		BFC0F8C80448BF63E800A973 /* project_list_imp.cpp */ = {isa = PBXFileReference; lastKnownFileType = sourcecode.cpp.cpp; path = project_list_imp.cpp; sourceTree = "<group>"; };
		C30E6C0C1794E2C8909CFB3D /* LPAProjectListGen+Private.mm */ = {isa = PBXFileReference; lastKnownFileType = sourcecode.cpp.objcpp; path = "LPAProjectListGen+Private.mm"; sourceTree = "<group>"; };
		C5409558487C73F969B13B35 /* project_list_imp.hpp */ = {isa = PBXFileReference; lastKnownFileType = text; path = project_list_imp.hpp; sourceTree = "<group>"; };
		C723530A7908C1EA50793AB6 /* LPAProjectCellGen+Private.mm */ = {isa = PBXFileReference; lastKnownFileType = sourcecode.cpp.objcpp; path = "LPAProjectCellGen+Private.mm"; sourceTree = "<group>"; };
		CA26FB735DC609FEA4DD0448 /* config_key_value.cpp */ = {isa = PBXFileReference; lastKnownFileType = sourcecode.cpp.cpp; path = config_key_value.cpp; sourceTree = "<group>"; };
		CD7FE5BA94034527357D71F4 /* LPAProjectCellGen+Private.h */ = {isa = PBXFileReference; lastKnownFileType = sourcecode.c.h; path = "LPAProjectCellGen+Private.h"; sourceTree = "<group>"; };
		CE100D5AAF99B6D446DC6F3D /* capture_quick_mode.cpp */ = {isa = PBXFileReference; lastKnownFileType = sourcecode.cpp.cpp; path = capture_quick_mode.cpp; sourceTree = "<group>"; };
		D242CBDA7BA50525723AE73D /* lapse_event.hpp */ = {isa = PBXFileReference; lastKnownFileType = text; path = lapse_event.hpp; sourceTree = "<group>"; };
		D5ED4035013ED5DAAA68D1B7 /* config_key_value.hpp */ = {isa = PBXFileReference; lastKnownFileType = text; path = config_key_value.hpp; sourceTree = "<group>"; };
		D7DC1AB73DEBECCC83A6681E /* LPALogicGen.h */ = {isa = PBXFileReference; lastKnownFileType = sourcecode.c.h; path = LPALogicGen.h; sourceTree = "<group>"; };
		E24E291ED403B51BF8800463 /* project_cell_gen.hpp */ = {isa = PBXFileReference; lastKnownFileType = text; path = project_cell_gen.hpp; sourceTree = "<group>"; };
		E58E2F99D44EA6CCC143A028 /* lapse.gyp */ = {isa = PBXFileReference; explicitFileType = sourcecode; path = lapse.gyp; sourceTree = "<group>"; };
		EA2424C2ED65C6ACBBA01B66 /* data_gen.hpp */ = {isa = PBXFileReference; lastKnownFileType = text; path = data_gen.hpp; sourceTree = "<group>"; };
/* End PBXFileReference section */

/* Begin PBXFrameworksBuildPhase section */
		466AC7193C81033CE98DD43E /* Frameworks */ = {
			isa = PBXFrameworksBuildPhase;
			buildActionMask = 2147483647;
			files = (
			);
			runOnlyForDeploymentPostprocessing = 0;
		};
		F39E57269C69F8AE5215BE6F /* Frameworks */ = {
			isa = PBXFrameworksBuildPhase;
			buildActionMask = 2147483647;
			files = (
			);
			runOnlyForDeploymentPostprocessing = 0;
		};
/* End PBXFrameworksBuildPhase section */

/* Begin PBXGroup section */
		04B1B81D1BA530F93C2C6757 /* Build */ = {
			isa = PBXGroup;
			children = (
				0A0B0A71308B807401508961 /* common.gypi */,
				E58E2F99D44EA6CCC143A028 /* lapse.gyp */,
			);
			name = Build;
			sourceTree = "<group>";
		};
		2C65EFE9163101336FCE5C8D /* objc */ = {
			isa = PBXGroup;
			children = (
				A06EAAAAE740920349B1B51F /* LPACaptureQuickMode+Private.h */,
				88255FFFFCF8DAE313F84F68 /* LPACaptureQuickMode+Private.mm */,
				72BA4B5584055242BA2218C8 /* LPACaptureQuickMode.h */,
				931FDB8163EED8A734DF3E3C /* LPACaptureQuickMode.mm */,
				2A52082A07C9AD6EA1E79230 /* LPAConfigKeyValue+Private.h */,
				7F27F4A3540FD6F689D811D0 /* LPAConfigKeyValue+Private.mm */,
				6193283060BA8A04821A92BE /* LPAConfigKeyValue.h */,
				71DD55D34BF4845C437FF59B /* LPAConfigKeyValue.mm */,
				4E092F34FCF35444631C0E9F /* LPADataGen+Private.h */,
				450E60AA7F9E2315B98CB852 /* LPADataGen+Private.mm */,
				9765C5451FBEC1F0CB1A8FB9 /* LPADataGen.h */,
				234F442DF1D9D8B1638FEB36 /* LPALapseEvent.h */,
				AE199B5B95B058924EEFBCD3 /* LPALapseUiScene.h */,
				4E161D9EAED604C3516A0C89 /* LPALogicGen+Private.h */,
				444CF5ECAA96AD36120D54DA /* LPALogicGen+Private.mm */,
				D7DC1AB73DEBECCC83A6681E /* LPALogicGen.h */,
				CD7FE5BA94034527357D71F4 /* LPAProjectCellGen+Private.h */,
				C723530A7908C1EA50793AB6 /* LPAProjectCellGen+Private.mm */,
				6A8CD9393CFF11236BAF2A2B /* LPAProjectCellGen.h */,
				3A6AAD1FB71A21780E9CC763 /* LPAProjectListGen+Private.h */,
				C30E6C0C1794E2C8909CFB3D /* LPAProjectListGen+Private.mm */,
				48AE5A124610AD33E19C30C5 /* LPAProjectListGen.h */,
				BE6C5789D5F819351C584560 /* LPAPublishChannel.h */,
				45264195E3B541E83A7EA55C /* LPAUilogicGen+Private.h */,
				2077AB361E391F980F3843D5 /* LPAUilogicGen+Private.mm */,
				6C0E16351D40E0ECA0775BD2 /* LPAUilogicGen.h */,
				AA4B8F5F7BB2D6C5964F800F /* LPAVideoInfo+Private.h */,
				800331BBD97D74E93D111986 /* LPAVideoInfo+Private.mm */,
				960E324E55F003FB8FAD06BA /* LPAVideoInfo.h */,
				322144243D349DA9A6555529 /* LPAVideoInfo.mm */,
			);
			path = objc;
			sourceTree = "<group>";
		};
		6A117C21370C7C269BE03EA8 /* generated-src */ = {
			isa = PBXGroup;
			children = (
				D94F368CD676D1CD731181A8 /* cpp */,
				2C65EFE9163101336FCE5C8D /* objc */,
			);
			path = "generated-src";
			sourceTree = "<group>";
		};
		7DA3C594FE04F70C6B862A58 /* Source */ = {
			isa = PBXGroup;
			children = (
				6A117C21370C7C269BE03EA8 /* generated-src */,
				C2E56CD234DCB13D9DF6D0FE /* src/cpp */,
			);
			name = Source;
			sourceTree = "<group>";
		};
		878DE8C45F7DB5678DA1FF52 = {
			isa = PBXGroup;
			children = (
				7DA3C594FE04F70C6B862A58 /* Source */,
				92B9BB99A39C1AA1E432C70E /* Products */,
				04B1B81D1BA530F93C2C6757 /* Build */,
			);
			sourceTree = "<group>";
		};
		92B9BB99A39C1AA1E432C70E /* Products */ = {
			isa = PBXGroup;
			children = (
				9FCFFA70C2EDAEF80DCC479C /* liblapse.a */,
				8D63DEB770FD191237E4726E /* liblapse_objc.a */,
			);
			name = Products;
			sourceTree = "<group>";
		};
		C2E56CD234DCB13D9DF6D0FE /* src/cpp */ = {
			isa = PBXGroup;
			children = (
				7118CD527091F1F73799565A /* data_imp.cpp */,
				8876A56C0A763AFE88E97389 /* data_imp.hpp */,
				6883277F1B404C6059893BC7 /* logic_imp.cpp */,
				694835128325C8BDB03E0E03 /* logic_imp.hpp */,
				1B54787FB9CCE6460275E165 /* project_cell_imp.cpp */,
				83EB932F28F18BACDB15E923 /* project_cell_imp.hpp */,
				BFC0F8C80448BF63E800A973 /* project_list_imp.cpp */,
				C5409558487C73F969B13B35 /* project_list_imp.hpp */,
				817AA61D947CC7620C0F3083 /* ui_logic_imp.cpp */,
				9199F28A7243C79A4D0FF78C /* ui_logic_imp.hpp */,
			);
			path = src/cpp;
			sourceTree = "<group>";
		};
		D94F368CD676D1CD731181A8 /* cpp */ = {
			isa = PBXGroup;
			children = (
				CE100D5AAF99B6D446DC6F3D /* capture_quick_mode.cpp */,
				2A42BB47201C0D61D9466F76 /* capture_quick_mode.hpp */,
				CA26FB735DC609FEA4DD0448 /* config_key_value.cpp */,
				D5ED4035013ED5DAAA68D1B7 /* config_key_value.hpp */,
				EA2424C2ED65C6ACBBA01B66 /* data_gen.hpp */,
				D242CBDA7BA50525723AE73D /* lapse_event.hpp */,
				BAEEAC12332FEE05BB286A5B /* lapse_ui_scene.hpp */,
				134F3E75A5AB5D285207D8C8 /* logic_gen.hpp */,
				E24E291ED403B51BF8800463 /* project_cell_gen.hpp */,
				2354C0B8EAC89A77F468DD7C /* project_list_gen.hpp */,
				9575E5F85CCEE790AABB01C1 /* publish_channel.hpp */,
				1F4495C92721797F9E9508A9 /* uilogic_gen.hpp */,
				7458CAB3C5C3BB01C0A6DC9A /* video_info.hpp */,
			);
			path = cpp;
			sourceTree = "<group>";
		};
/* End PBXGroup section */

/* Begin PBXNativeTarget section */
		4CF24CD9BA7BAB17722BB209 /* lapse_objc */ = {
			isa = PBXNativeTarget;
			buildConfigurationList = 518EF890C6E4C3632502C8C2 /* Build configuration list for PBXNativeTarget "lapse_objc" */;
			buildPhases = (
				48B73CA9E02C65199B824459 /* Sources */,
				F39E57269C69F8AE5215BE6F /* Frameworks */,
			);
			buildRules = (
			);
			dependencies = (
			);
			name = lapse_objc;
			productName = lapse_objc;
			productReference = 8D63DEB770FD191237E4726E /* liblapse_objc.a */;
			productType = "com.apple.product-type.library.static";
		};
		542A4D2E29FF11826544DCBD /* lapse */ = {
			isa = PBXNativeTarget;
			buildConfigurationList = D2E37B722B9BC7AA135ADD6C /* Build configuration list for PBXNativeTarget "lapse" */;
			buildPhases = (
				EC62391E83037B976DBED95D /* Sources */,
				466AC7193C81033CE98DD43E /* Frameworks */,
			);
			buildRules = (
			);
			dependencies = (
			);
			name = lapse;
			productName = lapse;
			productReference = 9FCFFA70C2EDAEF80DCC479C /* liblapse.a */;
			productType = "com.apple.product-type.library.static";
		};
/* End PBXNativeTarget section */

/* Begin PBXProject section */
		D292D5DD9F327DC41BA52783 /* Project object */ = {
			isa = PBXProject;
			attributes = {
				BuildIndependentTargetsInParallel = YES;
			};
			buildConfigurationList = A5E8865742799BA3979398E9 /* Build configuration list for PBXProject "lapse" */;
			compatibilityVersion = "Xcode 3.2";
			developmentRegion = English;
			hasScannedForEncodings = 1;
			knownRegions = (
				en,
			);
			mainGroup = 878DE8C45F7DB5678DA1FF52;
			projectDirPath = ../..;
			projectRoot = "";
			targets = (
				85A8486B71C96F4906DFC937 /* All */,
				542A4D2E29FF11826544DCBD /* lapse */,
				4CF24CD9BA7BAB17722BB209 /* lapse_objc */,
			);
		};
/* End PBXProject section */

/* Begin PBXSourcesBuildPhase section */
		48B73CA9E02C65199B824459 /* Sources */ = {
			isa = PBXSourcesBuildPhase;
			buildActionMask = 2147483647;
			files = (
				0EACE9AA7A8FC91F5A3D2949 /* LPACaptureQuickMode+Private.mm in Sources */,
				64FD204E5BBF578485EA30E2 /* LPACaptureQuickMode.mm in Sources */,
				F1C576BF9C5FF249E093F52D /* LPAConfigKeyValue+Private.mm in Sources */,
				926EEBE8F5CB1ED5AB6C6E8E /* LPAConfigKeyValue.mm in Sources */,
				F3DE0595B53D9C2DD3FFAB5F /* LPADataGen+Private.mm in Sources */,
				868AEF259E397ABE5EA73449 /* LPALogicGen+Private.mm in Sources */,
				A3A33ED08D3DFA0F96B35C44 /* LPAProjectCellGen+Private.mm in Sources */,
				29B615EDD1D4F97CB5795E4F /* LPAProjectListGen+Private.mm in Sources */,
				98E248112D9671C92E66638F /* LPAUilogicGen+Private.mm in Sources */,
				A9A6020DD549FC7BF78D1921 /* LPAVideoInfo+Private.mm in Sources */,
				4B0B76066D60044F483803CF /* LPAVideoInfo.mm in Sources */,
			);
			runOnlyForDeploymentPostprocessing = 0;
		};
		EC62391E83037B976DBED95D /* Sources */ = {
			isa = PBXSourcesBuildPhase;
			buildActionMask = 2147483647;
			files = (
				1B6F31F76D55DAB06492CA06 /* capture_quick_mode.cpp in Sources */,
				A6D86A3E416D2D4776FBE3EC /* config_key_value.cpp in Sources */,
				0CB4B0618D9F311E997CEB62 /* data_imp.cpp in Sources */,
				5CB2111379D845FEFAB1D068 /* logic_imp.cpp in Sources */,
				4EB6741B12AA0C9143F27F01 /* project_cell_imp.cpp in Sources */,
				9FCDC0C5A4528761C2C45FA5 /* project_list_imp.cpp in Sources */,
				D1C8F74DAB18AB11AE00B93E /* ui_logic_imp.cpp in Sources */,
			);
			runOnlyForDeploymentPostprocessing = 0;
		};
/* End PBXSourcesBuildPhase section */

/* Begin PBXTargetDependency section */
		D5E900EFB21F81385FF53FF6 /* PBXTargetDependency */ = {
			isa = PBXTargetDependency;
			target = 4CF24CD9BA7BAB17722BB209 /* lapse_objc */;
			targetProxy = 547CAE0C8B7D01D74E3AB337 /* PBXContainerItemProxy */;
		};
		F33F8737F9E7922FD3EF9EB5 /* PBXTargetDependency */ = {
			isa = PBXTargetDependency;
			target = 542A4D2E29FF11826544DCBD /* lapse */;
			targetProxy = A7020DCD628B734D6652849C /* PBXContainerItemProxy */;
		};
/* End PBXTargetDependency section */

/* Begin XCBuildConfiguration section */
		172D8AA32B0BE6EAA766BB40 /* Debug */ = {
			isa = XCBuildConfiguration;
			buildSettings = {
				CLANG_CXX_LANGUAGE_STANDARD = "c++11";
				CLANG_CXX_LIBRARY = "libc++";
				CLANG_ENABLE_OBJC_ARC = YES;
				DEAD_CODE_STRIPPING = YES;
				EXECUTABLE_PREFIX = lib;
				GCC_OPTIMIZATION_LEVEL = 0;
				GCC_PREPROCESSOR_DEFINITIONS = "DEBUG=1";
				HEADER_SEARCH_PATHS = (
					"generated-src/cpp",
					src/cpp,
					gearsbox/src/cpp/ui,
					"gearsbox/generated-src/cpp",
					gearsbox/interface,
					gearsbox/deps/sqlite3,
					gearsbox/deps/curl,
					gearsbox/deps/curl/curl,
				);
				ONLY_ACTIVE_ARCH = YES;
				OTHER_CFLAGS = "-Wall";
				OTHER_CPLUSPLUSFLAGS = "-Wall";
				PRODUCT_NAME = lapse;
				SDKROOT = iphoneos;
				SKIP_INSTALL = YES;
				SUPPORTED_PLATFORMS = "iphonesimulator iphoneos";
			};
			name = Debug;
		};
		45AA5D4CCDB4372B78643A72 /* Release */ = {
			isa = XCBuildConfiguration;
			buildSettings = {
				PRODUCT_NAME = All;
			};
			name = Release;
		};
		5B9AB995A81CC44B3880F264 /* Release */ = {
			isa = XCBuildConfiguration;
			buildSettings = {
				CLANG_CXX_LANGUAGE_STANDARD = "c++11";
				CLANG_CXX_LIBRARY = "libc++";
				CLANG_ENABLE_OBJC_ARC = YES;
				DEAD_CODE_STRIPPING = YES;
				EXECUTABLE_PREFIX = lib;
				GCC_PREPROCESSOR_DEFINITIONS = "NDEBUG=1";
				HEADER_SEARCH_PATHS = (
					"generated-src/objc",
					"generated-src/cpp",
					src/cpp,
					"gearsbox/deps/djinni/support-lib/objc",
					gearsbox/src/cpp/ui,
					"gearsbox/generated-src/cpp",
					gearsbox/interface,
					gearsbox/deps/sqlite3,
					gearsbox/deps/curl,
					gearsbox/deps/curl/curl,
					"gearsbox/generated-src/objc",
					gearsbox/src/objc,
					gearsbox/deps/ffmpeg/include,
				);
				OTHER_CFLAGS = "-Wall";
				OTHER_CPLUSPLUSFLAGS = "-Wall";
				PRODUCT_NAME = lapse_objc;
				SDKROOT = iphoneos;
				SKIP_INSTALL = YES;
				SUPPORTED_PLATFORMS = "iphonesimulator iphoneos";
			};
			name = Release;
		};
		A1EA326F17D4AA06F92BBF17 /* Debug */ = {
			isa = XCBuildConfiguration;
			buildSettings = {
				INTERMEDIATE_DIR = "$(PROJECT_DERIVED_FILE_DIR)/$(CONFIGURATION)";
				SHARED_INTERMEDIATE_DIR = "$(SYMROOT)/DerivedSources/$(CONFIGURATION)";
			};
			name = Debug;
		};
		CC3130E41772D965C80F0607 /* Release */ = {
			isa = XCBuildConfiguration;
			buildSettings = {
				INTERMEDIATE_DIR = "$(PROJECT_DERIVED_FILE_DIR)/$(CONFIGURATION)";
				SHARED_INTERMEDIATE_DIR = "$(SYMROOT)/DerivedSources/$(CONFIGURATION)";
			};
			name = Release;
		};
		EB83D68A22F8B327F6354A8C /* Debug */ = {
			isa = XCBuildConfiguration;
			buildSettings = {
				PRODUCT_NAME = All;
			};
			name = Debug;
		};
		F3A026BBF382E94B5DDC6F64 /* Release */ = {
			isa = XCBuildConfiguration;
			buildSettings = {
				CLANG_CXX_LANGUAGE_STANDARD = "c++11";
				CLANG_CXX_LIBRARY = "libc++";
				CLANG_ENABLE_OBJC_ARC = YES;
				DEAD_CODE_STRIPPING = YES;
				EXECUTABLE_PREFIX = lib;
				GCC_PREPROCESSOR_DEFINITIONS = "NDEBUG=1";
				HEADER_SEARCH_PATHS = (
					"generated-src/cpp",
					src/cpp,
					gearsbox/src/cpp/ui,
					"gearsbox/generated-src/cpp",
					gearsbox/interface,
					gearsbox/deps/sqlite3,
					gearsbox/deps/curl,
					gearsbox/deps/curl/curl,
				);
				OTHER_CFLAGS = "-Wall";
				OTHER_CPLUSPLUSFLAGS = "-Wall";
				PRODUCT_NAME = lapse;
				SDKROOT = iphoneos;
				SKIP_INSTALL = YES;
				SUPPORTED_PLATFORMS = "iphonesimulator iphoneos";
			};
			name = Release;
		};
		F48AED67338C0D72EFE727D6 /* Debug */ = {
			isa = XCBuildConfiguration;
			buildSettings = {
				CLANG_CXX_LANGUAGE_STANDARD = "c++11";
				CLANG_CXX_LIBRARY = "libc++";
				CLANG_ENABLE_OBJC_ARC = YES;
				DEAD_CODE_STRIPPING = YES;
				EXECUTABLE_PREFIX = lib;
				GCC_OPTIMIZATION_LEVEL = 0;
				GCC_PREPROCESSOR_DEFINITIONS = "DEBUG=1";
				HEADER_SEARCH_PATHS = (
					"generated-src/objc",
					"generated-src/cpp",
					src/cpp,
					"gearsbox/deps/djinni/support-lib/objc",
					gearsbox/src/cpp/ui,
					"gearsbox/generated-src/cpp",
					gearsbox/interface,
					gearsbox/deps/sqlite3,
					gearsbox/deps/curl,
					gearsbox/deps/curl/curl,
					"gearsbox/generated-src/objc",
					gearsbox/src/objc,
					gearsbox/deps/ffmpeg/include,
				);
				ONLY_ACTIVE_ARCH = YES;
				OTHER_CFLAGS = "-Wall";
				OTHER_CPLUSPLUSFLAGS = "-Wall";
				PRODUCT_NAME = lapse_objc;
				SDKROOT = iphoneos;
				SKIP_INSTALL = YES;
				SUPPORTED_PLATFORMS = "iphonesimulator iphoneos";
			};
			name = Debug;
		};
/* End XCBuildConfiguration section */

/* Begin XCConfigurationList section */
		518EF890C6E4C3632502C8C2 /* Build configuration list for PBXNativeTarget "lapse_objc" */ = {
			isa = XCConfigurationList;
			buildConfigurations = (
				F48AED67338C0D72EFE727D6 /* Debug */,
				5B9AB995A81CC44B3880F264 /* Release */,
			);
			defaultConfigurationIsVisible = 1;
			defaultConfigurationName = Debug;
		};
		8138FABB7E9195C4AB9D1D99 /* Build configuration list for PBXAggregateTarget "All" */ = {
			isa = XCConfigurationList;
			buildConfigurations = (
				EB83D68A22F8B327F6354A8C /* Debug */,
				45AA5D4CCDB4372B78643A72 /* Release */,
			);
			defaultConfigurationIsVisible = 1;
			defaultConfigurationName = Debug;
		};
		A5E8865742799BA3979398E9 /* Build configuration list for PBXProject "lapse" */ = {
			isa = XCConfigurationList;
			buildConfigurations = (
				A1EA326F17D4AA06F92BBF17 /* Debug */,
				CC3130E41772D965C80F0607 /* Release */,
			);
			defaultConfigurationIsVisible = 1;
			defaultConfigurationName = Debug;
		};
		D2E37B722B9BC7AA135ADD6C /* Build configuration list for PBXNativeTarget "lapse" */ = {
			isa = XCConfigurationList;
			buildConfigurations = (
				172D8AA32B0BE6EAA766BB40 /* Debug */,
				F3A026BBF382E94B5DDC6F64 /* Release */,
			);
			defaultConfigurationIsVisible = 1;
			defaultConfigurationName = Debug;
		};
/* End XCConfigurationList section */
	};
	rootObject = D292D5DD9F327DC41BA52783 /* Project object */;
}
