// !$*UTF8*$!
{
	archiveVersion = 1;
	classes = {
	};
	objectVersion = 46;
	objects = {

/* Begin PBXAggregateTarget section */
		85A8486B71C96F4906DFC937 /* All */ = {
			isa = PBXAggregateTarget;
			buildConfigurationList = 8138FABB7E9195C4AB9D1D99 /* Build configuration list for PBXAggregateTarget "All" */;
			buildPhases = (
			);
			dependencies = (
				F33F8737F9E7922FD3EF9EB5 /* PBXTargetDependency */,
				D5E900EFB21F81385FF53FF6 /* PBXTargetDependency */,
				CE5059E89B895777C67E88F6 /* PBXTargetDependency */,
				75A6E824D553AB0F001DDDF3 /* PBXTargetDependency */,
			);
			name = All;
			productName = All;
		};
/* End PBXAggregateTarget section */

/* Begin PBXBuildFile section */
		081F2EA3312D466AAAB6DEC9 /* lapse_setting_dlg_imp.cpp in Sources */ = {isa = PBXBuildFile; fileRef = BD1E14FD1D5089AF48BE8734 /* lapse_setting_dlg_imp.cpp */; };
		092E3DDBA0D644B779F91137 /* logic_imp.cpp in Sources */ = {isa = PBXBuildFile; fileRef = 6883277F1B404C6059893BC7 /* logic_imp.cpp */; };
		10EE6ABFFF95CB1C4EB9B5F0 /* data_imp.cpp in Sources */ = {isa = PBXBuildFile; fileRef = 7118CD527091F1F73799565A /* data_imp.cpp */; };
		11930F446B2D1024A40943CF /* project_list_imp.cpp in Sources */ = {isa = PBXBuildFile; fileRef = BFC0F8C80448BF63E800A973 /* project_list_imp.cpp */; };
		1198F5349BB83689BB9FFBFE /* LPALapseSettingDlgDelegate+Private.mm in Sources */ = {isa = PBXBuildFile; fileRef = F8DFDB40B9760C0C9000E534 /* LPALapseSettingDlgDelegate+Private.mm */; };
		14EFED268DB7E65AC01A0E68 /* libcurl.a in Frameworks */ = {isa = PBXBuildFile; fileRef = C722D1804D8163105725C938 /* libcurl.a */; };
		1570987875CFEA6F88C44880 /* liblapse.a in Frameworks */ = {isa = PBXBuildFile; fileRef = 9FCFFA70C2EDAEF80DCC479C /* liblapse.a */; };
		1C12BE2DDFA0BFAEBC120A98 /* LPALapseSettingDlgGen+Private.mm in Sources */ = {isa = PBXBuildFile; fileRef = 51524D696D9B154C3CF311DF /* LPALapseSettingDlgGen+Private.mm */; };
		296C111F68DFE6DB81BC83EF /* lapse_setting_imp.cpp in Sources */ = {isa = PBXBuildFile; fileRef = 5B03AE5E4D1304BE4BA4ABD6 /* lapse_setting_imp.cpp */; };
		2F490E8A40EF6066CF02CB2C /* libgtest.a in Frameworks */ = {isa = PBXBuildFile; fileRef = B5FE83F4AD0DDAB401290E66 /* libgtest.a */; };
		35A117136EB2AD0CCF73956E /* libgearsbox.a in Frameworks */ = {isa = PBXBuildFile; fileRef = C9497A33F4DC131A0361E6C2 /* libgearsbox.a */; };
		3AA1542B0E9C09D0847A06AC /* libuv.a in Frameworks */ = {isa = PBXBuildFile; fileRef = 319E0214D2C1305D18A882B2 /* libuv.a */; };
		3E4FB7478A4F8FBCD55AFB0F /* project_cell_imp.cpp in Sources */ = {isa = PBXBuildFile; fileRef = 1B54787FB9CCE6460275E165 /* project_cell_imp.cpp */; };
		4A3DA4021220BD5CFCA90709 /* config_key_value.cpp in Sources */ = {isa = PBXBuildFile; fileRef = CA26FB735DC609FEA4DD0448 /* config_key_value.cpp */; };
		4D768B960F07B0D5DF8F9B4E /* ui_logic_imp.cpp in Sources */ = {isa = PBXBuildFile; fileRef = 817AA61D947CC7620C0F3083 /* ui_logic_imp.cpp */; };
		570449B24A9B0D22DEF1D84E /* capture_quick_mode.cpp in Sources */ = {isa = PBXBuildFile; fileRef = CE100D5AAF99B6D446DC6F3D /* capture_quick_mode.cpp */; };
		575562EB08D26860A3D0D39F /* quick_mode_imp.cpp in Sources */ = {isa = PBXBuildFile; fileRef = B0914F3B63F754658AA57E4D /* quick_mode_imp.cpp */; };
		57B6327D8457889233BE0835 /* LPACaptureQuickMode+Private.mm in Sources */ = {isa = PBXBuildFile; fileRef = 88255FFFFCF8DAE313F84F68 /* LPACaptureQuickMode+Private.mm */; };
		6E271B60668C483C42EAB726 /* LPADataGen+Private.mm in Sources */ = {isa = PBXBuildFile; fileRef = 450E60AA7F9E2315B98CB852 /* LPADataGen+Private.mm */; };
		744D1FE2A0ADE9F4DB8D63BD /* LPAConfigKeyValue.mm in Sources */ = {isa = PBXBuildFile; fileRef = 71DD55D34BF4845C437FF59B /* LPAConfigKeyValue.mm */; };
		7755A6696DD612EB12CDB47D /* libcurl.a in Frameworks */ = {isa = PBXBuildFile; fileRef = C722D1804D8163105725C938 /* libcurl.a */; };
		788C8E24B9C73732DF204DBE /* LPAConfigKeyValue+Private.mm in Sources */ = {isa = PBXBuildFile; fileRef = 7F27F4A3540FD6F689D811D0 /* LPAConfigKeyValue+Private.mm */; };
		7A7583E66127C93DAA6D6094 /* LPALapseSettingUiGen+Private.mm in Sources */ = {isa = PBXBuildFile; fileRef = A4B1DE8A01DDE0919AC3DAB6 /* LPALapseSettingUiGen+Private.mm */; };
		7AE73EC3701CDC29C81252FB /* LPAQuickModeGen+Private.mm in Sources */ = {isa = PBXBuildFile; fileRef = 29A87E3EA69F51BDFB75F8A9 /* LPAQuickModeGen+Private.mm */; };
		7C7D59AFC7FB05F1DC71FA57 /* libsqlite3.a in Frameworks */ = {isa = PBXBuildFile; fileRef = 5F093AA41E41943F022E9326 /* libsqlite3.a */; };
		8639B1FEB53B97FFD6268674 /* LPALogicGen+Private.mm in Sources */ = {isa = PBXBuildFile; fileRef = 444CF5ECAA96AD36120D54DA /* LPALogicGen+Private.mm */; };
		8E36BFED2D869CCAF4C6BEDA /* LPAVideoInfo.mm in Sources */ = {isa = PBXBuildFile; fileRef = 322144243D349DA9A6555529 /* LPAVideoInfo.mm */; };
		901937873CE2C6A8FBA5523F /* LPACaptureQuickMode.mm in Sources */ = {isa = PBXBuildFile; fileRef = 931FDB8163EED8A734DF3E3C /* LPACaptureQuickMode.mm */; };
		972D6B4E74CC792229A635EF /* libsqlite3.a in Frameworks */ = {isa = PBXBuildFile; fileRef = 5F093AA41E41943F022E9326 /* libsqlite3.a */; };
		97537A2E1E174A1B583DB373 /* LPALapseSettingGen+Private.mm in Sources */ = {isa = PBXBuildFile; fileRef = 8B8079D522DAA429BAD40F77 /* LPALapseSettingGen+Private.mm */; };
		9A0D7227085EB27B3BFD3614 /* LPAVideoInfo+Private.mm in Sources */ = {isa = PBXBuildFile; fileRef = 800331BBD97D74E93D111986 /* LPAVideoInfo+Private.mm */; };
		9B5E369CCB0AAF36547D2090 /* -lm in Frameworks */ = {isa = PBXBuildFile; fileRef = 8BF3DA040F4280C8E5DF01DB /* -lm */; };
		B11BE255F515FCC38B045E47 /* libuv.a in Frameworks */ = {isa = PBXBuildFile; fileRef = 319E0214D2C1305D18A882B2 /* libuv.a */; };
		CB5592B3E585E37900F32F32 /* LPAProjectListGen+Private.mm in Sources */ = {isa = PBXBuildFile; fileRef = C30E6C0C1794E2C8909CFB3D /* LPAProjectListGen+Private.mm */; };
		CD8547C8EFF2703A08077719 /* liblapse.a in Frameworks */ = {isa = PBXBuildFile; fileRef = 9FCFFA70C2EDAEF80DCC479C /* liblapse.a */; };
		DB39804413ACE1993868F277 /* LPAUilogicGen+Private.mm in Sources */ = {isa = PBXBuildFile; fileRef = 2077AB361E391F980F3843D5 /* LPAUilogicGen+Private.mm */; };
		E0238F0F74FF971EA757A59E /* LPAProjectCellGen+Private.mm in Sources */ = {isa = PBXBuildFile; fileRef = C723530A7908C1EA50793AB6 /* LPAProjectCellGen+Private.mm */; };
		E1387BC5CB4DBF6B8907C8A4 /* -lm in Frameworks */ = {isa = PBXBuildFile; fileRef = 8BF3DA040F4280C8E5DF01DB /* -lm */; };
		ED08C57D6DF6D8D8B2FE8A1F /* libgearsbox.a in Frameworks */ = {isa = PBXBuildFile; fileRef = C9497A33F4DC131A0361E6C2 /* libgearsbox.a */; };
/* End PBXBuildFile section */

/* Begin PBXContainerItemProxy section */
		0661A00E6BE78E739E27CFFA /* PBXContainerItemProxy */ = {
			isa = PBXContainerItemProxy;
			containerPortal = 3E4BE43F5BD000FA1B7133B1 /* sqlite3.xcodeproj */;
			proxyType = 2;
			remoteGlobalIDString = 7E48F2BBAC1B0A6856E26F26;
			remoteInfo = sqlite3;
		};
		0D5F8A6695679DD83CE7DC5C /* PBXContainerItemProxy */ = {
			isa = PBXContainerItemProxy;
			containerPortal = C1749A4D24DF3E9BC7599AB9 /* gearsbox.xcodeproj */;
			proxyType = 2;
			remoteGlobalIDString = 7F537FA3265475F5591EA5BD;
			remoteInfo = test;
		};
		0E1FE787C28EB2477598E0EF /* PBXContainerItemProxy */ = {
			isa = PBXContainerItemProxy;
			containerPortal = B6F3E0BD1C62AD091AAE1023 /* uv.xcodeproj */;
			proxyType = 2;
			remoteGlobalIDString = 1366FBDA3B41EA03E9CC86CA;
			remoteInfo = libuv;
		};
		153115CD66B2B51AC8B377EF /* PBXContainerItemProxy */ = {
			isa = PBXContainerItemProxy;
			containerPortal = C1749A4D24DF3E9BC7599AB9 /* gearsbox.xcodeproj */;
			proxyType = 2;
			remoteGlobalIDString = 45DD4DE04106DB9D6B96E9D6;
			remoteInfo = gearsbox_objc;
		};
		170C97065373C631441B3140 /* PBXContainerItemProxy */ = {
			isa = PBXContainerItemProxy;
			containerPortal = C1749A4D24DF3E9BC7599AB9 /* gearsbox.xcodeproj */;
			proxyType = 1;
			remoteGlobalIDString = 03D9CB78F2638B3F0B13B8BC;
			remoteInfo = gearsbox;
		};
		1AA3B485D6EBDA15B50C6179 /* PBXContainerItemProxy */ = {
			isa = PBXContainerItemProxy;
			containerPortal = DDBD68A5FD25750B2EC1D1C2 /* gtest.xcodeproj */;
			proxyType = 1;
			remoteGlobalIDString = 203C595AB0E93BB1CB960E12;
			remoteInfo = gtest;
		};
		3B395DDA3E5865520AF4E156 /* PBXContainerItemProxy */ = {
			isa = PBXContainerItemProxy;
			containerPortal = D292D5DD9F327DC41BA52783 /* Project object */;
			proxyType = 1;
			remoteGlobalIDString = 542A4D2E29FF11826544DCBD;
			remoteInfo = lapse;
		};
		3C1BE01ADB80C5D10F49897F /* PBXContainerItemProxy */ = {
			isa = PBXContainerItemProxy;
			containerPortal = 869C98CC039D4947D21AACF6 /* libcurl.xcodeproj */;
			proxyType = 2;
			remoteGlobalIDString = 939A76A22F96172735F31158;
			remoteInfo = libcurl;
		};
		48059F0ECCB8281577DA4ADA /* PBXContainerItemProxy */ = {
			isa = PBXContainerItemProxy;
			containerPortal = D292D5DD9F327DC41BA52783 /* Project object */;
			proxyType = 1;
			remoteGlobalIDString = 55718AE1CAB4712D2FB225D2;
			remoteInfo = test;
		};
		4DB2CDE6773E0B34D33A4274 /* PBXContainerItemProxy */ = {
			isa = PBXContainerItemProxy;
			containerPortal = D292D5DD9F327DC41BA52783 /* Project object */;
			proxyType = 1;
			remoteGlobalIDString = 542A4D2E29FF11826544DCBD;
			remoteInfo = lapse;
		};
		547CAE0C8B7D01D74E3AB337 /* PBXContainerItemProxy */ = {
			isa = PBXContainerItemProxy;
			containerPortal = D292D5DD9F327DC41BA52783 /* Project object */;
			proxyType = 1;
			remoteGlobalIDString = 4CF24CD9BA7BAB17722BB209;
			remoteInfo = lapse_objc;
		};
		59A7A1678006C17B9957A9D1 /* PBXContainerItemProxy */ = {
			isa = PBXContainerItemProxy;
			containerPortal = 3E4BE43F5BD000FA1B7133B1 /* sqlite3.xcodeproj */;
			proxyType = 1;
			remoteGlobalIDString = 7E8C0CF30B4F67B456B17551;
			remoteInfo = sqlite3;
		};
		77D856F555FFAE0FCFB7B67E /* PBXContainerItemProxy */ = {
			isa = PBXContainerItemProxy;
			containerPortal = C1749A4D24DF3E9BC7599AB9 /* gearsbox.xcodeproj */;
			proxyType = 2;
			remoteGlobalIDString = 19B370ED43C38131B635AD67;
			remoteInfo = gearsbox;
		};
		850CE114F696CD7C59BBA3B0 /* PBXContainerItemProxy */ = {
			isa = PBXContainerItemProxy;
			containerPortal = C1749A4D24DF3E9BC7599AB9 /* gearsbox.xcodeproj */;
			proxyType = 1;
			remoteGlobalIDString = 03D9CB78F2638B3F0B13B8BC;
			remoteInfo = gearsbox;
		};
		87C63D0D58DA78C8CD1211DE /* PBXContainerItemProxy */ = {
			isa = PBXContainerItemProxy;
			containerPortal = 869C98CC039D4947D21AACF6 /* libcurl.xcodeproj */;
			proxyType = 1;
			remoteGlobalIDString = F3B339C557535B404B172AAE;
			remoteInfo = libcurl;
		};
		8D32A1C14A427A92DCC988E4 /* PBXContainerItemProxy */ = {
			isa = PBXContainerItemProxy;
			containerPortal = 3E4BE43F5BD000FA1B7133B1 /* sqlite3.xcodeproj */;
			proxyType = 1;
			remoteGlobalIDString = 7E8C0CF30B4F67B456B17551;
			remoteInfo = sqlite3;
		};
		A7020DCD628B734D6652849C /* PBXContainerItemProxy */ = {
			isa = PBXContainerItemProxy;
			containerPortal = D292D5DD9F327DC41BA52783 /* Project object */;
			proxyType = 1;
			remoteGlobalIDString = 542A4D2E29FF11826544DCBD;
			remoteInfo = lapse;
		};
		AC6CA5E8518A185DF3F05029 /* PBXContainerItemProxy */ = {
			isa = PBXContainerItemProxy;
			containerPortal = D292D5DD9F327DC41BA52783 /* Project object */;
			proxyType = 1;
			remoteGlobalIDString = 8199A0A82622EEBC3DCECFE6;
			remoteInfo = gtest;
		};
		B154DBAFCF6957E80FF71B9C /* PBXContainerItemProxy */ = {
			isa = PBXContainerItemProxy;
			containerPortal = B6F3E0BD1C62AD091AAE1023 /* uv.xcodeproj */;
			proxyType = 1;
			remoteGlobalIDString = 178071661CB321BB5A46AC92;
			remoteInfo = libuv;
		};
		B75D9430FDB3940FDA7ED342 /* PBXContainerItemProxy */ = {
			isa = PBXContainerItemProxy;
			containerPortal = C1749A4D24DF3E9BC7599AB9 /* gearsbox.xcodeproj */;
			proxyType = 1;
			remoteGlobalIDString = 26AE2D2B37EA8C03F2F3AF97;
			remoteInfo = gtest;
		};
		C657B9D11F9032D6B078CE3B /* PBXContainerItemProxy */ = {
			isa = PBXContainerItemProxy;
			containerPortal = B6F3E0BD1C62AD091AAE1023 /* uv.xcodeproj */;
			proxyType = 1;
			remoteGlobalIDString = 178071661CB321BB5A46AC92;
			remoteInfo = libuv;
		};
		E181B42DC8B102B11D14C125 /* PBXContainerItemProxy */ = {
			isa = PBXContainerItemProxy;
			containerPortal = C1749A4D24DF3E9BC7599AB9 /* gearsbox.xcodeproj */;
			proxyType = 1;
			remoteGlobalIDString = 88BB243D8DBF42C2DB2F7D35;
			remoteInfo = test;
		};
		E30E57409FF1B92182803FFA /* PBXContainerItemProxy */ = {
			isa = PBXContainerItemProxy;
			containerPortal = DDBD68A5FD25750B2EC1D1C2 /* gtest.xcodeproj */;
			proxyType = 2;
			remoteGlobalIDString = E0B3F1FB50FAAB76B5E11021;
			remoteInfo = gtest;
		};
		E618FA4C89B5BAABFDFE66FF /* PBXContainerItemProxy */ = {
			isa = PBXContainerItemProxy;
			containerPortal = 869C98CC039D4947D21AACF6 /* libcurl.xcodeproj */;
			proxyType = 1;
			remoteGlobalIDString = F3B339C557535B404B172AAE;
			remoteInfo = libcurl;
		};
		F2BBBACE02D9840174848410 /* PBXContainerItemProxy */ = {
			isa = PBXContainerItemProxy;
			containerPortal = C1749A4D24DF3E9BC7599AB9 /* gearsbox.xcodeproj */;
			proxyType = 2;
			remoteGlobalIDString = 15385A5D18BC596C5A4B43B9;
			remoteInfo = gtest;
		};
/* End PBXContainerItemProxy section */

/* Begin PBXFileReference section */
		0509A572E4214BF5A2953D2D /* LPAQuickModeGen+Private.h */ = {isa = PBXFileReference; lastKnownFileType = sourcecode.c.h; path = "LPAQuickModeGen+Private.h"; sourceTree = "<group>"; };
		0A087D025C94C09C2823A7EE /* quick_mode_imp.hpp */ = {isa = PBXFileReference; lastKnownFileType = text; path = quick_mode_imp.hpp; sourceTree = "<group>"; };
		0A0B0A71308B807401508961 /* common.gypi */ = {isa = PBXFileReference; explicitFileType = sourcecode; name = common.gypi; path = gearsbox/deps/djinni/common.gypi; sourceTree = "<group>"; };
		1214925AE86AE297EF57142F /* lapse_setting_ui_gen.hpp */ = {isa = PBXFileReference; lastKnownFileType = text; path = lapse_setting_ui_gen.hpp; sourceTree = "<group>"; };
		134F3E75A5AB5D285207D8C8 /* logic_gen.hpp */ = {isa = PBXFileReference; lastKnownFileType = text; path = logic_gen.hpp; sourceTree = "<group>"; };
		1B54787FB9CCE6460275E165 /* project_cell_imp.cpp */ = {isa = PBXFileReference; lastKnownFileType = sourcecode.cpp.cpp; path = project_cell_imp.cpp; sourceTree = "<group>"; };
		1C6FF8C449A1AB6F7926881C /* lapse_setting_imp.hpp */ = {isa = PBXFileReference; lastKnownFileType = text; path = lapse_setting_imp.hpp; sourceTree = "<group>"; };
		1EBBA68D2E46665ABB445025 /* LPALapseSettingDlgGen+Private.h */ = {isa = PBXFileReference; lastKnownFileType = sourcecode.c.h; path = "LPALapseSettingDlgGen+Private.h"; sourceTree = "<group>"; };
		1F4495C92721797F9E9508A9 /* uilogic_gen.hpp */ = {isa = PBXFileReference; lastKnownFileType = text; path = uilogic_gen.hpp; sourceTree = "<group>"; };
		2077AB361E391F980F3843D5 /* LPAUilogicGen+Private.mm */ = {isa = PBXFileReference; lastKnownFileType = sourcecode.cpp.objcpp; path = "LPAUilogicGen+Private.mm"; sourceTree = "<group>"; };
		234F442DF1D9D8B1638FEB36 /* LPALapseEvent.h */ = {isa = PBXFileReference; lastKnownFileType = sourcecode.c.h; path = LPALapseEvent.h; sourceTree = "<group>"; };
		2354C0B8EAC89A77F468DD7C /* project_list_gen.hpp */ = {isa = PBXFileReference; lastKnownFileType = text; path = project_list_gen.hpp; sourceTree = "<group>"; };
		29A87E3EA69F51BDFB75F8A9 /* LPAQuickModeGen+Private.mm */ = {isa = PBXFileReference; lastKnownFileType = sourcecode.cpp.objcpp; path = "LPAQuickModeGen+Private.mm"; sourceTree = "<group>"; };
		2A42BB47201C0D61D9466F76 /* capture_quick_mode.hpp */ = {isa = PBXFileReference; lastKnownFileType = text; path = capture_quick_mode.hpp; sourceTree = "<group>"; };
		2A52082A07C9AD6EA1E79230 /* LPAConfigKeyValue+Private.h */ = {isa = PBXFileReference; lastKnownFileType = sourcecode.c.h; path = "LPAConfigKeyValue+Private.h"; sourceTree = "<group>"; };
		322144243D349DA9A6555529 /* LPAVideoInfo.mm */ = {isa = PBXFileReference; lastKnownFileType = sourcecode.cpp.objcpp; path = LPAVideoInfo.mm; sourceTree = "<group>"; };
		3A6AAD1FB71A21780E9CC763 /* LPAProjectListGen+Private.h */ = {isa = PBXFileReference; lastKnownFileType = sourcecode.c.h; path = "LPAProjectListGen+Private.h"; sourceTree = "<group>"; };
		3E4BE43F5BD000FA1B7133B1 /* sqlite3.xcodeproj */ = {isa = PBXFileReference; lastKnownFileType = "wrapper.pb-project"; name = sqlite3.xcodeproj; path = build_mac/gearsbox/deps/sqlite3/sqlite3.xcodeproj; sourceTree = SOURCE_ROOT; };
		41BE3C7E0EA365BAAC8F4B33 /* LPAIntervalMode.h */ = {isa = PBXFileReference; lastKnownFileType = sourcecode.c.h; path = LPAIntervalMode.h; sourceTree = "<group>"; };
		444CF5ECAA96AD36120D54DA /* LPALogicGen+Private.mm */ = {isa = PBXFileReference; lastKnownFileType = sourcecode.cpp.objcpp; path = "LPALogicGen+Private.mm"; sourceTree = "<group>"; };
		450E60AA7F9E2315B98CB852 /* LPADataGen+Private.mm */ = {isa = PBXFileReference; lastKnownFileType = sourcecode.cpp.objcpp; path = "LPADataGen+Private.mm"; sourceTree = "<group>"; };
		45264195E3B541E83A7EA55C /* LPAUilogicGen+Private.h */ = {isa = PBXFileReference; lastKnownFileType = sourcecode.c.h; path = "LPAUilogicGen+Private.h"; sourceTree = "<group>"; };
		48AE5A124610AD33E19C30C5 /* LPAProjectListGen.h */ = {isa = PBXFileReference; lastKnownFileType = sourcecode.c.h; path = LPAProjectListGen.h; sourceTree = "<group>"; };
		4A89FA3EB599379231EBAF9C /* LPALapseSettingDlgDelegate+Private.h */ = {isa = PBXFileReference; lastKnownFileType = sourcecode.c.h; path = "LPALapseSettingDlgDelegate+Private.h"; sourceTree = "<group>"; };
		4E092F34FCF35444631C0E9F /* LPADataGen+Private.h */ = {isa = PBXFileReference; lastKnownFileType = sourcecode.c.h; path = "LPADataGen+Private.h"; sourceTree = "<group>"; };
		4E161D9EAED604C3516A0C89 /* LPALogicGen+Private.h */ = {isa = PBXFileReference; lastKnownFileType = sourcecode.c.h; path = "LPALogicGen+Private.h"; sourceTree = "<group>"; };
		51524D696D9B154C3CF311DF /* LPALapseSettingDlgGen+Private.mm */ = {isa = PBXFileReference; lastKnownFileType = sourcecode.cpp.objcpp; path = "LPALapseSettingDlgGen+Private.mm"; sourceTree = "<group>"; };
		5965B7617FE3377770F8FCBF /* LPALapseSettingGen+Private.h */ = {isa = PBXFileReference; lastKnownFileType = sourcecode.c.h; path = "LPALapseSettingGen+Private.h"; sourceTree = "<group>"; };
		5B03AE5E4D1304BE4BA4ABD6 /* lapse_setting_imp.cpp */ = {isa = PBXFileReference; lastKnownFileType = sourcecode.cpp.cpp; path = lapse_setting_imp.cpp; sourceTree = "<group>"; };
		6193283060BA8A04821A92BE /* LPAConfigKeyValue.h */ = {isa = PBXFileReference; lastKnownFileType = sourcecode.c.h; path = LPAConfigKeyValue.h; sourceTree = "<group>"; };
		61EF6729DEC1B24F077B444A /* LPAQuickModeGen.h */ = {isa = PBXFileReference; lastKnownFileType = sourcecode.c.h; path = LPAQuickModeGen.h; sourceTree = "<group>"; };
		6883277F1B404C6059893BC7 /* logic_imp.cpp */ = {isa = PBXFileReference; lastKnownFileType = sourcecode.cpp.cpp; path = logic_imp.cpp; sourceTree = "<group>"; };
		694835128325C8BDB03E0E03 /* logic_imp.hpp */ = {isa = PBXFileReference; lastKnownFileType = text; path = logic_imp.hpp; sourceTree = "<group>"; };
		6A8CD9393CFF11236BAF2A2B /* LPAProjectCellGen.h */ = {isa = PBXFileReference; lastKnownFileType = sourcecode.c.h; path = LPAProjectCellGen.h; sourceTree = "<group>"; };
		6C0E16351D40E0ECA0775BD2 /* LPAUilogicGen.h */ = {isa = PBXFileReference; lastKnownFileType = sourcecode.c.h; path = LPAUilogicGen.h; sourceTree = "<group>"; };
		6EAB7126B21FB05246E3ADEF /* lapse_setting_dlg_gen.hpp */ = {isa = PBXFileReference; lastKnownFileType = text; path = lapse_setting_dlg_gen.hpp; sourceTree = "<group>"; };
		70DFE5C3B9AB805107F05F6C /* interval_mode.hpp */ = {isa = PBXFileReference; lastKnownFileType = text; path = interval_mode.hpp; sourceTree = "<group>"; };
		7118CD527091F1F73799565A /* data_imp.cpp */ = {isa = PBXFileReference; lastKnownFileType = sourcecode.cpp.cpp; path = data_imp.cpp; sourceTree = "<group>"; };
		71DD55D34BF4845C437FF59B /* LPAConfigKeyValue.mm */ = {isa = PBXFileReference; lastKnownFileType = sourcecode.cpp.objcpp; path = LPAConfigKeyValue.mm; sourceTree = "<group>"; };
		72BA4B5584055242BA2218C8 /* LPACaptureQuickMode.h */ = {isa = PBXFileReference; lastKnownFileType = sourcecode.c.h; path = LPACaptureQuickMode.h; sourceTree = "<group>"; };
		7458CAB3C5C3BB01C0A6DC9A /* video_info.hpp */ = {isa = PBXFileReference; lastKnownFileType = text; path = video_info.hpp; sourceTree = "<group>"; };
		74F0938AB722EE3869EED3BC /* lapse_setting_gen.hpp */ = {isa = PBXFileReference; lastKnownFileType = text; path = lapse_setting_gen.hpp; sourceTree = "<group>"; };
		7630295C3C5E3E39FADCB9A6 /* lapse_setting_dlg_imp.hpp */ = {isa = PBXFileReference; lastKnownFileType = text; path = lapse_setting_dlg_imp.hpp; sourceTree = "<group>"; };
		7F27F4A3540FD6F689D811D0 /* LPAConfigKeyValue+Private.mm */ = {isa = PBXFileReference; lastKnownFileType = sourcecode.cpp.objcpp; path = "LPAConfigKeyValue+Private.mm"; sourceTree = "<group>"; };
		800331BBD97D74E93D111986 /* LPAVideoInfo+Private.mm */ = {isa = PBXFileReference; lastKnownFileType = sourcecode.cpp.objcpp; path = "LPAVideoInfo+Private.mm"; sourceTree = "<group>"; };
		817AA61D947CC7620C0F3083 /* ui_logic_imp.cpp */ = {isa = PBXFileReference; lastKnownFileType = sourcecode.cpp.cpp; path = ui_logic_imp.cpp; sourceTree = "<group>"; };
		83EB932F28F18BACDB15E923 /* project_cell_imp.hpp */ = {isa = PBXFileReference; lastKnownFileType = text; path = project_cell_imp.hpp; sourceTree = "<group>"; };
		869C98CC039D4947D21AACF6 /* libcurl.xcodeproj */ = {isa = PBXFileReference; lastKnownFileType = "wrapper.pb-project"; name = libcurl.xcodeproj; path = build_mac/gearsbox/deps/curl/libcurl.xcodeproj; sourceTree = SOURCE_ROOT; };
		876C8E89282CDD4CBD792FEA /* LPALapseSettingDlgDelegate.h */ = {isa = PBXFileReference; lastKnownFileType = sourcecode.c.h; path = LPALapseSettingDlgDelegate.h; sourceTree = "<group>"; };
		881FB1D9E375A4684880A376 /* LPALapseSettingDlgGen.h */ = {isa = PBXFileReference; lastKnownFileType = sourcecode.c.h; path = LPALapseSettingDlgGen.h; sourceTree = "<group>"; };
		88255FFFFCF8DAE313F84F68 /* LPACaptureQuickMode+Private.mm */ = {isa = PBXFileReference; lastKnownFileType = sourcecode.cpp.objcpp; path = "LPACaptureQuickMode+Private.mm"; sourceTree = "<group>"; };
		8876A56C0A763AFE88E97389 /* data_imp.hpp */ = {isa = PBXFileReference; lastKnownFileType = text; path = data_imp.hpp; sourceTree = "<group>"; };
		8B8079D522DAA429BAD40F77 /* LPALapseSettingGen+Private.mm */ = {isa = PBXFileReference; lastKnownFileType = sourcecode.cpp.objcpp; path = "LPALapseSettingGen+Private.mm"; sourceTree = "<group>"; };
		8BF3DA040F4280C8E5DF01DB /* -lm */ = {isa = PBXFileReference; lastKnownFileType = text; path = "-lm"; sourceTree = "<group>"; };
		8D63DEB770FD191237E4726E /* liblapse_objc.a */ = {isa = PBXFileReference; explicitFileType = archive.ar; includeInIndex = 0; path = liblapse_objc.a; sourceTree = BUILT_PRODUCTS_DIR; };
		8FE0A6A42804D85FD69C70DB /* LPALapseSettingUiGen+Private.h */ = {isa = PBXFileReference; lastKnownFileType = sourcecode.c.h; path = "LPALapseSettingUiGen+Private.h"; sourceTree = "<group>"; };
		9199F28A7243C79A4D0FF78C /* ui_logic_imp.hpp */ = {isa = PBXFileReference; lastKnownFileType = text; path = ui_logic_imp.hpp; sourceTree = "<group>"; };
		931FDB8163EED8A734DF3E3C /* LPACaptureQuickMode.mm */ = {isa = PBXFileReference; lastKnownFileType = sourcecode.cpp.objcpp; path = LPACaptureQuickMode.mm; sourceTree = "<group>"; };
		9575E5F85CCEE790AABB01C1 /* publish_channel.hpp */ = {isa = PBXFileReference; lastKnownFileType = text; path = publish_channel.hpp; sourceTree = "<group>"; };
		960E324E55F003FB8FAD06BA /* LPAVideoInfo.h */ = {isa = PBXFileReference; lastKnownFileType = sourcecode.c.h; path = LPAVideoInfo.h; sourceTree = "<group>"; };
		9765C5451FBEC1F0CB1A8FB9 /* LPADataGen.h */ = {isa = PBXFileReference; lastKnownFileType = sourcecode.c.h; path = LPADataGen.h; sourceTree = "<group>"; };
		9FCFFA70C2EDAEF80DCC479C /* liblapse.a */ = {isa = PBXFileReference; explicitFileType = archive.ar; includeInIndex = 0; path = liblapse.a; sourceTree = BUILT_PRODUCTS_DIR; };
		A06EAAAAE740920349B1B51F /* LPACaptureQuickMode+Private.h */ = {isa = PBXFileReference; lastKnownFileType = sourcecode.c.h; path = "LPACaptureQuickMode+Private.h"; sourceTree = "<group>"; };
		A4B1DE8A01DDE0919AC3DAB6 /* LPALapseSettingUiGen+Private.mm */ = {isa = PBXFileReference; lastKnownFileType = sourcecode.cpp.objcpp; path = "LPALapseSettingUiGen+Private.mm"; sourceTree = "<group>"; };
		AA4B8F5F7BB2D6C5964F800F /* LPAVideoInfo+Private.h */ = {isa = PBXFileReference; lastKnownFileType = sourcecode.c.h; path = "LPAVideoInfo+Private.h"; sourceTree = "<group>"; };
		AE199B5B95B058924EEFBCD3 /* LPALapseUiScene.h */ = {isa = PBXFileReference; lastKnownFileType = sourcecode.c.h; path = LPALapseUiScene.h; sourceTree = "<group>"; };
		B0914F3B63F754658AA57E4D /* quick_mode_imp.cpp */ = {isa = PBXFileReference; lastKnownFileType = sourcecode.cpp.cpp; path = quick_mode_imp.cpp; sourceTree = "<group>"; };
		B6F3E0BD1C62AD091AAE1023 /* uv.xcodeproj */ = {isa = PBXFileReference; lastKnownFileType = "wrapper.pb-project"; name = uv.xcodeproj; path = build_mac/gearsbox/deps/libuv/uv.xcodeproj; sourceTree = SOURCE_ROOT; };
		BAEEAC12332FEE05BB286A5B /* lapse_ui_scene.hpp */ = {isa = PBXFileReference; lastKnownFileType = text; path = lapse_ui_scene.hpp; sourceTree = "<group>"; };
		BD1E14FD1D5089AF48BE8734 /* lapse_setting_dlg_imp.cpp */ = {isa = PBXFileReference; lastKnownFileType = sourcecode.cpp.cpp; path = lapse_setting_dlg_imp.cpp; sourceTree = "<group>"; };
		BE6C5789D5F819351C584560 /* LPAPublishChannel.h */ = {isa = PBXFileReference; lastKnownFileType = sourcecode.c.h; path = LPAPublishChannel.h; sourceTree = "<group>"; };
		BFC0F8C80448BF63E800A973 /* project_list_imp.cpp */ = {isa = PBXFileReference; lastKnownFileType = sourcecode.cpp.cpp; path = project_list_imp.cpp; sourceTree = "<group>"; };
		C1749A4D24DF3E9BC7599AB9 /* gearsbox.xcodeproj */ = {isa = PBXFileReference; lastKnownFileType = "wrapper.pb-project"; name = gearsbox.xcodeproj; path = build_mac/gearsbox/gearsbox.xcodeproj; sourceTree = SOURCE_ROOT; };
		C30E6C0C1794E2C8909CFB3D /* LPAProjectListGen+Private.mm */ = {isa = PBXFileReference; lastKnownFileType = sourcecode.cpp.objcpp; path = "LPAProjectListGen+Private.mm"; sourceTree = "<group>"; };
		C5409558487C73F969B13B35 /* project_list_imp.hpp */ = {isa = PBXFileReference; lastKnownFileType = text; path = project_list_imp.hpp; sourceTree = "<group>"; };
		C6C7B9699AE9922A43974E69 /* LPALapseSettingUiGen.h */ = {isa = PBXFileReference; lastKnownFileType = sourcecode.c.h; path = LPALapseSettingUiGen.h; sourceTree = "<group>"; };
		C723530A7908C1EA50793AB6 /* LPAProjectCellGen+Private.mm */ = {isa = PBXFileReference; lastKnownFileType = sourcecode.cpp.objcpp; path = "LPAProjectCellGen+Private.mm"; sourceTree = "<group>"; };
		CA26FB735DC609FEA4DD0448 /* config_key_value.cpp */ = {isa = PBXFileReference; lastKnownFileType = sourcecode.cpp.cpp; path = config_key_value.cpp; sourceTree = "<group>"; };
		CD7FE5BA94034527357D71F4 /* LPAProjectCellGen+Private.h */ = {isa = PBXFileReference; lastKnownFileType = sourcecode.c.h; path = "LPAProjectCellGen+Private.h"; sourceTree = "<group>"; };
		CE100D5AAF99B6D446DC6F3D /* capture_quick_mode.cpp */ = {isa = PBXFileReference; lastKnownFileType = sourcecode.cpp.cpp; path = capture_quick_mode.cpp; sourceTree = "<group>"; };
		D242CBDA7BA50525723AE73D /* lapse_event.hpp */ = {isa = PBXFileReference; lastKnownFileType = text; path = lapse_event.hpp; sourceTree = "<group>"; };
		D2A8A4599791954D25AA673B /* gtest */ = {isa = PBXFileReference; explicitFileType = "compiled.mach-o.executable"; includeInIndex = 0; path = gtest; sourceTree = BUILT_PRODUCTS_DIR; };
		D436FA4C2284BF0BD5B93A9A /* quick_mode_gen.hpp */ = {isa = PBXFileReference; lastKnownFileType = text; path = quick_mode_gen.hpp; sourceTree = "<group>"; };
		D5ED4035013ED5DAAA68D1B7 /* config_key_value.hpp */ = {isa = PBXFileReference; lastKnownFileType = text; path = config_key_value.hpp; sourceTree = "<group>"; };
		D716964F1597FF0060A65CC8 /* LPALapseSettingGen.h */ = {isa = PBXFileReference; lastKnownFileType = sourcecode.c.h; path = LPALapseSettingGen.h; sourceTree = "<group>"; };
		D7DC1AB73DEBECCC83A6681E /* LPALogicGen.h */ = {isa = PBXFileReference; lastKnownFileType = sourcecode.c.h; path = LPALogicGen.h; sourceTree = "<group>"; };
		DDBD68A5FD25750B2EC1D1C2 /* gtest.xcodeproj */ = {isa = PBXFileReference; lastKnownFileType = "wrapper.pb-project"; name = gtest.xcodeproj; path = build_mac/gearsbox/deps/gtest.xcodeproj; sourceTree = SOURCE_ROOT; };
		E24E291ED403B51BF8800463 /* project_cell_gen.hpp */ = {isa = PBXFileReference; lastKnownFileType = text; path = project_cell_gen.hpp; sourceTree = "<group>"; };
		E58E2F99D44EA6CCC143A028 /* lapse.gyp */ = {isa = PBXFileReference; explicitFileType = sourcecode; path = lapse.gyp; sourceTree = "<group>"; };
		EA2424C2ED65C6ACBBA01B66 /* data_gen.hpp */ = {isa = PBXFileReference; lastKnownFileType = text; path = data_gen.hpp; sourceTree = "<group>"; };
		F763F2B112DB9C7E50811B49 /* test */ = {isa = PBXFileReference; explicitFileType = "compiled.mach-o.executable"; includeInIndex = 0; path = test; sourceTree = BUILT_PRODUCTS_DIR; };
		F80809595810B8BEA54D2693 /* lapse_setting_dlg_delegate.hpp */ = {isa = PBXFileReference; lastKnownFileType = text; path = lapse_setting_dlg_delegate.hpp; sourceTree = "<group>"; };
		F8DFDB40B9760C0C9000E534 /* LPALapseSettingDlgDelegate+Private.mm */ = {isa = PBXFileReference; lastKnownFileType = sourcecode.cpp.objcpp; path = "LPALapseSettingDlgDelegate+Private.mm"; sourceTree = "<group>"; };
/* End PBXFileReference section */

/* Begin PBXFrameworksBuildPhase section */
		466AC7193C81033CE98DD43E /* Frameworks */ = {
			isa = PBXFrameworksBuildPhase;
			buildActionMask = 2147483647;
			files = (
			);
			runOnlyForDeploymentPostprocessing = 0;
		};
		D80A7ACC9E88487564060041 /* Frameworks */ = {
			isa = PBXFrameworksBuildPhase;
			buildActionMask = 2147483647;
			files = (
				1570987875CFEA6F88C44880 /* liblapse.a in Frameworks */,
				35A117136EB2AD0CCF73956E /* libgearsbox.a in Frameworks */,
				7C7D59AFC7FB05F1DC71FA57 /* libsqlite3.a in Frameworks */,
				14EFED268DB7E65AC01A0E68 /* libcurl.a in Frameworks */,
				3AA1542B0E9C09D0847A06AC /* libuv.a in Frameworks */,
				9B5E369CCB0AAF36547D2090 /* -lm in Frameworks */,
			);
			runOnlyForDeploymentPostprocessing = 0;
		};
		F39E57269C69F8AE5215BE6F /* Frameworks */ = {
			isa = PBXFrameworksBuildPhase;
			buildActionMask = 2147483647;
			files = (
			);
			runOnlyForDeploymentPostprocessing = 0;
		};
		F7119A61042114FD9E493AF2 /* Frameworks */ = {
			isa = PBXFrameworksBuildPhase;
			buildActionMask = 2147483647;
			files = (
				CD8547C8EFF2703A08077719 /* liblapse.a in Frameworks */,
				2F490E8A40EF6066CF02CB2C /* libgtest.a in Frameworks */,
				ED08C57D6DF6D8D8B2FE8A1F /* libgearsbox.a in Frameworks */,
				972D6B4E74CC792229A635EF /* libsqlite3.a in Frameworks */,
				7755A6696DD612EB12CDB47D /* libcurl.a in Frameworks */,
				B11BE255F515FCC38B045E47 /* libuv.a in Frameworks */,
				E1387BC5CB4DBF6B8907C8A4 /* -lm in Frameworks */,
			);
			runOnlyForDeploymentPostprocessing = 0;
		};
/* End PBXFrameworksBuildPhase section */

/* Begin PBXGroup section */
		04B1B81D1BA530F93C2C6757 /* Build */ = {
			isa = PBXGroup;
			children = (
				0A0B0A71308B807401508961 /* common.gypi */,
				E58E2F99D44EA6CCC143A028 /* lapse.gyp */,
			);
			name = Build;
			sourceTree = "<group>";
		};
		11E88532B3BF1979C08BA5CD /* cpp */ = {
			isa = PBXGroup;
			children = (
				CE100D5AAF99B6D446DC6F3D /* capture_quick_mode.cpp */,
				2A42BB47201C0D61D9466F76 /* capture_quick_mode.hpp */,
				CA26FB735DC609FEA4DD0448 /* config_key_value.cpp */,
				D5ED4035013ED5DAAA68D1B7 /* config_key_value.hpp */,
				EA2424C2ED65C6ACBBA01B66 /* data_gen.hpp */,
				70DFE5C3B9AB805107F05F6C /* interval_mode.hpp */,
				D242CBDA7BA50525723AE73D /* lapse_event.hpp */,
				F80809595810B8BEA54D2693 /* lapse_setting_dlg_delegate.hpp */,
				6EAB7126B21FB05246E3ADEF /* lapse_setting_dlg_gen.hpp */,
				74F0938AB722EE3869EED3BC /* lapse_setting_gen.hpp */,
				1214925AE86AE297EF57142F /* lapse_setting_ui_gen.hpp */,
				BAEEAC12332FEE05BB286A5B /* lapse_ui_scene.hpp */,
				134F3E75A5AB5D285207D8C8 /* logic_gen.hpp */,
				E24E291ED403B51BF8800463 /* project_cell_gen.hpp */,
				2354C0B8EAC89A77F468DD7C /* project_list_gen.hpp */,
				9575E5F85CCEE790AABB01C1 /* publish_channel.hpp */,
				D436FA4C2284BF0BD5B93A9A /* quick_mode_gen.hpp */,
				1F4495C92721797F9E9508A9 /* uilogic_gen.hpp */,
				7458CAB3C5C3BB01C0A6DC9A /* video_info.hpp */,
			);
			path = cpp;
			sourceTree = "<group>";
		};
		22F3A358C6F16B2A99F0FC47 /* src/cpp */ = {
			isa = PBXGroup;
			children = (
				7118CD527091F1F73799565A /* data_imp.cpp */,
				8876A56C0A763AFE88E97389 /* data_imp.hpp */,
				BD1E14FD1D5089AF48BE8734 /* lapse_setting_dlg_imp.cpp */,
				7630295C3C5E3E39FADCB9A6 /* lapse_setting_dlg_imp.hpp */,
				5B03AE5E4D1304BE4BA4ABD6 /* lapse_setting_imp.cpp */,
				1C6FF8C449A1AB6F7926881C /* lapse_setting_imp.hpp */,
				6883277F1B404C6059893BC7 /* logic_imp.cpp */,
				694835128325C8BDB03E0E03 /* logic_imp.hpp */,
				1B54787FB9CCE6460275E165 /* project_cell_imp.cpp */,
				83EB932F28F18BACDB15E923 /* project_cell_imp.hpp */,
				BFC0F8C80448BF63E800A973 /* project_list_imp.cpp */,
				C5409558487C73F969B13B35 /* project_list_imp.hpp */,
				B0914F3B63F754658AA57E4D /* quick_mode_imp.cpp */,
				0A087D025C94C09C2823A7EE /* quick_mode_imp.hpp */,
				817AA61D947CC7620C0F3083 /* ui_logic_imp.cpp */,
				9199F28A7243C79A4D0FF78C /* ui_logic_imp.hpp */,
			);
			path = src/cpp;
			sourceTree = "<group>";
		};
		56CD9339F193640A61BCB3A7 = {
			isa = PBXGroup;
			children = (
				7DA3C594FE04F70C6B862A58 /* Source */,
				E463E9529821A883AEE98206 /* Projects */,
				965232FB81F970E5DEA80582 /* Frameworks */,
				B9B3FDEF357AA37B48209A46 /* Products */,
				04B1B81D1BA530F93C2C6757 /* Build */,
			);
			sourceTree = "<group>";
		};
		593BDA10734A362E4512B2CA /* objc */ = {
			isa = PBXGroup;
			children = (
				A06EAAAAE740920349B1B51F /* LPACaptureQuickMode+Private.h */,
				88255FFFFCF8DAE313F84F68 /* LPACaptureQuickMode+Private.mm */,
				72BA4B5584055242BA2218C8 /* LPACaptureQuickMode.h */,
				931FDB8163EED8A734DF3E3C /* LPACaptureQuickMode.mm */,
				2A52082A07C9AD6EA1E79230 /* LPAConfigKeyValue+Private.h */,
				7F27F4A3540FD6F689D811D0 /* LPAConfigKeyValue+Private.mm */,
				6193283060BA8A04821A92BE /* LPAConfigKeyValue.h */,
				71DD55D34BF4845C437FF59B /* LPAConfigKeyValue.mm */,
				4E092F34FCF35444631C0E9F /* LPADataGen+Private.h */,
				450E60AA7F9E2315B98CB852 /* LPADataGen+Private.mm */,
				9765C5451FBEC1F0CB1A8FB9 /* LPADataGen.h */,
				41BE3C7E0EA365BAAC8F4B33 /* LPAIntervalMode.h */,
				234F442DF1D9D8B1638FEB36 /* LPALapseEvent.h */,
				4A89FA3EB599379231EBAF9C /* LPALapseSettingDlgDelegate+Private.h */,
				F8DFDB40B9760C0C9000E534 /* LPALapseSettingDlgDelegate+Private.mm */,
				876C8E89282CDD4CBD792FEA /* LPALapseSettingDlgDelegate.h */,
				1EBBA68D2E46665ABB445025 /* LPALapseSettingDlgGen+Private.h */,
				51524D696D9B154C3CF311DF /* LPALapseSettingDlgGen+Private.mm */,
				881FB1D9E375A4684880A376 /* LPALapseSettingDlgGen.h */,
				5965B7617FE3377770F8FCBF /* LPALapseSettingGen+Private.h */,
				8B8079D522DAA429BAD40F77 /* LPALapseSettingGen+Private.mm */,
				D716964F1597FF0060A65CC8 /* LPALapseSettingGen.h */,
				8FE0A6A42804D85FD69C70DB /* LPALapseSettingUiGen+Private.h */,
				A4B1DE8A01DDE0919AC3DAB6 /* LPALapseSettingUiGen+Private.mm */,
				C6C7B9699AE9922A43974E69 /* LPALapseSettingUiGen.h */,
				AE199B5B95B058924EEFBCD3 /* LPALapseUiScene.h */,
				4E161D9EAED604C3516A0C89 /* LPALogicGen+Private.h */,
				444CF5ECAA96AD36120D54DA /* LPALogicGen+Private.mm */,
				D7DC1AB73DEBECCC83A6681E /* LPALogicGen.h */,
				CD7FE5BA94034527357D71F4 /* LPAProjectCellGen+Private.h */,
				C723530A7908C1EA50793AB6 /* LPAProjectCellGen+Private.mm */,
				6A8CD9393CFF11236BAF2A2B /* LPAProjectCellGen.h */,
				3A6AAD1FB71A21780E9CC763 /* LPAProjectListGen+Private.h */,
				C30E6C0C1794E2C8909CFB3D /* LPAProjectListGen+Private.mm */,
				48AE5A124610AD33E19C30C5 /* LPAProjectListGen.h */,
				BE6C5789D5F819351C584560 /* LPAPublishChannel.h */,
				0509A572E4214BF5A2953D2D /* LPAQuickModeGen+Private.h */,
				29A87E3EA69F51BDFB75F8A9 /* LPAQuickModeGen+Private.mm */,
				61EF6729DEC1B24F077B444A /* LPAQuickModeGen.h */,
				45264195E3B541E83A7EA55C /* LPAUilogicGen+Private.h */,
				2077AB361E391F980F3843D5 /* LPAUilogicGen+Private.mm */,
				6C0E16351D40E0ECA0775BD2 /* LPAUilogicGen.h */,
				AA4B8F5F7BB2D6C5964F800F /* LPAVideoInfo+Private.h */,
				800331BBD97D74E93D111986 /* LPAVideoInfo+Private.mm */,
				960E324E55F003FB8FAD06BA /* LPAVideoInfo.h */,
				322144243D349DA9A6555529 /* LPAVideoInfo.mm */,
			);
			path = objc;
			sourceTree = "<group>";
		};
		5C11BFB7A552E42629A05422 /* Products */ = {
			isa = PBXGroup;
			children = (
				C722D1804D8163105725C938 /* libcurl.a */,
			);
			name = Products;
			sourceTree = "<group>";
		};
		6A117C21370C7C269BE03EA8 /* generated-src */ = {
			isa = PBXGroup;
			children = (
				11E88532B3BF1979C08BA5CD /* cpp */,
				593BDA10734A362E4512B2CA /* objc */,
			);
			path = "generated-src";
			sourceTree = "<group>";
		};
		7DA3C594FE04F70C6B862A58 /* Source */ = {
			isa = PBXGroup;
			children = (
				6A117C21370C7C269BE03EA8 /* generated-src */,
				22F3A358C6F16B2A99F0FC47 /* src/cpp */,
			);
			name = Source;
			sourceTree = "<group>";
		};
		965232FB81F970E5DEA80582 /* Frameworks */ = {
			isa = PBXGroup;
			children = (
				8BF3DA040F4280C8E5DF01DB /* -lm */,
			);
			name = Frameworks;
			sourceTree = "<group>";
		};
		A43F4CE70CEC6B9B39E5C592 /* Products */ = {
			isa = PBXGroup;
			children = (
				319E0214D2C1305D18A882B2 /* libuv.a */,
			);
			name = Products;
			sourceTree = "<group>";
		};
		B9B3FDEF357AA37B48209A46 /* Products */ = {
			isa = PBXGroup;
			children = (
				9FCFFA70C2EDAEF80DCC479C /* liblapse.a */,
				8D63DEB770FD191237E4726E /* liblapse_objc.a */,
				D2A8A4599791954D25AA673B /* gtest */,
				F763F2B112DB9C7E50811B49 /* test */,
			);
			name = Products;
			sourceTree = "<group>";
		};
		CB1465A58626CA427DB787D9 /* Products */ = {
			isa = PBXGroup;
			children = (
				B5FE83F4AD0DDAB401290E66 /* libgtest.a */,
			);
			name = Products;
			sourceTree = "<group>";
		};
		DAE474C670D072ABB2A7F031 /* Products */ = {
			isa = PBXGroup;
			children = (
				5F093AA41E41943F022E9326 /* libsqlite3.a */,
			);
			name = Products;
			sourceTree = "<group>";
		};
		E463E9529821A883AEE98206 /* Projects */ = {
			isa = PBXGroup;
			children = (
				C1749A4D24DF3E9BC7599AB9 /* gearsbox.xcodeproj */,
				DDBD68A5FD25750B2EC1D1C2 /* gtest.xcodeproj */,
				869C98CC039D4947D21AACF6 /* libcurl.xcodeproj */,
				3E4BE43F5BD000FA1B7133B1 /* sqlite3.xcodeproj */,
				B6F3E0BD1C62AD091AAE1023 /* uv.xcodeproj */,
			);
			name = Projects;
			sourceTree = "<group>";
		};
		F376815BC0861DA4DF08E1FB /* Products */ = {
			isa = PBXGroup;
			children = (
				C9497A33F4DC131A0361E6C2 /* libgearsbox.a */,
				03757E864E5B1B9E14EC93B1 /* libgearsbox_objc.a */,
				8FB30AB9D70526A2DFE9B7C5 /* gtest */,
				57942638FDA4E22B75D35AF0 /* test */,
			);
			name = Products;
			sourceTree = "<group>";
		};
/* End PBXGroup section */

/* Begin PBXNativeTarget section */
		4CF24CD9BA7BAB17722BB209 /* lapse_objc */ = {
			isa = PBXNativeTarget;
			buildConfigurationList = 518EF890C6E4C3632502C8C2 /* Build configuration list for PBXNativeTarget "lapse_objc" */;
			buildPhases = (
				48B73CA9E02C65199B824459 /* Sources */,
				F39E57269C69F8AE5215BE6F /* Frameworks */,
			);
			buildRules = (
			);
			dependencies = (
			);
			name = lapse_objc;
			productName = lapse_objc;
			productReference = 8D63DEB770FD191237E4726E /* liblapse_objc.a */;
			productType = "com.apple.product-type.library.static";
		};
		542A4D2E29FF11826544DCBD /* lapse */ = {
			isa = PBXNativeTarget;
			buildConfigurationList = D2E37B722B9BC7AA135ADD6C /* Build configuration list for PBXNativeTarget "lapse" */;
			buildPhases = (
				EC62391E83037B976DBED95D /* Sources */,
				466AC7193C81033CE98DD43E /* Frameworks */,
			);
			buildRules = (
			);
			dependencies = (
			);
			name = lapse;
			productName = lapse;
			productReference = 9FCFFA70C2EDAEF80DCC479C /* liblapse.a */;
			productType = "com.apple.product-type.library.static";
		};
		55718AE1CAB4712D2FB225D2 /* test */ = {
			isa = PBXNativeTarget;
			buildConfigurationList = DFDFF914A7A7A171E8DB4A1D /* Build configuration list for PBXNativeTarget "test" */;
			buildPhases = (
				3F818EB1002FB81B8CD0C0A3 /* Sources */,
				D80A7ACC9E88487564060041 /* Frameworks */,
			);
			buildRules = (
			);
			dependencies = (
				E16201EBE8604F81917FFAC7 /* PBXTargetDependency */,
				8D1AD4783BAE0840AC7D5847 /* PBXTargetDependency */,
				AD5D3C151D55B7F3532CEE5D /* PBXTargetDependency */,
				3C2DC5349B63572786B8819C /* PBXTargetDependency */,
				EDF2731451E501ECD51DF87F /* PBXTargetDependency */,
				95FBED1BF84D8FF193868D89 /* PBXTargetDependency */,
			);
			name = test;
			productName = test;
			productReference = F763F2B112DB9C7E50811B49 /* test */;
			productType = "com.apple.product-type.tool";
		};
		8199A0A82622EEBC3DCECFE6 /* gtest */ = {
			isa = PBXNativeTarget;
			buildConfigurationList = AEF8B3B08F4C9430BE9899D8 /* Build configuration list for PBXNativeTarget "gtest" */;
			buildPhases = (
				8AA938677D8F6631A68FD376 /* Sources */,
				F7119A61042114FD9E493AF2 /* Frameworks */,
			);
			buildRules = (
			);
			dependencies = (
				E942704EAE3CDF52BFE1D078 /* PBXTargetDependency */,
				5E7E2727228E048B4D04F619 /* PBXTargetDependency */,
				B40CEEBD718C5EF9CE51922D /* PBXTargetDependency */,
				677F5B1179A5B131480A9FAA /* PBXTargetDependency */,
				6C45CD001563FD8B00CD91CC /* PBXTargetDependency */,
				F118A031843A77FBEED74077 /* PBXTargetDependency */,
				6C4A74E7CBB0F41083C0A47E /* PBXTargetDependency */,
			);
			name = gtest;
			productName = gtest;
			productReference = D2A8A4599791954D25AA673B /* gtest */;
			productType = "com.apple.product-type.tool";
		};
/* End PBXNativeTarget section */

/* Begin PBXProject section */
		D292D5DD9F327DC41BA52783 /* Project object */ = {
			isa = PBXProject;
			attributes = {
				BuildIndependentTargetsInParallel = YES;
			};
			buildConfigurationList = A5E8865742799BA3979398E9 /* Build configuration list for PBXProject "lapse" */;
			compatibilityVersion = "Xcode 3.2";
			hasScannedForEncodings = 1;
			mainGroup = 56CD9339F193640A61BCB3A7;
			projectDirPath = ..;
			projectReferences = (
				{
					ProductGroup = F376815BC0861DA4DF08E1FB /* Products */;
					ProjectRef = C1749A4D24DF3E9BC7599AB9 /* gearsbox.xcodeproj */;
				},
				{
					ProductGroup = CB1465A58626CA427DB787D9 /* Products */;
					ProjectRef = DDBD68A5FD25750B2EC1D1C2 /* gtest.xcodeproj */;
				},
				{
					ProductGroup = 5C11BFB7A552E42629A05422 /* Products */;
					ProjectRef = 869C98CC039D4947D21AACF6 /* libcurl.xcodeproj */;
				},
				{
					ProductGroup = DAE474C670D072ABB2A7F031 /* Products */;
					ProjectRef = 3E4BE43F5BD000FA1B7133B1 /* sqlite3.xcodeproj */;
				},
				{
					ProductGroup = A43F4CE70CEC6B9B39E5C592 /* Products */;
					ProjectRef = B6F3E0BD1C62AD091AAE1023 /* uv.xcodeproj */;
				},
			);
			projectRoot = "";
			targets = (
				85A8486B71C96F4906DFC937 /* All */,
				542A4D2E29FF11826544DCBD /* lapse */,
				4CF24CD9BA7BAB17722BB209 /* lapse_objc */,
				8199A0A82622EEBC3DCECFE6 /* gtest */,
				55718AE1CAB4712D2FB225D2 /* test */,
			);
		};
/* End PBXProject section */

/* Begin PBXReferenceProxy section */
		03757E864E5B1B9E14EC93B1 /* libgearsbox_objc.a */ = {
			isa = PBXReferenceProxy;
			fileType = archive.ar;
			path = libgearsbox_objc.a;
			remoteRef = 153115CD66B2B51AC8B377EF /* PBXContainerItemProxy */;
			sourceTree = BUILT_PRODUCTS_DIR;
		};
		319E0214D2C1305D18A882B2 /* libuv.a */ = {
			isa = PBXReferenceProxy;
			fileType = archive.ar;
			path = libuv.a;
			remoteRef = 0E1FE787C28EB2477598E0EF /* PBXContainerItemProxy */;
			sourceTree = BUILT_PRODUCTS_DIR;
		};
		57942638FDA4E22B75D35AF0 /* test */ = {
			isa = PBXReferenceProxy;
			fileType = "compiled.mach-o.executable";
			path = test;
			remoteRef = 0D5F8A6695679DD83CE7DC5C /* PBXContainerItemProxy */;
			sourceTree = BUILT_PRODUCTS_DIR;
		};
		5F093AA41E41943F022E9326 /* libsqlite3.a */ = {
			isa = PBXReferenceProxy;
			fileType = archive.ar;
			path = libsqlite3.a;
			remoteRef = 0661A00E6BE78E739E27CFFA /* PBXContainerItemProxy */;
			sourceTree = BUILT_PRODUCTS_DIR;
		};
		8FB30AB9D70526A2DFE9B7C5 /* gtest */ = {
			isa = PBXReferenceProxy;
			fileType = "compiled.mach-o.executable";
			path = gtest;
			remoteRef = F2BBBACE02D9840174848410 /* PBXContainerItemProxy */;
			sourceTree = BUILT_PRODUCTS_DIR;
		};
		B5FE83F4AD0DDAB401290E66 /* libgtest.a */ = {
			isa = PBXReferenceProxy;
			fileType = archive.ar;
			path = libgtest.a;
			remoteRef = E30E57409FF1B92182803FFA /* PBXContainerItemProxy */;
			sourceTree = BUILT_PRODUCTS_DIR;
		};
		C722D1804D8163105725C938 /* libcurl.a */ = {
			isa = PBXReferenceProxy;
			fileType = archive.ar;
			path = libcurl.a;
			remoteRef = 3C1BE01ADB80C5D10F49897F /* PBXContainerItemProxy */;
			sourceTree = BUILT_PRODUCTS_DIR;
		};
		C9497A33F4DC131A0361E6C2 /* libgearsbox.a */ = {
			isa = PBXReferenceProxy;
			fileType = archive.ar;
			path = libgearsbox.a;
			remoteRef = 77D856F555FFAE0FCFB7B67E /* PBXContainerItemProxy */;
			sourceTree = BUILT_PRODUCTS_DIR;
		};
/* End PBXReferenceProxy section */

/* Begin PBXSourcesBuildPhase section */
		3F818EB1002FB81B8CD0C0A3 /* Sources */ = {
			isa = PBXSourcesBuildPhase;
			buildActionMask = 2147483647;
			files = (
			);
			runOnlyForDeploymentPostprocessing = 0;
		};
		48B73CA9E02C65199B824459 /* Sources */ = {
			isa = PBXSourcesBuildPhase;
			buildActionMask = 2147483647;
			files = (
				57B6327D8457889233BE0835 /* LPACaptureQuickMode+Private.mm in Sources */,
				901937873CE2C6A8FBA5523F /* LPACaptureQuickMode.mm in Sources */,
				788C8E24B9C73732DF204DBE /* LPAConfigKeyValue+Private.mm in Sources */,
				744D1FE2A0ADE9F4DB8D63BD /* LPAConfigKeyValue.mm in Sources */,
				6E271B60668C483C42EAB726 /* LPADataGen+Private.mm in Sources */,
				1198F5349BB83689BB9FFBFE /* LPALapseSettingDlgDelegate+Private.mm in Sources */,
				1C12BE2DDFA0BFAEBC120A98 /* LPALapseSettingDlgGen+Private.mm in Sources */,
				97537A2E1E174A1B583DB373 /* LPALapseSettingGen+Private.mm in Sources */,
				7A7583E66127C93DAA6D6094 /* LPALapseSettingUiGen+Private.mm in Sources */,
				8639B1FEB53B97FFD6268674 /* LPALogicGen+Private.mm in Sources */,
				E0238F0F74FF971EA757A59E /* LPAProjectCellGen+Private.mm in Sources */,
				CB5592B3E585E37900F32F32 /* LPAProjectListGen+Private.mm in Sources */,
				7AE73EC3701CDC29C81252FB /* LPAQuickModeGen+Private.mm in Sources */,
				DB39804413ACE1993868F277 /* LPAUilogicGen+Private.mm in Sources */,
				9A0D7227085EB27B3BFD3614 /* LPAVideoInfo+Private.mm in Sources */,
				8E36BFED2D869CCAF4C6BEDA /* LPAVideoInfo.mm in Sources */,
			);
			runOnlyForDeploymentPostprocessing = 0;
		};
		8AA938677D8F6631A68FD376 /* Sources */ = {
			isa = PBXSourcesBuildPhase;
			buildActionMask = 2147483647;
			files = (
			);
			runOnlyForDeploymentPostprocessing = 0;
		};
		EC62391E83037B976DBED95D /* Sources */ = {
			isa = PBXSourcesBuildPhase;
			buildActionMask = 2147483647;
			files = (
				570449B24A9B0D22DEF1D84E /* capture_quick_mode.cpp in Sources */,
				4A3DA4021220BD5CFCA90709 /* config_key_value.cpp in Sources */,
				10EE6ABFFF95CB1C4EB9B5F0 /* data_imp.cpp in Sources */,
				081F2EA3312D466AAAB6DEC9 /* lapse_setting_dlg_imp.cpp in Sources */,
				296C111F68DFE6DB81BC83EF /* lapse_setting_imp.cpp in Sources */,
				092E3DDBA0D644B779F91137 /* logic_imp.cpp in Sources */,
				3E4FB7478A4F8FBCD55AFB0F /* project_cell_imp.cpp in Sources */,
				11930F446B2D1024A40943CF /* project_list_imp.cpp in Sources */,
				575562EB08D26860A3D0D39F /* quick_mode_imp.cpp in Sources */,
				4D768B960F07B0D5DF8F9B4E /* ui_logic_imp.cpp in Sources */,
			);
			runOnlyForDeploymentPostprocessing = 0;
		};
/* End PBXSourcesBuildPhase section */

/* Begin PBXTargetDependency section */
		3C2DC5349B63572786B8819C /* PBXTargetDependency */ = {
			isa = PBXTargetDependency;
			name = sqlite3;
			targetProxy = 8D32A1C14A427A92DCC988E4 /* PBXContainerItemProxy */;
		};
		5E7E2727228E048B4D04F619 /* PBXTargetDependency */ = {
			isa = PBXTargetDependency;
			name = gtest;
			targetProxy = B75D9430FDB3940FDA7ED342 /* PBXContainerItemProxy */;
		};
		677F5B1179A5B131480A9FAA /* PBXTargetDependency */ = {
			isa = PBXTargetDependency;
			name = gearsbox;
			targetProxy = 850CE114F696CD7C59BBA3B0 /* PBXContainerItemProxy */;
		};
		6C45CD001563FD8B00CD91CC /* PBXTargetDependency */ = {
			isa = PBXTargetDependency;
			name = sqlite3;
			targetProxy = 59A7A1678006C17B9957A9D1 /* PBXContainerItemProxy */;
		};
		6C4A74E7CBB0F41083C0A47E /* PBXTargetDependency */ = {
			isa = PBXTargetDependency;
			name = libuv;
			targetProxy = C657B9D11F9032D6B078CE3B /* PBXContainerItemProxy */;
		};
		75A6E824D553AB0F001DDDF3 /* PBXTargetDependency */ = {
			isa = PBXTargetDependency;
			target = 55718AE1CAB4712D2FB225D2 /* test */;
			targetProxy = 48059F0ECCB8281577DA4ADA /* PBXContainerItemProxy */;
		};
		8D1AD4783BAE0840AC7D5847 /* PBXTargetDependency */ = {
			isa = PBXTargetDependency;
			name = test;
			targetProxy = E181B42DC8B102B11D14C125 /* PBXContainerItemProxy */;
		};
		95FBED1BF84D8FF193868D89 /* PBXTargetDependency */ = {
			isa = PBXTargetDependency;
			name = libuv;
			targetProxy = B154DBAFCF6957E80FF71B9C /* PBXContainerItemProxy */;
		};
		AD5D3C151D55B7F3532CEE5D /* PBXTargetDependency */ = {
			isa = PBXTargetDependency;
			name = gearsbox;
			targetProxy = 170C97065373C631441B3140 /* PBXContainerItemProxy */;
		};
		B40CEEBD718C5EF9CE51922D /* PBXTargetDependency */ = {
			isa = PBXTargetDependency;
			name = gtest;
			targetProxy = 1AA3B485D6EBDA15B50C6179 /* PBXContainerItemProxy */;
		};
		CE5059E89B895777C67E88F6 /* PBXTargetDependency */ = {
			isa = PBXTargetDependency;
			target = 8199A0A82622EEBC3DCECFE6 /* gtest */;
			targetProxy = AC6CA5E8518A185DF3F05029 /* PBXContainerItemProxy */;
		};
		D5E900EFB21F81385FF53FF6 /* PBXTargetDependency */ = {
			isa = PBXTargetDependency;
			target = 4CF24CD9BA7BAB17722BB209 /* lapse_objc */;
			targetProxy = 547CAE0C8B7D01D74E3AB337 /* PBXContainerItemProxy */;
		};
		E16201EBE8604F81917FFAC7 /* PBXTargetDependency */ = {
			isa = PBXTargetDependency;
			target = 542A4D2E29FF11826544DCBD /* lapse */;
			targetProxy = 3B395DDA3E5865520AF4E156 /* PBXContainerItemProxy */;
		};
		E942704EAE3CDF52BFE1D078 /* PBXTargetDependency */ = {
			isa = PBXTargetDependency;
			target = 542A4D2E29FF11826544DCBD /* lapse */;
			targetProxy = 4DB2CDE6773E0B34D33A4274 /* PBXContainerItemProxy */;
		};
		EDF2731451E501ECD51DF87F /* PBXTargetDependency */ = {
			isa = PBXTargetDependency;
			name = libcurl;
			targetProxy = E618FA4C89B5BAABFDFE66FF /* PBXContainerItemProxy */;
		};
		F118A031843A77FBEED74077 /* PBXTargetDependency */ = {
			isa = PBXTargetDependency;
			name = libcurl;
			targetProxy = 87C63D0D58DA78C8CD1211DE /* PBXContainerItemProxy */;
		};
		F33F8737F9E7922FD3EF9EB5 /* PBXTargetDependency */ = {
			isa = PBXTargetDependency;
			target = 542A4D2E29FF11826544DCBD /* lapse */;
			targetProxy = A7020DCD628B734D6652849C /* PBXContainerItemProxy */;
		};
/* End PBXTargetDependency section */

/* Begin XCBuildConfiguration section */
		0BF9C41B9205186E3FCAE858 /* Release */ = {
			isa = XCBuildConfiguration;
			buildSettings = {
				CLANG_CXX_LANGUAGE_STANDARD = "c++11";
				CLANG_CXX_LIBRARY = "libc++";
				CLANG_ENABLE_OBJC_ARC = YES;
				DEAD_CODE_STRIPPING = YES;
				EXECUTABLE_PREFIX = "";
				GCC_PREPROCESSOR_DEFINITIONS = (
					TEST_STAND_ALONE,
					GEARSBOX_TEST,
					"NDEBUG=1",
				);
				HEADER_SEARCH_PATHS = (
					.,
					gtest,
					"gearsbox/generated-src/cpp",
					gearsbox/interface,
					gearsbox/src/cpp/ui,
					gearsbox/deps/sqlite3,
					gearsbox/deps/curl,
					gearsbox/deps/curl/curl,
					"gearsbox/deps/gtest-1.7.0/include",
				);
				LIBRARY_SEARCH_PATHS = "";
				OTHER_CFLAGS = "-Wall";
				OTHER_CPLUSPLUSFLAGS = "-Wall";
				PRODUCT_NAME = gtest;
				SKIP_INSTALL = YES;
			};
			name = Release;
		};
		172D8AA32B0BE6EAA766BB40 /* Debug */ = {
			isa = XCBuildConfiguration;
			buildSettings = {
				CLANG_CXX_LANGUAGE_STANDARD = "c++11";
				CLANG_CXX_LIBRARY = "libc++";
				CLANG_ENABLE_OBJC_ARC = YES;
				DEAD_CODE_STRIPPING = YES;
				EXECUTABLE_PREFIX = lib;
				GCC_PREPROCESSOR_DEFINITIONS = "DEBUG=1";
				HEADER_SEARCH_PATHS = (
					"generated-src/cpp",
					src/cpp,
					gearsbox/src/cpp/ui,
					"gearsbox/generated-src/cpp",
					gearsbox/interface,
					gearsbox/deps/sqlite3,
					gearsbox/deps/curl,
					gearsbox/deps/curl/curl,
				);
				ONLY_ACTIVE_ARCH = YES;
				OTHER_CFLAGS = "-Wall";
				OTHER_CPLUSPLUSFLAGS = "-Wall";
				PRODUCT_NAME = lapse;
				SKIP_INSTALL = YES;
			};
			name = Debug;
		};
		45AA5D4CCDB4372B78643A72 /* Release */ = {
			isa = XCBuildConfiguration;
			buildSettings = {
				PRODUCT_NAME = All;
			};
			name = Release;
		};
		5B9AB995A81CC44B3880F264 /* Release */ = {
			isa = XCBuildConfiguration;
			buildSettings = {
				CLANG_CXX_LANGUAGE_STANDARD = "c++11";
				CLANG_CXX_LIBRARY = "libc++";
				CLANG_ENABLE_OBJC_ARC = YES;
				DEAD_CODE_STRIPPING = YES;
				EXECUTABLE_PREFIX = lib;
				GCC_PREPROCESSOR_DEFINITIONS = "NDEBUG=1";
				HEADER_SEARCH_PATHS = (
					"generated-src/objc",
					"generated-src/cpp",
					src/cpp,
					"gearsbox/deps/djinni/support-lib/objc",
					gearsbox/src/cpp/ui,
					"gearsbox/generated-src/cpp",
					gearsbox/interface,
					gearsbox/deps/sqlite3,
					gearsbox/deps/curl,
					gearsbox/deps/curl/curl,
					"gearsbox/generated-src/objc",
					gearsbox/src/objc,
					gearsbox/deps/ffmpeg/include,
				);
				OTHER_CFLAGS = "-Wall";
				OTHER_CPLUSPLUSFLAGS = "-Wall";
				PRODUCT_NAME = lapse_objc;
				SKIP_INSTALL = YES;
			};
			name = Release;
		};
		74092DB9FF13D33F5C5B95CB /* Debug */ = {
			isa = XCBuildConfiguration;
			buildSettings = {
				CLANG_CXX_LANGUAGE_STANDARD = "c++11";
				CLANG_CXX_LIBRARY = "libc++";
				CLANG_ENABLE_OBJC_ARC = YES;
				DEAD_CODE_STRIPPING = YES;
				EXECUTABLE_PREFIX = "";
				GCC_PREPROCESSOR_DEFINITIONS = "DEBUG=1";
				HEADER_SEARCH_PATHS = (
					.,
					"gearsbox/generated-src/cpp",
					gearsbox/interface,
					gearsbox/src/cpp/ui,
					gearsbox/deps/sqlite3,
					gearsbox/deps/curl,
					gearsbox/deps/curl/curl,
				);
				LIBRARY_SEARCH_PATHS = "";
				ONLY_ACTIVE_ARCH = YES;
				OTHER_CFLAGS = "-Wall";
				OTHER_CPLUSPLUSFLAGS = "-Wall";
				PRODUCT_NAME = test;
				SKIP_INSTALL = YES;
			};
			name = Debug;
		};
		A1EA326F17D4AA06F92BBF17 /* Debug */ = {
			isa = XCBuildConfiguration;
			buildSettings = {
				INTERMEDIATE_DIR = "$(PROJECT_DERIVED_FILE_DIR)/$(CONFIGURATION)";
				SHARED_INTERMEDIATE_DIR = "$(SYMROOT)/DerivedSources/$(CONFIGURATION)";
			};
			name = Debug;
		};
		B4163ED2BDA65B9AB70C2D8F /* Debug */ = {
			isa = XCBuildConfiguration;
			buildSettings = {
				CLANG_CXX_LANGUAGE_STANDARD = "c++11";
				CLANG_CXX_LIBRARY = "libc++";
				CLANG_ENABLE_OBJC_ARC = YES;
				DEAD_CODE_STRIPPING = YES;
				EXECUTABLE_PREFIX = "";
				GCC_PREPROCESSOR_DEFINITIONS = (
					TEST_STAND_ALONE,
					GEARSBOX_TEST,
					"DEBUG=1",
				);
				HEADER_SEARCH_PATHS = (
					.,
					gtest,
					"gearsbox/generated-src/cpp",
					gearsbox/interface,
					gearsbox/src/cpp/ui,
					gearsbox/deps/sqlite3,
					gearsbox/deps/curl,
					gearsbox/deps/curl/curl,
					"gearsbox/deps/gtest-1.7.0/include",
				);
				LIBRARY_SEARCH_PATHS = "";
				ONLY_ACTIVE_ARCH = YES;
				OTHER_CFLAGS = "-Wall";
				OTHER_CPLUSPLUSFLAGS = "-Wall";
				PRODUCT_NAME = gtest;
				SKIP_INSTALL = YES;
			};
			name = Debug;
		};
		CC3130E41772D965C80F0607 /* Release */ = {
			isa = XCBuildConfiguration;
			buildSettings = {
				INTERMEDIATE_DIR = "$(PROJECT_DERIVED_FILE_DIR)/$(CONFIGURATION)";
				SHARED_INTERMEDIATE_DIR = "$(SYMROOT)/DerivedSources/$(CONFIGURATION)";
			};
			name = Release;
		};
		DC86EA3D2E5D924E8EBFD8AF /* Release */ = {
			isa = XCBuildConfiguration;
			buildSettings = {
				CLANG_CXX_LANGUAGE_STANDARD = "c++11";
				CLANG_CXX_LIBRARY = "libc++";
				CLANG_ENABLE_OBJC_ARC = YES;
				DEAD_CODE_STRIPPING = YES;
				EXECUTABLE_PREFIX = "";
				GCC_PREPROCESSOR_DEFINITIONS = "NDEBUG=1";
				HEADER_SEARCH_PATHS = (
					.,
					"gearsbox/generated-src/cpp",
					gearsbox/interface,
					gearsbox/src/cpp/ui,
					gearsbox/deps/sqlite3,
					gearsbox/deps/curl,
					gearsbox/deps/curl/curl,
				);
				LIBRARY_SEARCH_PATHS = "";
				OTHER_CFLAGS = "-Wall";
				OTHER_CPLUSPLUSFLAGS = "-Wall";
				PRODUCT_NAME = test;
				SKIP_INSTALL = YES;
			};
			name = Release;
		};
		EB83D68A22F8B327F6354A8C /* Debug */ = {
			isa = XCBuildConfiguration;
			buildSettings = {
				PRODUCT_NAME = All;
			};
			name = Debug;
		};
		F3A026BBF382E94B5DDC6F64 /* Release */ = {
			isa = XCBuildConfiguration;
			buildSettings = {
				CLANG_CXX_LANGUAGE_STANDARD = "c++11";
				CLANG_CXX_LIBRARY = "libc++";
				CLANG_ENABLE_OBJC_ARC = YES;
				DEAD_CODE_STRIPPING = YES;
				EXECUTABLE_PREFIX = lib;
				GCC_PREPROCESSOR_DEFINITIONS = "NDEBUG=1";
				HEADER_SEARCH_PATHS = (
					"generated-src/cpp",
					src/cpp,
					gearsbox/src/cpp/ui,
					"gearsbox/generated-src/cpp",
					gearsbox/interface,
					gearsbox/deps/sqlite3,
					gearsbox/deps/curl,
					gearsbox/deps/curl/curl,
				);
				OTHER_CFLAGS = "-Wall";
				OTHER_CPLUSPLUSFLAGS = "-Wall";
				PRODUCT_NAME = lapse;
				SKIP_INSTALL = YES;
			};
			name = Release;
		};
		F48AED67338C0D72EFE727D6 /* Debug */ = {
			isa = XCBuildConfiguration;
			buildSettings = {
				CLANG_CXX_LANGUAGE_STANDARD = "c++11";
				CLANG_CXX_LIBRARY = "libc++";
				CLANG_ENABLE_OBJC_ARC = YES;
				DEAD_CODE_STRIPPING = YES;
				EXECUTABLE_PREFIX = lib;
				GCC_PREPROCESSOR_DEFINITIONS = "DEBUG=1";
				HEADER_SEARCH_PATHS = (
					"generated-src/objc",
					"generated-src/cpp",
					src/cpp,
					"gearsbox/deps/djinni/support-lib/objc",
					gearsbox/src/cpp/ui,
					"gearsbox/generated-src/cpp",
					gearsbox/interface,
					gearsbox/deps/sqlite3,
					gearsbox/deps/curl,
					gearsbox/deps/curl/curl,
					"gearsbox/generated-src/objc",
					gearsbox/src/objc,
					gearsbox/deps/ffmpeg/include,
				);
				ONLY_ACTIVE_ARCH = YES;
				OTHER_CFLAGS = "-Wall";
				OTHER_CPLUSPLUSFLAGS = "-Wall";
				PRODUCT_NAME = lapse_objc;
				SKIP_INSTALL = YES;
			};
			name = Debug;
		};
/* End XCBuildConfiguration section */

/* Begin XCConfigurationList section */
		518EF890C6E4C3632502C8C2 /* Build configuration list for PBXNativeTarget "lapse_objc" */ = {
			isa = XCConfigurationList;
			buildConfigurations = (
				F48AED67338C0D72EFE727D6 /* Debug */,
				5B9AB995A81CC44B3880F264 /* Release */,
			);
			defaultConfigurationIsVisible = 1;
			defaultConfigurationName = Debug;
		};
		8138FABB7E9195C4AB9D1D99 /* Build configuration list for PBXAggregateTarget "All" */ = {
			isa = XCConfigurationList;
			buildConfigurations = (
				EB83D68A22F8B327F6354A8C /* Debug */,
				45AA5D4CCDB4372B78643A72 /* Release */,
			);
			defaultConfigurationIsVisible = 1;
			defaultConfigurationName = Debug;
		};
		A5E8865742799BA3979398E9 /* Build configuration list for PBXProject "lapse" */ = {
			isa = XCConfigurationList;
			buildConfigurations = (
				A1EA326F17D4AA06F92BBF17 /* Debug */,
				CC3130E41772D965C80F0607 /* Release */,
			);
			defaultConfigurationIsVisible = 1;
			defaultConfigurationName = Debug;
		};
		AEF8B3B08F4C9430BE9899D8 /* Build configuration list for PBXNativeTarget "gtest" */ = {
			isa = XCConfigurationList;
			buildConfigurations = (
				B4163ED2BDA65B9AB70C2D8F /* Debug */,
				0BF9C41B9205186E3FCAE858 /* Release */,
			);
			defaultConfigurationIsVisible = 1;
			defaultConfigurationName = Debug;
		};
		D2E37B722B9BC7AA135ADD6C /* Build configuration list for PBXNativeTarget "lapse" */ = {
			isa = XCConfigurationList;
			buildConfigurations = (
				172D8AA32B0BE6EAA766BB40 /* Debug */,
				F3A026BBF382E94B5DDC6F64 /* Release */,
			);
			defaultConfigurationIsVisible = 1;
			defaultConfigurationName = Debug;
		};
		DFDFF914A7A7A171E8DB4A1D /* Build configuration list for PBXNativeTarget "test" */ = {
			isa = XCConfigurationList;
			buildConfigurations = (
				74092DB9FF13D33F5C5B95CB /* Debug */,
				DC86EA3D2E5D924E8EBFD8AF /* Release */,
			);
			defaultConfigurationIsVisible = 1;
			defaultConfigurationName = Debug;
		};
/* End XCConfigurationList section */
	};
	rootObject = D292D5DD9F327DC41BA52783 /* Project object */;
}
